// !$*UTF8*$!
{
	archiveVersion = 1;
	classes = {
	};
	objectVersion = 48;
	objects = {

/* Begin PBXBuildFile section */
		187A29721FD92641009D370F /* AppDelegate.m in Sources */ = {isa = PBXBuildFile; fileRef = 187A29711FD92641009D370F /* AppDelegate.m */; };
		187A29751FD92642009D370F /* ViewController.m in Sources */ = {isa = PBXBuildFile; fileRef = 187A29741FD92642009D370F /* ViewController.m */; };
		187A29781FD92642009D370F /* Main.storyboard in Resources */ = {isa = PBXBuildFile; fileRef = 187A29761FD92642009D370F /* Main.storyboard */; };
		187A297A1FD92642009D370F /* Assets.xcassets in Resources */ = {isa = PBXBuildFile; fileRef = 187A29791FD92642009D370F /* Assets.xcassets */; };
		187A297D1FD92642009D370F /* LaunchScreen.storyboard in Resources */ = {isa = PBXBuildFile; fileRef = 187A297B1FD92642009D370F /* LaunchScreen.storyboard */; };
		187A29801FD92642009D370F /* main.m in Sources */ = {isa = PBXBuildFile; fileRef = 187A297F1FD92642009D370F /* main.m */; };
		187A298A1FD92642009D370F /* iOS_____DemoTests.m in Sources */ = {isa = PBXBuildFile; fileRef = 187A29891FD92642009D370F /* iOS_____DemoTests.m */; };
		187A29951FD92642009D370F /* iOS_____DemoUITests.m in Sources */ = {isa = PBXBuildFile; fileRef = 187A29941FD92642009D370F /* iOS_____DemoUITests.m */; };
		272305EC7CE0CD67F2332DF9 /* libPods-iOS录音和播放DemoUITests.a in Frameworks */ = {isa = PBXBuildFile; fileRef = 21F86156EB566FAB451A72F3 /* libPods-iOS录音和播放DemoUITests.a */; };
		73EBC08157FAE0C39D196802 /* libPods-iOS录音和播放Demo.a in Frameworks */ = {isa = PBXBuildFile; fileRef = D4AB4FBD3C5F86C1587C06F7 /* libPods-iOS录音和播放Demo.a */; };
		C6377D67E68334804A1E5D11 /* libPods-iOS录音和播放DemoTests.a in Frameworks */ = {isa = PBXBuildFile; fileRef = A0AAAA73ACB6626A610144F5 /* libPods-iOS录音和播放DemoTests.a */; };
/* End PBXBuildFile section */

/* Begin PBXContainerItemProxy section */
		187A29861FD92642009D370F /* PBXContainerItemProxy */ = {
			isa = PBXContainerItemProxy;
			containerPortal = 187A29651FD92641009D370F /* Project object */;
			proxyType = 1;
			remoteGlobalIDString = 187A296C1FD92641009D370F;
			remoteInfo = "iOS录音和播放Demo";
		};
		187A29911FD92642009D370F /* PBXContainerItemProxy */ = {
			isa = PBXContainerItemProxy;
			containerPortal = 187A29651FD92641009D370F /* Project object */;
			proxyType = 1;
			remoteGlobalIDString = 187A296C1FD92641009D370F;
			remoteInfo = "iOS录音和播放Demo";
		};
/* End PBXContainerItemProxy section */

/* Begin PBXFileReference section */
		0B793EE8CCFC0A7F93EAF821 /* Pods-iOS录音和播放Demo.debug.xcconfig */ = {isa = PBXFileReference; includeInIndex = 1; lastKnownFileType = text.xcconfig; name = "Pods-iOS录音和播放Demo.debug.xcconfig"; path = "Pods/Target Support Files/Pods-iOS录音和播放Demo/Pods-iOS录音和播放Demo.debug.xcconfig"; sourceTree = "<group>"; };
		0E21FEAD5EF76CE11B7959DB /* Pods-iOS录音和播放DemoUITests.debug.xcconfig */ = {isa = PBXFileReference; includeInIndex = 1; lastKnownFileType = text.xcconfig; name = "Pods-iOS录音和播放DemoUITests.debug.xcconfig"; path = "Pods/Target Support Files/Pods-iOS录音和播放DemoUITests/Pods-iOS录音和播放DemoUITests.debug.xcconfig"; sourceTree = "<group>"; };
		187A296D1FD92641009D370F /* iOS录音和播放Demo.app */ = {isa = PBXFileReference; explicitFileType = wrapper.application; includeInIndex = 0; path = "iOS录音和播放Demo.app"; sourceTree = BUILT_PRODUCTS_DIR; };
		187A29701FD92641009D370F /* AppDelegate.h */ = {isa = PBXFileReference; lastKnownFileType = sourcecode.c.h; path = AppDelegate.h; sourceTree = "<group>"; };
		187A29711FD92641009D370F /* AppDelegate.m */ = {isa = PBXFileReference; lastKnownFileType = sourcecode.c.objc; path = AppDelegate.m; sourceTree = "<group>"; };
		187A29731FD92641009D370F /* ViewController.h */ = {isa = PBXFileReference; lastKnownFileType = sourcecode.c.h; path = ViewController.h; sourceTree = "<group>"; };
		187A29741FD92642009D370F /* ViewController.m */ = {isa = PBXFileReference; lastKnownFileType = sourcecode.c.objc; path = ViewController.m; sourceTree = "<group>"; };
		187A29771FD92642009D370F /* Base */ = {isa = PBXFileReference; lastKnownFileType = file.storyboard; name = Base; path = Base.lproj/Main.storyboard; sourceTree = "<group>"; };
		187A29791FD92642009D370F /* Assets.xcassets */ = {isa = PBXFileReference; lastKnownFileType = folder.assetcatalog; path = Assets.xcassets; sourceTree = "<group>"; };
		187A297C1FD92642009D370F /* Base */ = {isa = PBXFileReference; lastKnownFileType = file.storyboard; name = Base; path = Base.lproj/LaunchScreen.storyboard; sourceTree = "<group>"; };
		187A297E1FD92642009D370F /* Info.plist */ = {isa = PBXFileReference; lastKnownFileType = text.plist.xml; path = Info.plist; sourceTree = "<group>"; };
		187A297F1FD92642009D370F /* main.m */ = {isa = PBXFileReference; lastKnownFileType = sourcecode.c.objc; path = main.m; sourceTree = "<group>"; };
		187A29851FD92642009D370F /* iOS录音和播放DemoTests.xctest */ = {isa = PBXFileReference; explicitFileType = wrapper.cfbundle; includeInIndex = 0; path = "iOS录音和播放DemoTests.xctest"; sourceTree = BUILT_PRODUCTS_DIR; };
		187A29891FD92642009D370F /* iOS_____DemoTests.m */ = {isa = PBXFileReference; lastKnownFileType = sourcecode.c.objc; path = iOS_____DemoTests.m; sourceTree = "<group>"; };
		187A298B1FD92642009D370F /* Info.plist */ = {isa = PBXFileReference; lastKnownFileType = text.plist.xml; path = Info.plist; sourceTree = "<group>"; };
		187A29901FD92642009D370F /* iOS录音和播放DemoUITests.xctest */ = {isa = PBXFileReference; explicitFileType = wrapper.cfbundle; includeInIndex = 0; path = "iOS录音和播放DemoUITests.xctest"; sourceTree = BUILT_PRODUCTS_DIR; };
		187A29941FD92642009D370F /* iOS_____DemoUITests.m */ = {isa = PBXFileReference; lastKnownFileType = sourcecode.c.objc; path = iOS_____DemoUITests.m; sourceTree = "<group>"; };
		187A29961FD92642009D370F /* Info.plist */ = {isa = PBXFileReference; lastKnownFileType = text.plist.xml; path = Info.plist; sourceTree = "<group>"; };
		21F86156EB566FAB451A72F3 /* libPods-iOS录音和播放DemoUITests.a */ = {isa = PBXFileReference; explicitFileType = archive.ar; includeInIndex = 0; path = "libPods-iOS录音和播放DemoUITests.a"; sourceTree = BUILT_PRODUCTS_DIR; };
		56F97EC03A6139E77A209038 /* Pods-iOS录音和播放DemoTests.release.xcconfig */ = {isa = PBXFileReference; includeInIndex = 1; lastKnownFileType = text.xcconfig; name = "Pods-iOS录音和播放DemoTests.release.xcconfig"; path = "Pods/Target Support Files/Pods-iOS录音和播放DemoTests/Pods-iOS录音和播放DemoTests.release.xcconfig"; sourceTree = "<group>"; };
		84930BA962FF49A67711FEEF /* Pods-iOS录音和播放Demo.release.xcconfig */ = {isa = PBXFileReference; includeInIndex = 1; lastKnownFileType = text.xcconfig; name = "Pods-iOS录音和播放Demo.release.xcconfig"; path = "Pods/Target Support Files/Pods-iOS录音和播放Demo/Pods-iOS录音和播放Demo.release.xcconfig"; sourceTree = "<group>"; };
		A0AAAA73ACB6626A610144F5 /* libPods-iOS录音和播放DemoTests.a */ = {isa = PBXFileReference; explicitFileType = archive.ar; includeInIndex = 0; path = "libPods-iOS录音和播放DemoTests.a"; sourceTree = BUILT_PRODUCTS_DIR; };
		A6B35A0E6210D0BD0E448958 /* Pods-iOS录音和播放DemoTests.debug.xcconfig */ = {isa = PBXFileReference; includeInIndex = 1; lastKnownFileType = text.xcconfig; name = "Pods-iOS录音和播放DemoTests.debug.xcconfig"; path = "Pods/Target Support Files/Pods-iOS录音和播放DemoTests/Pods-iOS录音和播放DemoTests.debug.xcconfig"; sourceTree = "<group>"; };
		D0305E91DB022A07DD413B61 /* Pods-iOS录音和播放DemoUITests.release.xcconfig */ = {isa = PBXFileReference; includeInIndex = 1; lastKnownFileType = text.xcconfig; name = "Pods-iOS录音和播放DemoUITests.release.xcconfig"; path = "Pods/Target Support Files/Pods-iOS录音和播放DemoUITests/Pods-iOS录音和播放DemoUITests.release.xcconfig"; sourceTree = "<group>"; };
		D4AB4FBD3C5F86C1587C06F7 /* libPods-iOS录音和播放Demo.a */ = {isa = PBXFileReference; explicitFileType = archive.ar; includeInIndex = 0; path = "libPods-iOS录音和播放Demo.a"; sourceTree = BUILT_PRODUCTS_DIR; };
/* End PBXFileReference section */

/* Begin PBXFrameworksBuildPhase section */
		187A296A1FD92641009D370F /* Frameworks */ = {
			isa = PBXFrameworksBuildPhase;
			buildActionMask = 2147483647;
			files = (
				73EBC08157FAE0C39D196802 /* libPods-iOS录音和播放Demo.a in Frameworks */,
			);
			runOnlyForDeploymentPostprocessing = 0;
		};
		187A29821FD92642009D370F /* Frameworks */ = {
			isa = PBXFrameworksBuildPhase;
			buildActionMask = 2147483647;
			files = (
				C6377D67E68334804A1E5D11 /* libPods-iOS录音和播放DemoTests.a in Frameworks */,
			);
			runOnlyForDeploymentPostprocessing = 0;
		};
		187A298D1FD92642009D370F /* Frameworks */ = {
			isa = PBXFrameworksBuildPhase;
			buildActionMask = 2147483647;
			files = (
				272305EC7CE0CD67F2332DF9 /* libPods-iOS录音和播放DemoUITests.a in Frameworks */,
			);
			runOnlyForDeploymentPostprocessing = 0;
		};
/* End PBXFrameworksBuildPhase section */

/* Begin PBXGroup section */
		187A29641FD92641009D370F = {
			isa = PBXGroup;
			children = (
				187A296F1FD92641009D370F /* iOS录音和播放Demo */,
				187A29881FD92642009D370F /* iOS录音和播放DemoTests */,
				187A29931FD92642009D370F /* iOS录音和播放DemoUITests */,
				187A296E1FD92641009D370F /* Products */,
				D7AA4183F59BAEF99320D1BE /* Pods */,
				7BE6881DBA9F43BB82823421 /* Frameworks */,
			);
			sourceTree = "<group>";
		};
		187A296E1FD92641009D370F /* Products */ = {
			isa = PBXGroup;
			children = (
				187A296D1FD92641009D370F /* iOS录音和播放Demo.app */,
				187A29851FD92642009D370F /* iOS录音和播放DemoTests.xctest */,
				187A29901FD92642009D370F /* iOS录音和播放DemoUITests.xctest */,
			);
			name = Products;
			sourceTree = "<group>";
		};
		187A296F1FD92641009D370F /* iOS录音和播放Demo */ = {
			isa = PBXGroup;
			children = (
				187A29701FD92641009D370F /* AppDelegate.h */,
				187A29711FD92641009D370F /* AppDelegate.m */,
				187A29731FD92641009D370F /* ViewController.h */,
				187A29741FD92642009D370F /* ViewController.m */,
				187A29761FD92642009D370F /* Main.storyboard */,
				187A29791FD92642009D370F /* Assets.xcassets */,
				187A297B1FD92642009D370F /* LaunchScreen.storyboard */,
				187A297E1FD92642009D370F /* Info.plist */,
				187A297F1FD92642009D370F /* main.m */,
			);
			path = "iOS录音和播放Demo";
			sourceTree = "<group>";
		};
		187A29881FD92642009D370F /* iOS录音和播放DemoTests */ = {
			isa = PBXGroup;
			children = (
				187A29891FD92642009D370F /* iOS_____DemoTests.m */,
				187A298B1FD92642009D370F /* Info.plist */,
			);
			path = "iOS录音和播放DemoTests";
			sourceTree = "<group>";
		};
		187A29931FD92642009D370F /* iOS录音和播放DemoUITests */ = {
			isa = PBXGroup;
			children = (
				187A29941FD92642009D370F /* iOS_____DemoUITests.m */,
				187A29961FD92642009D370F /* Info.plist */,
			);
			path = "iOS录音和播放DemoUITests";
			sourceTree = "<group>";
		};
		7BE6881DBA9F43BB82823421 /* Frameworks */ = {
			isa = PBXGroup;
			children = (
				D4AB4FBD3C5F86C1587C06F7 /* libPods-iOS录音和播放Demo.a */,
				A0AAAA73ACB6626A610144F5 /* libPods-iOS录音和播放DemoTests.a */,
				21F86156EB566FAB451A72F3 /* libPods-iOS录音和播放DemoUITests.a */,
			);
			name = Frameworks;
			sourceTree = "<group>";
		};
		D7AA4183F59BAEF99320D1BE /* Pods */ = {
			isa = PBXGroup;
			children = (
				0B793EE8CCFC0A7F93EAF821 /* Pods-iOS录音和播放Demo.debug.xcconfig */,
				84930BA962FF49A67711FEEF /* Pods-iOS录音和播放Demo.release.xcconfig */,
				A6B35A0E6210D0BD0E448958 /* Pods-iOS录音和播放DemoTests.debug.xcconfig */,
				56F97EC03A6139E77A209038 /* Pods-iOS录音和播放DemoTests.release.xcconfig */,
				0E21FEAD5EF76CE11B7959DB /* Pods-iOS录音和播放DemoUITests.debug.xcconfig */,
				D0305E91DB022A07DD413B61 /* Pods-iOS录音和播放DemoUITests.release.xcconfig */,
			);
			name = Pods;
			sourceTree = "<group>";
		};
/* End PBXGroup section */

/* Begin PBXNativeTarget section */
		187A296C1FD92641009D370F /* iOS录音和播放Demo */ = {
			isa = PBXNativeTarget;
			buildConfigurationList = 187A29991FD92642009D370F /* Build configuration list for PBXNativeTarget "iOS录音和播放Demo" */;
			buildPhases = (
				42EED9A8D14CF63849C819E7 /* [CP] Check Pods Manifest.lock */,
				187A29691FD92641009D370F /* Sources */,
				187A296A1FD92641009D370F /* Frameworks */,
				187A296B1FD92641009D370F /* Resources */,
				7D32BF2DF93B04F00A02827C /* [CP] Embed Pods Frameworks */,
				714A4CD18DC468CEC72C6119 /* [CP] Copy Pods Resources */,
			);
			buildRules = (
			);
			dependencies = (
			);
			name = "iOS录音和播放Demo";
			productName = "iOS录音和播放Demo";
			productReference = 187A296D1FD92641009D370F /* iOS录音和播放Demo.app */;
			productType = "com.apple.product-type.application";
		};
		187A29841FD92642009D370F /* iOS录音和播放DemoTests */ = {
			isa = PBXNativeTarget;
			buildConfigurationList = 187A299C1FD92642009D370F /* Build configuration list for PBXNativeTarget "iOS录音和播放DemoTests" */;
			buildPhases = (
				18D726F46FE30F4F9B62E764 /* [CP] Check Pods Manifest.lock */,
				187A29811FD92642009D370F /* Sources */,
				187A29821FD92642009D370F /* Frameworks */,
				187A29831FD92642009D370F /* Resources */,
				240CF4AB01EF99FE6DF8446E /* [CP] Embed Pods Frameworks */,
				5522C6DF0724980B5DF180E3 /* [CP] Copy Pods Resources */,
			);
			buildRules = (
			);
			dependencies = (
				187A29871FD92642009D370F /* PBXTargetDependency */,
			);
			name = "iOS录音和播放DemoTests";
			productName = "iOS录音和播放DemoTests";
			productReference = 187A29851FD92642009D370F /* iOS录音和播放DemoTests.xctest */;
			productType = "com.apple.product-type.bundle.unit-test";
		};
		187A298F1FD92642009D370F /* iOS录音和播放DemoUITests */ = {
			isa = PBXNativeTarget;
			buildConfigurationList = 187A299F1FD92642009D370F /* Build configuration list for PBXNativeTarget "iOS录音和播放DemoUITests" */;
			buildPhases = (
				907487294689DECC7E9329A2 /* [CP] Check Pods Manifest.lock */,
				187A298C1FD92642009D370F /* Sources */,
				187A298D1FD92642009D370F /* Frameworks */,
				187A298E1FD92642009D370F /* Resources */,
				FE6513D73A7541D510F5BA8E /* [CP] Embed Pods Frameworks */,
				6E19E32248A7B6238D4B14F8 /* [CP] Copy Pods Resources */,
			);
			buildRules = (
			);
			dependencies = (
				187A29921FD92642009D370F /* PBXTargetDependency */,
			);
			name = "iOS录音和播放DemoUITests";
			productName = "iOS录音和播放DemoUITests";
			productReference = 187A29901FD92642009D370F /* iOS录音和播放DemoUITests.xctest */;
			productType = "com.apple.product-type.bundle.ui-testing";
		};
/* End PBXNativeTarget section */

/* Begin PBXProject section */
		187A29651FD92641009D370F /* Project object */ = {
			isa = PBXProject;
			attributes = {
				LastUpgradeCheck = 0910;
				ORGANIZATIONNAME = cy;
				TargetAttributes = {
					187A296C1FD92641009D370F = {
						CreatedOnToolsVersion = 9.1;
						ProvisioningStyle = Automatic;
					};
					187A29841FD92642009D370F = {
						CreatedOnToolsVersion = 9.1;
						ProvisioningStyle = Automatic;
						TestTargetID = 187A296C1FD92641009D370F;
					};
					187A298F1FD92642009D370F = {
						CreatedOnToolsVersion = 9.1;
						ProvisioningStyle = Automatic;
						TestTargetID = 187A296C1FD92641009D370F;
					};
				};
			};
			buildConfigurationList = 187A29681FD92641009D370F /* Build configuration list for PBXProject "iOS录音和播放Demo" */;
			compatibilityVersion = "Xcode 8.0";
			developmentRegion = en;
			hasScannedForEncodings = 0;
			knownRegions = (
				en,
				Base,
			);
			mainGroup = 187A29641FD92641009D370F;
			productRefGroup = 187A296E1FD92641009D370F /* Products */;
			projectDirPath = "";
			projectRoot = "";
			targets = (
				187A296C1FD92641009D370F /* iOS录音和播放Demo */,
				187A29841FD92642009D370F /* iOS录音和播放DemoTests */,
				187A298F1FD92642009D370F /* iOS录音和播放DemoUITests */,
			);
		};
/* End PBXProject section */

/* Begin PBXResourcesBuildPhase section */
		187A296B1FD92641009D370F /* Resources */ = {
			isa = PBXResourcesBuildPhase;
			buildActionMask = 2147483647;
			files = (
				187A297D1FD92642009D370F /* LaunchScreen.storyboard in Resources */,
				187A297A1FD92642009D370F /* Assets.xcassets in Resources */,
				187A29781FD92642009D370F /* Main.storyboard in Resources */,
			);
			runOnlyForDeploymentPostprocessing = 0;
		};
		187A29831FD92642009D370F /* Resources */ = {
			isa = PBXResourcesBuildPhase;
			buildActionMask = 2147483647;
			files = (
			);
			runOnlyForDeploymentPostprocessing = 0;
		};
		187A298E1FD92642009D370F /* Resources */ = {
			isa = PBXResourcesBuildPhase;
			buildActionMask = 2147483647;
			files = (
			);
			runOnlyForDeploymentPostprocessing = 0;
		};
/* End PBXResourcesBuildPhase section */

/* Begin PBXShellScriptBuildPhase section */
		18D726F46FE30F4F9B62E764 /* [CP] Check Pods Manifest.lock */ = {
			isa = PBXShellScriptBuildPhase;
			buildActionMask = 2147483647;
			files = (
			);
			inputPaths = (
				"${PODS_PODFILE_DIR_PATH}/Podfile.lock",
				"${PODS_ROOT}/Manifest.lock",
			);
			name = "[CP] Check Pods Manifest.lock";
			outputPaths = (
				"$(DERIVED_FILE_DIR)/Pods-iOS录音和播放DemoTests-checkManifestLockResult.txt",
			);
			runOnlyForDeploymentPostprocessing = 0;
			shellPath = /bin/sh;
			shellScript = "diff \"${PODS_PODFILE_DIR_PATH}/Podfile.lock\" \"${PODS_ROOT}/Manifest.lock\" > /dev/null\nif [ $? != 0 ] ; then\n    # print error to STDERR\n    echo \"error: The sandbox is not in sync with the Podfile.lock. Run 'pod install' or update your CocoaPods installation.\" >&2\n    exit 1\nfi\n# This output is used by Xcode 'outputs' to avoid re-running this script phase.\necho \"SUCCESS\" > \"${SCRIPT_OUTPUT_FILE_0}\"\n";
			showEnvVarsInLog = 0;
		};
		240CF4AB01EF99FE6DF8446E /* [CP] Embed Pods Frameworks */ = {
			isa = PBXShellScriptBuildPhase;
			buildActionMask = 2147483647;
			files = (
			);
			inputPaths = (
			);
			name = "[CP] Embed Pods Frameworks";
			outputPaths = (
			);
			runOnlyForDeploymentPostprocessing = 0;
			shellPath = /bin/sh;
			shellScript = "\"${SRCROOT}/Pods/Target Support Files/Pods-iOS录音和播放DemoTests/Pods-iOS录音和播放DemoTests-frameworks.sh\"\n";
			showEnvVarsInLog = 0;
		};
		42EED9A8D14CF63849C819E7 /* [CP] Check Pods Manifest.lock */ = {
			isa = PBXShellScriptBuildPhase;
			buildActionMask = 2147483647;
			files = (
			);
			inputPaths = (
				"${PODS_PODFILE_DIR_PATH}/Podfile.lock",
				"${PODS_ROOT}/Manifest.lock",
			);
			name = "[CP] Check Pods Manifest.lock";
			outputPaths = (
				"$(DERIVED_FILE_DIR)/Pods-iOS录音和播放Demo-checkManifestLockResult.txt",
			);
			runOnlyForDeploymentPostprocessing = 0;
			shellPath = /bin/sh;
			shellScript = "diff \"${PODS_PODFILE_DIR_PATH}/Podfile.lock\" \"${PODS_ROOT}/Manifest.lock\" > /dev/null\nif [ $? != 0 ] ; then\n    # print error to STDERR\n    echo \"error: The sandbox is not in sync with the Podfile.lock. Run 'pod install' or update your CocoaPods installation.\" >&2\n    exit 1\nfi\n# This output is used by Xcode 'outputs' to avoid re-running this script phase.\necho \"SUCCESS\" > \"${SCRIPT_OUTPUT_FILE_0}\"\n";
			showEnvVarsInLog = 0;
		};
		5522C6DF0724980B5DF180E3 /* [CP] Copy Pods Resources */ = {
			isa = PBXShellScriptBuildPhase;
			buildActionMask = 2147483647;
			files = (
			);
			inputPaths = (
			);
			name = "[CP] Copy Pods Resources";
			outputPaths = (
			);
			runOnlyForDeploymentPostprocessing = 0;
			shellPath = /bin/sh;
			shellScript = "\"${SRCROOT}/Pods/Target Support Files/Pods-iOS录音和播放DemoTests/Pods-iOS录音和播放DemoTests-resources.sh\"\n";
			showEnvVarsInLog = 0;
		};
		6E19E32248A7B6238D4B14F8 /* [CP] Copy Pods Resources */ = {
			isa = PBXShellScriptBuildPhase;
			buildActionMask = 2147483647;
			files = (
			);
			inputPaths = (
			);
			name = "[CP] Copy Pods Resources";
			outputPaths = (
			);
			runOnlyForDeploymentPostprocessing = 0;
			shellPath = /bin/sh;
			shellScript = "\"${SRCROOT}/Pods/Target Support Files/Pods-iOS录音和播放DemoUITests/Pods-iOS录音和播放DemoUITests-resources.sh\"\n";
			showEnvVarsInLog = 0;
		};
		714A4CD18DC468CEC72C6119 /* [CP] Copy Pods Resources */ = {
			isa = PBXShellScriptBuildPhase;
			buildActionMask = 2147483647;
			files = (
			);
			inputPaths = (
			);
			name = "[CP] Copy Pods Resources";
			outputPaths = (
			);
			runOnlyForDeploymentPostprocessing = 0;
			shellPath = /bin/sh;
			shellScript = "\"${SRCROOT}/Pods/Target Support Files/Pods-iOS录音和播放Demo/Pods-iOS录音和播放Demo-resources.sh\"\n";
			showEnvVarsInLog = 0;
		};
		7D32BF2DF93B04F00A02827C /* [CP] Embed Pods Frameworks */ = {
			isa = PBXShellScriptBuildPhase;
			buildActionMask = 2147483647;
			files = (
			);
			inputPaths = (
			);
			name = "[CP] Embed Pods Frameworks";
			outputPaths = (
			);
			runOnlyForDeploymentPostprocessing = 0;
			shellPath = /bin/sh;
			shellScript = "\"${SRCROOT}/Pods/Target Support Files/Pods-iOS录音和播放Demo/Pods-iOS录音和播放Demo-frameworks.sh\"\n";
			showEnvVarsInLog = 0;
		};
		907487294689DECC7E9329A2 /* [CP] Check Pods Manifest.lock */ = {
			isa = PBXShellScriptBuildPhase;
			buildActionMask = 2147483647;
			files = (
			);
			inputPaths = (
				"${PODS_PODFILE_DIR_PATH}/Podfile.lock",
				"${PODS_ROOT}/Manifest.lock",
			);
			name = "[CP] Check Pods Manifest.lock";
			outputPaths = (
				"$(DERIVED_FILE_DIR)/Pods-iOS录音和播放DemoUITests-checkManifestLockResult.txt",
			);
			runOnlyForDeploymentPostprocessing = 0;
			shellPath = /bin/sh;
			shellScript = "diff \"${PODS_PODFILE_DIR_PATH}/Podfile.lock\" \"${PODS_ROOT}/Manifest.lock\" > /dev/null\nif [ $? != 0 ] ; then\n    # print error to STDERR\n    echo \"error: The sandbox is not in sync with the Podfile.lock. Run 'pod install' or update your CocoaPods installation.\" >&2\n    exit 1\nfi\n# This output is used by Xcode 'outputs' to avoid re-running this script phase.\necho \"SUCCESS\" > \"${SCRIPT_OUTPUT_FILE_0}\"\n";
			showEnvVarsInLog = 0;
		};
		FE6513D73A7541D510F5BA8E /* [CP] Embed Pods Frameworks */ = {
			isa = PBXShellScriptBuildPhase;
			buildActionMask = 2147483647;
			files = (
			);
			inputPaths = (
			);
			name = "[CP] Embed Pods Frameworks";
			outputPaths = (
			);
			runOnlyForDeploymentPostprocessing = 0;
			shellPath = /bin/sh;
			shellScript = "\"${SRCROOT}/Pods/Target Support Files/Pods-iOS录音和播放DemoUITests/Pods-iOS录音和播放DemoUITests-frameworks.sh\"\n";
			showEnvVarsInLog = 0;
		};
/* End PBXShellScriptBuildPhase section */

/* Begin PBXSourcesBuildPhase section */
		187A29691FD92641009D370F /* Sources */ = {
			isa = PBXSourcesBuildPhase;
			buildActionMask = 2147483647;
			files = (
				187A29751FD92642009D370F /* ViewController.m in Sources */,
				187A29801FD92642009D370F /* main.m in Sources */,
				187A29721FD92641009D370F /* AppDelegate.m in Sources */,
			);
			runOnlyForDeploymentPostprocessing = 0;
		};
		187A29811FD92642009D370F /* Sources */ = {
			isa = PBXSourcesBuildPhase;
			buildActionMask = 2147483647;
			files = (
				187A298A1FD92642009D370F /* iOS_____DemoTests.m in Sources */,
			);
			runOnlyForDeploymentPostprocessing = 0;
		};
		187A298C1FD92642009D370F /* Sources */ = {
			isa = PBXSourcesBuildPhase;
			buildActionMask = 2147483647;
			files = (
				187A29951FD92642009D370F /* iOS_____DemoUITests.m in Sources */,
			);
			runOnlyForDeploymentPostprocessing = 0;
		};
/* End PBXSourcesBuildPhase section */

/* Begin PBXTargetDependency section */
		187A29871FD92642009D370F /* PBXTargetDependency */ = {
			isa = PBXTargetDependency;
			target = 187A296C1FD92641009D370F /* iOS录音和播放Demo */;
			targetProxy = 187A29861FD92642009D370F /* PBXContainerItemProxy */;
		};
		187A29921FD92642009D370F /* PBXTargetDependency */ = {
			isa = PBXTargetDependency;
			target = 187A296C1FD92641009D370F /* iOS录音和播放Demo */;
			targetProxy = 187A29911FD92642009D370F /* PBXContainerItemProxy */;
		};
/* End PBXTargetDependency section */

/* Begin PBXVariantGroup section */
		187A29761FD92642009D370F /* Main.storyboard */ = {
			isa = PBXVariantGroup;
			children = (
				187A29771FD92642009D370F /* Base */,
			);
			name = Main.storyboard;
			sourceTree = "<group>";
		};
		187A297B1FD92642009D370F /* LaunchScreen.storyboard */ = {
			isa = PBXVariantGroup;
			children = (
				187A297C1FD92642009D370F /* Base */,
			);
			name = LaunchScreen.storyboard;
			sourceTree = "<group>";
		};
/* End PBXVariantGroup section */

/* Begin XCBuildConfiguration section */
		187A29971FD92642009D370F /* Debug */ = {
			isa = XCBuildConfiguration;
			buildSettings = {
				ALWAYS_SEARCH_USER_PATHS = NO;
				CLANG_ANALYZER_NONNULL = YES;
				CLANG_ANALYZER_NUMBER_OBJECT_CONVERSION = YES_AGGRESSIVE;
				CLANG_CXX_LANGUAGE_STANDARD = "gnu++14";
				CLANG_CXX_LIBRARY = "libc++";
				CLANG_ENABLE_MODULES = YES;
				CLANG_ENABLE_OBJC_ARC = YES;
				CLANG_WARN_BLOCK_CAPTURE_AUTORELEASING = YES;
				CLANG_WARN_BOOL_CONVERSION = YES;
				CLANG_WARN_COMMA = YES;
				CLANG_WARN_CONSTANT_CONVERSION = YES;
				CLANG_WARN_DIRECT_OBJC_ISA_USAGE = YES_ERROR;
				CLANG_WARN_DOCUMENTATION_COMMENTS = YES;
				CLANG_WARN_EMPTY_BODY = YES;
				CLANG_WARN_ENUM_CONVERSION = YES;
				CLANG_WARN_INFINITE_RECURSION = YES;
				CLANG_WARN_INT_CONVERSION = YES;
				CLANG_WARN_NON_LITERAL_NULL_CONVERSION = YES;
				CLANG_WARN_OBJC_LITERAL_CONVERSION = YES;
				CLANG_WARN_OBJC_ROOT_CLASS = YES_ERROR;
				CLANG_WARN_RANGE_LOOP_ANALYSIS = YES;
				CLANG_WARN_STRICT_PROTOTYPES = YES;
				CLANG_WARN_SUSPICIOUS_MOVE = YES;
				CLANG_WARN_UNGUARDED_AVAILABILITY = YES_AGGRESSIVE;
				CLANG_WARN_UNREACHABLE_CODE = YES;
				CLANG_WARN__DUPLICATE_METHOD_MATCH = YES;
				CODE_SIGN_IDENTITY = "iPhone Developer";
				COPY_PHASE_STRIP = NO;
				DEBUG_INFORMATION_FORMAT = dwarf;
				ENABLE_STRICT_OBJC_MSGSEND = YES;
				ENABLE_TESTABILITY = YES;
				GCC_C_LANGUAGE_STANDARD = gnu11;
				GCC_DYNAMIC_NO_PIC = NO;
				GCC_NO_COMMON_BLOCKS = YES;
				GCC_OPTIMIZATION_LEVEL = 0;
				GCC_PREPROCESSOR_DEFINITIONS = (
					"DEBUG=1",
					"$(inherited)",
				);
				GCC_WARN_64_TO_32_BIT_CONVERSION = YES;
				GCC_WARN_ABOUT_RETURN_TYPE = YES_ERROR;
				GCC_WARN_UNDECLARED_SELECTOR = YES;
				GCC_WARN_UNINITIALIZED_AUTOS = YES_AGGRESSIVE;
				GCC_WARN_UNUSED_FUNCTION = YES;
				GCC_WARN_UNUSED_VARIABLE = YES;
				IPHONEOS_DEPLOYMENT_TARGET = 11.1;
				MTL_ENABLE_DEBUG_INFO = YES;
				ONLY_ACTIVE_ARCH = YES;
				SDKROOT = iphoneos;
			};
			name = Debug;
		};
		187A29981FD92642009D370F /* Release */ = {
			isa = XCBuildConfiguration;
			buildSettings = {
				ALWAYS_SEARCH_USER_PATHS = NO;
				CLANG_ANALYZER_NONNULL = YES;
				CLANG_ANALYZER_NUMBER_OBJECT_CONVERSION = YES_AGGRESSIVE;
				CLANG_CXX_LANGUAGE_STANDARD = "gnu++14";
				CLANG_CXX_LIBRARY = "libc++";
				CLANG_ENABLE_MODULES = YES;
				CLANG_ENABLE_OBJC_ARC = YES;
				CLANG_WARN_BLOCK_CAPTURE_AUTORELEASING = YES;
				CLANG_WARN_BOOL_CONVERSION = YES;
				CLANG_WARN_COMMA = YES;
				CLANG_WARN_CONSTANT_CONVERSION = YES;
				CLANG_WARN_DIRECT_OBJC_ISA_USAGE = YES_ERROR;
				CLANG_WARN_DOCUMENTATION_COMMENTS = YES;
				CLANG_WARN_EMPTY_BODY = YES;
				CLANG_WARN_ENUM_CONVERSION = YES;
				CLANG_WARN_INFINITE_RECURSION = YES;
				CLANG_WARN_INT_CONVERSION = YES;
				CLANG_WARN_NON_LITERAL_NULL_CONVERSION = YES;
				CLANG_WARN_OBJC_LITERAL_CONVERSION = YES;
				CLANG_WARN_OBJC_ROOT_CLASS = YES_ERROR;
				CLANG_WARN_RANGE_LOOP_ANALYSIS = YES;
				CLANG_WARN_STRICT_PROTOTYPES = YES;
				CLANG_WARN_SUSPICIOUS_MOVE = YES;
				CLANG_WARN_UNGUARDED_AVAILABILITY = YES_AGGRESSIVE;
				CLANG_WARN_UNREACHABLE_CODE = YES;
				CLANG_WARN__DUPLICATE_METHOD_MATCH = YES;
				CODE_SIGN_IDENTITY = "iPhone Developer";
				COPY_PHASE_STRIP = NO;
				DEBUG_INFORMATION_FORMAT = "dwarf-with-dsym";
				ENABLE_NS_ASSERTIONS = NO;
				ENABLE_STRICT_OBJC_MSGSEND = YES;
				GCC_C_LANGUAGE_STANDARD = gnu11;
				GCC_NO_COMMON_BLOCKS = YES;
				GCC_WARN_64_TO_32_BIT_CONVERSION = YES;
				GCC_WARN_ABOUT_RETURN_TYPE = YES_ERROR;
				GCC_WARN_UNDECLARED_SELECTOR = YES;
				GCC_WARN_UNINITIALIZED_AUTOS = YES_AGGRESSIVE;
				GCC_WARN_UNUSED_FUNCTION = YES;
				GCC_WARN_UNUSED_VARIABLE = YES;
				IPHONEOS_DEPLOYMENT_TARGET = 11.1;
				MTL_ENABLE_DEBUG_INFO = NO;
				SDKROOT = iphoneos;
				VALIDATE_PRODUCT = YES;
			};
			name = Release;
		};
		187A299A1FD92642009D370F /* Debug */ = {
			isa = XCBuildConfiguration;
			baseConfigurationReference = 0B793EE8CCFC0A7F93EAF821 /* Pods-iOS录音和播放Demo.debug.xcconfig */;
			buildSettings = {
				ASSETCATALOG_COMPILER_APPICON_NAME = AppIcon;
				CODE_SIGN_STYLE = Automatic;
				DEVELOPMENT_TEAM = V7JMQ7E4P3;
				INFOPLIST_FILE = "iOS录音和播放Demo/Info.plist";
				IPHONEOS_DEPLOYMENT_TARGET = 10.0;
				LD_RUNPATH_SEARCH_PATHS = "$(inherited) @executable_path/Frameworks";
				PRODUCT_BUNDLE_IDENTIFIER = HongShang.ML;
				PRODUCT_NAME = "$(TARGET_NAME)";
				TARGETED_DEVICE_FAMILY = "1,2";
			};
			name = Debug;
		};
		187A299B1FD92642009D370F /* Release */ = {
			isa = XCBuildConfiguration;
			baseConfigurationReference = 84930BA962FF49A67711FEEF /* Pods-iOS录音和播放Demo.release.xcconfig */;
			buildSettings = {
				ASSETCATALOG_COMPILER_APPICON_NAME = AppIcon;
				CODE_SIGN_STYLE = Automatic;
				DEVELOPMENT_TEAM = V7JMQ7E4P3;
				INFOPLIST_FILE = "iOS录音和播放Demo/Info.plist";
				IPHONEOS_DEPLOYMENT_TARGET = 10.0;
				LD_RUNPATH_SEARCH_PATHS = "$(inherited) @executable_path/Frameworks";
				PRODUCT_BUNDLE_IDENTIFIER = HongShang.ML;
				PRODUCT_NAME = "$(TARGET_NAME)";
				TARGETED_DEVICE_FAMILY = "1,2";
			};
			name = Release;
		};
		187A299D1FD92642009D370F /* Debug */ = {
			isa = XCBuildConfiguration;
			baseConfigurationReference = A6B35A0E6210D0BD0E448958 /* Pods-iOS录音和播放DemoTests.debug.xcconfig */;
			buildSettings = {
				BUNDLE_LOADER = "$(TEST_HOST)";
				CODE_SIGN_STYLE = Automatic;
				DEVELOPMENT_TEAM = V7JMQ7E4P3;
				INFOPLIST_FILE = "iOS录音和播放DemoTests/Info.plist";
				LD_RUNPATH_SEARCH_PATHS = "$(inherited) @executable_path/Frameworks @loader_path/Frameworks";
				PRODUCT_BUNDLE_IDENTIFIER = "cy.iOS-----DemoTests";
				PRODUCT_NAME = "$(TARGET_NAME)";
				TARGETED_DEVICE_FAMILY = "1,2";
				TEST_HOST = "$(BUILT_PRODUCTS_DIR)/iOS录音和播放Demo.app/iOS录音和播放Demo";
			};
			name = Debug;
		};
		187A299E1FD92642009D370F /* Release */ = {
			isa = XCBuildConfiguration;
			baseConfigurationReference = 56F97EC03A6139E77A209038 /* Pods-iOS录音和播放DemoTests.release.xcconfig */;
			buildSettings = {
				BUNDLE_LOADER = "$(TEST_HOST)";
				CODE_SIGN_STYLE = Automatic;
				DEVELOPMENT_TEAM = V7JMQ7E4P3;
				INFOPLIST_FILE = "iOS录音和播放DemoTests/Info.plist";
				LD_RUNPATH_SEARCH_PATHS = "$(inherited) @executable_path/Frameworks @loader_path/Frameworks";
				PRODUCT_BUNDLE_IDENTIFIER = "cy.iOS-----DemoTests";
				PRODUCT_NAME = "$(TARGET_NAME)";
				TARGETED_DEVICE_FAMILY = "1,2";
				TEST_HOST = "$(BUILT_PRODUCTS_DIR)/iOS录音和播放Demo.app/iOS录音和播放Demo";
			};
			name = Release;
		};
		187A29A01FD92642009D370F /* Debug */ = {
			isa = XCBuildConfiguration;
			baseConfigurationReference = 0E21FEAD5EF76CE11B7959DB /* Pods-iOS录音和播放DemoUITests.debug.xcconfig */;
			buildSettings = {
				CODE_SIGN_STYLE = Automatic;
				DEVELOPMENT_TEAM = V7JMQ7E4P3;
				INFOPLIST_FILE = "iOS录音和播放DemoUITests/Info.plist";
				LD_RUNPATH_SEARCH_PATHS = "$(inherited) @executable_path/Frameworks @loader_path/Frameworks";
				PRODUCT_BUNDLE_IDENTIFIER = "cy.iOS-----DemoUITests";
				PRODUCT_NAME = "$(TARGET_NAME)";
				TARGETED_DEVICE_FAMILY = "1,2";
				TEST_TARGET_NAME = "iOS录音和播放Demo";
			};
			name = Debug;
		};
		187A29A11FD92642009D370F /* Release */ = {
			isa = XCBuildConfiguration;
			baseConfigurationReference = D0305E91DB022A07DD413B61 /* Pods-iOS录音和播放DemoUITests.release.xcconfig */;
			buildSettings = {
				CODE_SIGN_STYLE = Automatic;
				DEVELOPMENT_TEAM = V7JMQ7E4P3;
				INFOPLIST_FILE = "iOS录音和播放DemoUITests/Info.plist";
				LD_RUNPATH_SEARCH_PATHS = "$(inherited) @executable_path/Frameworks @loader_path/Frameworks";
				PRODUCT_BUNDLE_IDENTIFIER = "cy.iOS-----DemoUITests";
				PRODUCT_NAME = "$(TARGET_NAME)";
				TARGETED_DEVICE_FAMILY = "1,2";
				TEST_TARGET_NAME = "iOS录音和播放Demo";
			};
			name = Release;
		};
/* End XCBuildConfiguration section */

/* Begin XCConfigurationList section */
		187A29681FD92641009D370F /* Build configuration list for PBXProject "iOS录音和播放Demo" */ = {
			isa = XCConfigurationList;
			buildConfigurations = (
				187A29971FD92642009D370F /* Debug */,
				187A29981FD92642009D370F /* Release */,
			);
			defaultConfigurationIsVisible = 0;
			defaultConfigurationName = Release;
		};
		187A29991FD92642009D370F /* Build configuration list for PBXNativeTarget "iOS录音和播放Demo" */ = {
			isa = XCConfigurationList;
			buildConfigurations = (
				187A299A1FD92642009D370F /* Debug */,
				187A299B1FD92642009D370F /* Release */,
			);
			defaultConfigurationIsVisible = 0;
			defaultConfigurationName = Release;
		};
		187A299C1FD92642009D370F /* Build configuration list for PBXNativeTarget "iOS录音和播放DemoTests" */ = {
			isa = XCConfigurationList;
			buildConfigurations = (
				187A299D1FD92642009D370F /* Debug */,
				187A299E1FD92642009D370F /* Release */,
			);
			defaultConfigurationIsVisible = 0;
			defaultConfigurationName = Release;
		};
		187A299F1FD92642009D370F /* Build configuration list for PBXNativeTarget "iOS录音和播放DemoUITests" */ = {
			isa = XCConfigurationList;
			buildConfigurations = (
				187A29A01FD92642009D370F /* Debug */,
				187A29A11FD92642009D370F /* Release */,
			);
			defaultConfigurationIsVisible = 0;
			defaultConfigurationName = Release;
		};
/* End XCConfigurationList section */
	};
	rootObject = 187A29651FD92641009D370F /* Project object */;
}
