// !$*UTF8*$!
{
	archiveVersion = 1;
	classes = {
	};
	objectVersion = 48;
	objects = {

/* Begin PBXBuildFile section */
		18632D25200DF5A0002854C8 /* AppDelegate.m in Sources */ = {isa = PBXBuildFile; fileRef = 18632D24200DF5A0002854C8 /* AppDelegate.m */; };
		18632D28200DF5A0002854C8 /* ViewController.m in Sources */ = {isa = PBXBuildFile; fileRef = 18632D27200DF5A0002854C8 /* ViewController.m */; };
		18632D2B200DF5A0002854C8 /* Main.storyboard in Resources */ = {isa = PBXBuildFile; fileRef = 18632D29200DF5A0002854C8 /* Main.storyboard */; };
		18632D2D200DF5A0002854C8 /* Assets.xcassets in Resources */ = {isa = PBXBuildFile; fileRef = 18632D2C200DF5A0002854C8 /* Assets.xcassets */; };
		18632D30200DF5A0002854C8 /* LaunchScreen.storyboard in Resources */ = {isa = PBXBuildFile; fileRef = 18632D2E200DF5A0002854C8 /* LaunchScreen.storyboard */; };
		18632D33200DF5A0002854C8 /* main.m in Sources */ = {isa = PBXBuildFile; fileRef = 18632D32200DF5A0002854C8 /* main.m */; };
		18632D3D200DF5A0002854C8 /* RealmDemoTests.m in Sources */ = {isa = PBXBuildFile; fileRef = 18632D3C200DF5A0002854C8 /* RealmDemoTests.m */; };
		18632D48200DF5A0002854C8 /* RealmDemoUITests.m in Sources */ = {isa = PBXBuildFile; fileRef = 18632D47200DF5A0002854C8 /* RealmDemoUITests.m */; };
		18632D57200DFD6B002854C8 /* Dog.m in Sources */ = {isa = PBXBuildFile; fileRef = 18632D56200DFD6B002854C8 /* Dog.m */; };
		18632D5A200E23C0002854C8 /* Person.m in Sources */ = {isa = PBXBuildFile; fileRef = 18632D59200E23C0002854C8 /* Person.m */; };
		449C4AD8CFC1F19F62C7C402 /* libPods-RealmDemoTests.a in Frameworks */ = {isa = PBXBuildFile; fileRef = 3944C498FE88CE2706F40DBC /* libPods-RealmDemoTests.a */; };
		ABC64D00E7CBD436D3C268F3 /* libPods-RealmDemo.a in Frameworks */ = {isa = PBXBuildFile; fileRef = F494BC7CD8C2430B1E3AE287 /* libPods-RealmDemo.a */; };
		CDFEBA13DDFEAC7CDE4EC70E /* libPods-RealmDemoUITests.a in Frameworks */ = {isa = PBXBuildFile; fileRef = 0D07E38191C709F38D5975DF /* libPods-RealmDemoUITests.a */; };
/* End PBXBuildFile section */

/* Begin PBXContainerItemProxy section */
		18632D39200DF5A0002854C8 /* PBXContainerItemProxy */ = {
			isa = PBXContainerItemProxy;
			containerPortal = 18632D18200DF5A0002854C8 /* Project object */;
			proxyType = 1;
			remoteGlobalIDString = 18632D1F200DF5A0002854C8;
			remoteInfo = RealmDemo;
		};
		18632D44200DF5A0002854C8 /* PBXContainerItemProxy */ = {
			isa = PBXContainerItemProxy;
			containerPortal = 18632D18200DF5A0002854C8 /* Project object */;
			proxyType = 1;
			remoteGlobalIDString = 18632D1F200DF5A0002854C8;
			remoteInfo = RealmDemo;
		};
/* End PBXContainerItemProxy section */

/* Begin PBXFileReference section */
		0D07E38191C709F38D5975DF /* libPods-RealmDemoUITests.a */ = {isa = PBXFileReference; explicitFileType = archive.ar; includeInIndex = 0; path = "libPods-RealmDemoUITests.a"; sourceTree = BUILT_PRODUCTS_DIR; };
		0D144C9A540E6DCAAA96F0A5 /* Pods-RealmDemoTests.release.xcconfig */ = {isa = PBXFileReference; includeInIndex = 1; lastKnownFileType = text.xcconfig; name = "Pods-RealmDemoTests.release.xcconfig"; path = "Pods/Target Support Files/Pods-RealmDemoTests/Pods-RealmDemoTests.release.xcconfig"; sourceTree = "<group>"; };
		18632D20200DF5A0002854C8 /* RealmDemo.app */ = {isa = PBXFileReference; explicitFileType = wrapper.application; includeInIndex = 0; path = RealmDemo.app; sourceTree = BUILT_PRODUCTS_DIR; };
		18632D23200DF5A0002854C8 /* AppDelegate.h */ = {isa = PBXFileReference; lastKnownFileType = sourcecode.c.h; path = AppDelegate.h; sourceTree = "<group>"; };
		18632D24200DF5A0002854C8 /* AppDelegate.m */ = {isa = PBXFileReference; lastKnownFileType = sourcecode.c.objc; path = AppDelegate.m; sourceTree = "<group>"; };
		18632D26200DF5A0002854C8 /* ViewController.h */ = {isa = PBXFileReference; lastKnownFileType = sourcecode.c.h; path = ViewController.h; sourceTree = "<group>"; };
		18632D27200DF5A0002854C8 /* ViewController.m */ = {isa = PBXFileReference; lastKnownFileType = sourcecode.c.objc; path = ViewController.m; sourceTree = "<group>"; };
		18632D2A200DF5A0002854C8 /* Base */ = {isa = PBXFileReference; lastKnownFileType = file.storyboard; name = Base; path = Base.lproj/Main.storyboard; sourceTree = "<group>"; };
		18632D2C200DF5A0002854C8 /* Assets.xcassets */ = {isa = PBXFileReference; lastKnownFileType = folder.assetcatalog; path = Assets.xcassets; sourceTree = "<group>"; };
		18632D2F200DF5A0002854C8 /* Base */ = {isa = PBXFileReference; lastKnownFileType = file.storyboard; name = Base; path = Base.lproj/LaunchScreen.storyboard; sourceTree = "<group>"; };
		18632D31200DF5A0002854C8 /* Info.plist */ = {isa = PBXFileReference; lastKnownFileType = text.plist.xml; path = Info.plist; sourceTree = "<group>"; };
		18632D32200DF5A0002854C8 /* main.m */ = {isa = PBXFileReference; lastKnownFileType = sourcecode.c.objc; path = main.m; sourceTree = "<group>"; };
		18632D38200DF5A0002854C8 /* RealmDemoTests.xctest */ = {isa = PBXFileReference; explicitFileType = wrapper.cfbundle; includeInIndex = 0; path = RealmDemoTests.xctest; sourceTree = BUILT_PRODUCTS_DIR; };
		18632D3C200DF5A0002854C8 /* RealmDemoTests.m */ = {isa = PBXFileReference; lastKnownFileType = sourcecode.c.objc; path = RealmDemoTests.m; sourceTree = "<group>"; };
		18632D3E200DF5A0002854C8 /* Info.plist */ = {isa = PBXFileReference; lastKnownFileType = text.plist.xml; path = Info.plist; sourceTree = "<group>"; };
		18632D43200DF5A0002854C8 /* RealmDemoUITests.xctest */ = {isa = PBXFileReference; explicitFileType = wrapper.cfbundle; includeInIndex = 0; path = RealmDemoUITests.xctest; sourceTree = BUILT_PRODUCTS_DIR; };
		18632D47200DF5A0002854C8 /* RealmDemoUITests.m */ = {isa = PBXFileReference; lastKnownFileType = sourcecode.c.objc; path = RealmDemoUITests.m; sourceTree = "<group>"; };
		18632D49200DF5A0002854C8 /* Info.plist */ = {isa = PBXFileReference; lastKnownFileType = text.plist.xml; path = Info.plist; sourceTree = "<group>"; };
		18632D55200DFD6B002854C8 /* Dog.h */ = {isa = PBXFileReference; lastKnownFileType = sourcecode.c.h; path = Dog.h; sourceTree = "<group>"; };
		18632D56200DFD6B002854C8 /* Dog.m */ = {isa = PBXFileReference; lastKnownFileType = sourcecode.c.objc; path = Dog.m; sourceTree = "<group>"; };
		18632D58200E23C0002854C8 /* Person.h */ = {isa = PBXFileReference; lastKnownFileType = sourcecode.c.h; path = Person.h; sourceTree = "<group>"; };
		18632D59200E23C0002854C8 /* Person.m */ = {isa = PBXFileReference; lastKnownFileType = sourcecode.c.objc; path = Person.m; sourceTree = "<group>"; };
		328EC0EAB09B3D6EABDB0E9D /* Pods-RealmDemo.debug.xcconfig */ = {isa = PBXFileReference; includeInIndex = 1; lastKnownFileType = text.xcconfig; name = "Pods-RealmDemo.debug.xcconfig"; path = "Pods/Target Support Files/Pods-RealmDemo/Pods-RealmDemo.debug.xcconfig"; sourceTree = "<group>"; };
		3944C498FE88CE2706F40DBC /* libPods-RealmDemoTests.a */ = {isa = PBXFileReference; explicitFileType = archive.ar; includeInIndex = 0; path = "libPods-RealmDemoTests.a"; sourceTree = BUILT_PRODUCTS_DIR; };
		4363AD5A779D8D4B0AF8B39D /* Pods-RealmDemoUITests.release.xcconfig */ = {isa = PBXFileReference; includeInIndex = 1; lastKnownFileType = text.xcconfig; name = "Pods-RealmDemoUITests.release.xcconfig"; path = "Pods/Target Support Files/Pods-RealmDemoUITests/Pods-RealmDemoUITests.release.xcconfig"; sourceTree = "<group>"; };
		589CED42A16B0BC74E3EE2D1 /* Pods-RealmDemoTests.debug.xcconfig */ = {isa = PBXFileReference; includeInIndex = 1; lastKnownFileType = text.xcconfig; name = "Pods-RealmDemoTests.debug.xcconfig"; path = "Pods/Target Support Files/Pods-RealmDemoTests/Pods-RealmDemoTests.debug.xcconfig"; sourceTree = "<group>"; };
		5C71FEFD238798FCAAC8A13E /* Pods-RealmDemoUITests.debug.xcconfig */ = {isa = PBXFileReference; includeInIndex = 1; lastKnownFileType = text.xcconfig; name = "Pods-RealmDemoUITests.debug.xcconfig"; path = "Pods/Target Support Files/Pods-RealmDemoUITests/Pods-RealmDemoUITests.debug.xcconfig"; sourceTree = "<group>"; };
		9FC735E014DA38A6C1707B60 /* Pods-RealmDemo.release.xcconfig */ = {isa = PBXFileReference; includeInIndex = 1; lastKnownFileType = text.xcconfig; name = "Pods-RealmDemo.release.xcconfig"; path = "Pods/Target Support Files/Pods-RealmDemo/Pods-RealmDemo.release.xcconfig"; sourceTree = "<group>"; };
		F494BC7CD8C2430B1E3AE287 /* libPods-RealmDemo.a */ = {isa = PBXFileReference; explicitFileType = archive.ar; includeInIndex = 0; path = "libPods-RealmDemo.a"; sourceTree = BUILT_PRODUCTS_DIR; };
/* End PBXFileReference section */

/* Begin PBXFrameworksBuildPhase section */
		18632D1D200DF5A0002854C8 /* Frameworks */ = {
			isa = PBXFrameworksBuildPhase;
			buildActionMask = 2147483647;
			files = (
				ABC64D00E7CBD436D3C268F3 /* libPods-RealmDemo.a in Frameworks */,
			);
			runOnlyForDeploymentPostprocessing = 0;
		};
		18632D35200DF5A0002854C8 /* Frameworks */ = {
			isa = PBXFrameworksBuildPhase;
			buildActionMask = 2147483647;
			files = (
				449C4AD8CFC1F19F62C7C402 /* libPods-RealmDemoTests.a in Frameworks */,
			);
			runOnlyForDeploymentPostprocessing = 0;
		};
		18632D40200DF5A0002854C8 /* Frameworks */ = {
			isa = PBXFrameworksBuildPhase;
			buildActionMask = 2147483647;
			files = (
				CDFEBA13DDFEAC7CDE4EC70E /* libPods-RealmDemoUITests.a in Frameworks */,
			);
			runOnlyForDeploymentPostprocessing = 0;
		};
/* End PBXFrameworksBuildPhase section */

/* Begin PBXGroup section */
		18632D17200DF5A0002854C8 = {
			isa = PBXGroup;
			children = (
				18632D22200DF5A0002854C8 /* RealmDemo */,
				18632D3B200DF5A0002854C8 /* RealmDemoTests */,
				18632D46200DF5A0002854C8 /* RealmDemoUITests */,
				18632D21200DF5A0002854C8 /* Products */,
				FE269498B999B2C0399EC91F /* Pods */,
				FEA3C87CE6F632A4961D8291 /* Frameworks */,
			);
			sourceTree = "<group>";
		};
		18632D21200DF5A0002854C8 /* Products */ = {
			isa = PBXGroup;
			children = (
				18632D20200DF5A0002854C8 /* RealmDemo.app */,
				18632D38200DF5A0002854C8 /* RealmDemoTests.xctest */,
				18632D43200DF5A0002854C8 /* RealmDemoUITests.xctest */,
			);
			name = Products;
			sourceTree = "<group>";
		};
		18632D22200DF5A0002854C8 /* RealmDemo */ = {
			isa = PBXGroup;
			children = (
				18632D23200DF5A0002854C8 /* AppDelegate.h */,
				18632D24200DF5A0002854C8 /* AppDelegate.m */,
				18632D26200DF5A0002854C8 /* ViewController.h */,
				18632D27200DF5A0002854C8 /* ViewController.m */,
				18632D55200DFD6B002854C8 /* Dog.h */,
				18632D56200DFD6B002854C8 /* Dog.m */,
				18632D58200E23C0002854C8 /* Person.h */,
				18632D59200E23C0002854C8 /* Person.m */,
				18632D29200DF5A0002854C8 /* Main.storyboard */,
				18632D2C200DF5A0002854C8 /* Assets.xcassets */,
				18632D2E200DF5A0002854C8 /* LaunchScreen.storyboard */,
				18632D31200DF5A0002854C8 /* Info.plist */,
				18632D32200DF5A0002854C8 /* main.m */,
			);
			path = RealmDemo;
			sourceTree = "<group>";
		};
		18632D3B200DF5A0002854C8 /* RealmDemoTests */ = {
			isa = PBXGroup;
			children = (
				18632D3C200DF5A0002854C8 /* RealmDemoTests.m */,
				18632D3E200DF5A0002854C8 /* Info.plist */,
			);
			path = RealmDemoTests;
			sourceTree = "<group>";
		};
		18632D46200DF5A0002854C8 /* RealmDemoUITests */ = {
			isa = PBXGroup;
			children = (
				18632D47200DF5A0002854C8 /* RealmDemoUITests.m */,
				18632D49200DF5A0002854C8 /* Info.plist */,
			);
			path = RealmDemoUITests;
			sourceTree = "<group>";
		};
		FE269498B999B2C0399EC91F /* Pods */ = {
			isa = PBXGroup;
			children = (
				328EC0EAB09B3D6EABDB0E9D /* Pods-RealmDemo.debug.xcconfig */,
				9FC735E014DA38A6C1707B60 /* Pods-RealmDemo.release.xcconfig */,
				589CED42A16B0BC74E3EE2D1 /* Pods-RealmDemoTests.debug.xcconfig */,
				0D144C9A540E6DCAAA96F0A5 /* Pods-RealmDemoTests.release.xcconfig */,
				5C71FEFD238798FCAAC8A13E /* Pods-RealmDemoUITests.debug.xcconfig */,
				4363AD5A779D8D4B0AF8B39D /* Pods-RealmDemoUITests.release.xcconfig */,
			);
			name = Pods;
			sourceTree = "<group>";
		};
		FEA3C87CE6F632A4961D8291 /* Frameworks */ = {
			isa = PBXGroup;
			children = (
				F494BC7CD8C2430B1E3AE287 /* libPods-RealmDemo.a */,
				3944C498FE88CE2706F40DBC /* libPods-RealmDemoTests.a */,
				0D07E38191C709F38D5975DF /* libPods-RealmDemoUITests.a */,
			);
			name = Frameworks;
			sourceTree = "<group>";
		};
/* End PBXGroup section */

/* Begin PBXNativeTarget section */
		18632D1F200DF5A0002854C8 /* RealmDemo */ = {
			isa = PBXNativeTarget;
			buildConfigurationList = 18632D4C200DF5A0002854C8 /* Build configuration list for PBXNativeTarget "RealmDemo" */;
			buildPhases = (
				C0E2FC2E94D4A97A4A2938A0 /* [CP] Check Pods Manifest.lock */,
				18632D1C200DF5A0002854C8 /* Sources */,
				18632D1D200DF5A0002854C8 /* Frameworks */,
				18632D1E200DF5A0002854C8 /* Resources */,
				B68C65792C201C80B90DF7F6 /* [CP] Embed Pods Frameworks */,
				E3265EBCAD0A292AF929B86E /* [CP] Copy Pods Resources */,
			);
			buildRules = (
			);
			dependencies = (
			);
			name = RealmDemo;
			productName = RealmDemo;
			productReference = 18632D20200DF5A0002854C8 /* RealmDemo.app */;
			productType = "com.apple.product-type.application";
		};
		18632D37200DF5A0002854C8 /* RealmDemoTests */ = {
			isa = PBXNativeTarget;
			buildConfigurationList = 18632D4F200DF5A0002854C8 /* Build configuration list for PBXNativeTarget "RealmDemoTests" */;
			buildPhases = (
				31EE7AB55188779215C3E7FA /* [CP] Check Pods Manifest.lock */,
				18632D34200DF5A0002854C8 /* Sources */,
				18632D35200DF5A0002854C8 /* Frameworks */,
				18632D36200DF5A0002854C8 /* Resources */,
				84FEFD04EE66B714FCC24BD8 /* [CP] Embed Pods Frameworks */,
				8E9F87B3B0F475A096978428 /* [CP] Copy Pods Resources */,
			);
			buildRules = (
			);
			dependencies = (
				18632D3A200DF5A0002854C8 /* PBXTargetDependency */,
			);
			name = RealmDemoTests;
			productName = RealmDemoTests;
			productReference = 18632D38200DF5A0002854C8 /* RealmDemoTests.xctest */;
			productType = "com.apple.product-type.bundle.unit-test";
		};
		18632D42200DF5A0002854C8 /* RealmDemoUITests */ = {
			isa = PBXNativeTarget;
			buildConfigurationList = 18632D52200DF5A0002854C8 /* Build configuration list for PBXNativeTarget "RealmDemoUITests" */;
			buildPhases = (
				F1BEBBCF077EDF100A10DE53 /* [CP] Check Pods Manifest.lock */,
				18632D3F200DF5A0002854C8 /* Sources */,
				18632D40200DF5A0002854C8 /* Frameworks */,
				18632D41200DF5A0002854C8 /* Resources */,
				34C6E90CACF9DD95D45BF9DD /* [CP] Embed Pods Frameworks */,
				D59F83164BEA63B7C90FB7D7 /* [CP] Copy Pods Resources */,
			);
			buildRules = (
			);
			dependencies = (
				18632D45200DF5A0002854C8 /* PBXTargetDependency */,
			);
			name = RealmDemoUITests;
			productName = RealmDemoUITests;
			productReference = 18632D43200DF5A0002854C8 /* RealmDemoUITests.xctest */;
			productType = "com.apple.product-type.bundle.ui-testing";
		};
/* End PBXNativeTarget section */

/* Begin PBXProject section */
		18632D18200DF5A0002854C8 /* Project object */ = {
			isa = PBXProject;
			attributes = {
				LastUpgradeCheck = 0920;
				ORGANIZATIONNAME = apple;
				TargetAttributes = {
					18632D1F200DF5A0002854C8 = {
						CreatedOnToolsVersion = 9.2;
						ProvisioningStyle = Manual;
					};
					18632D37200DF5A0002854C8 = {
						CreatedOnToolsVersion = 9.2;
						ProvisioningStyle = Automatic;
						TestTargetID = 18632D1F200DF5A0002854C8;
					};
					18632D42200DF5A0002854C8 = {
						CreatedOnToolsVersion = 9.2;
						ProvisioningStyle = Automatic;
						TestTargetID = 18632D1F200DF5A0002854C8;
					};
				};
			};
			buildConfigurationList = 18632D1B200DF5A0002854C8 /* Build configuration list for PBXProject "RealmDemo" */;
			compatibilityVersion = "Xcode 8.0";
			developmentRegion = en;
			hasScannedForEncodings = 0;
			knownRegions = (
				en,
				Base,
			);
			mainGroup = 18632D17200DF5A0002854C8;
			productRefGroup = 18632D21200DF5A0002854C8 /* Products */;
			projectDirPath = "";
			projectRoot = "";
			targets = (
				18632D1F200DF5A0002854C8 /* RealmDemo */,
				18632D37200DF5A0002854C8 /* RealmDemoTests */,
				18632D42200DF5A0002854C8 /* RealmDemoUITests */,
			);
		};
/* End PBXProject section */

/* Begin PBXResourcesBuildPhase section */
		18632D1E200DF5A0002854C8 /* Resources */ = {
			isa = PBXResourcesBuildPhase;
			buildActionMask = 2147483647;
			files = (
				18632D30200DF5A0002854C8 /* LaunchScreen.storyboard in Resources */,
				18632D2D200DF5A0002854C8 /* Assets.xcassets in Resources */,
				18632D2B200DF5A0002854C8 /* Main.storyboard in Resources */,
			);
			runOnlyForDeploymentPostprocessing = 0;
		};
		18632D36200DF5A0002854C8 /* Resources */ = {
			isa = PBXResourcesBuildPhase;
			buildActionMask = 2147483647;
			files = (
			);
			runOnlyForDeploymentPostprocessing = 0;
		};
		18632D41200DF5A0002854C8 /* Resources */ = {
			isa = PBXResourcesBuildPhase;
			buildActionMask = 2147483647;
			files = (
			);
			runOnlyForDeploymentPostprocessing = 0;
		};
/* End PBXResourcesBuildPhase section */

/* Begin PBXShellScriptBuildPhase section */
		31EE7AB55188779215C3E7FA /* [CP] Check Pods Manifest.lock */ = {
			isa = PBXShellScriptBuildPhase;
			buildActionMask = 2147483647;
			files = (
			);
			inputPaths = (
				"${PODS_PODFILE_DIR_PATH}/Podfile.lock",
				"${PODS_ROOT}/Manifest.lock",
			);
			name = "[CP] Check Pods Manifest.lock";
			outputPaths = (
				"$(DERIVED_FILE_DIR)/Pods-RealmDemoTests-checkManifestLockResult.txt",
			);
			runOnlyForDeploymentPostprocessing = 0;
			shellPath = /bin/sh;
			shellScript = "diff \"${PODS_PODFILE_DIR_PATH}/Podfile.lock\" \"${PODS_ROOT}/Manifest.lock\" > /dev/null\nif [ $? != 0 ] ; then\n    # print error to STDERR\n    echo \"error: The sandbox is not in sync with the Podfile.lock. Run 'pod install' or update your CocoaPods installation.\" >&2\n    exit 1\nfi\n# This output is used by Xcode 'outputs' to avoid re-running this script phase.\necho \"SUCCESS\" > \"${SCRIPT_OUTPUT_FILE_0}\"\n";
			showEnvVarsInLog = 0;
		};
		34C6E90CACF9DD95D45BF9DD /* [CP] Embed Pods Frameworks */ = {
			isa = PBXShellScriptBuildPhase;
			buildActionMask = 2147483647;
			files = (
			);
			inputPaths = (
			);
			name = "[CP] Embed Pods Frameworks";
			outputPaths = (
			);
			runOnlyForDeploymentPostprocessing = 0;
			shellPath = /bin/sh;
			shellScript = "\"${SRCROOT}/Pods/Target Support Files/Pods-RealmDemoUITests/Pods-RealmDemoUITests-frameworks.sh\"\n";
			showEnvVarsInLog = 0;
		};
		84FEFD04EE66B714FCC24BD8 /* [CP] Embed Pods Frameworks */ = {
			isa = PBXShellScriptBuildPhase;
			buildActionMask = 2147483647;
			files = (
			);
			inputPaths = (
			);
			name = "[CP] Embed Pods Frameworks";
			outputPaths = (
			);
			runOnlyForDeploymentPostprocessing = 0;
			shellPath = /bin/sh;
			shellScript = "\"${SRCROOT}/Pods/Target Support Files/Pods-RealmDemoTests/Pods-RealmDemoTests-frameworks.sh\"\n";
			showEnvVarsInLog = 0;
		};
		8E9F87B3B0F475A096978428 /* [CP] Copy Pods Resources */ = {
			isa = PBXShellScriptBuildPhase;
			buildActionMask = 2147483647;
			files = (
			);
			inputPaths = (
			);
			name = "[CP] Copy Pods Resources";
			outputPaths = (
			);
			runOnlyForDeploymentPostprocessing = 0;
			shellPath = /bin/sh;
			shellScript = "\"${SRCROOT}/Pods/Target Support Files/Pods-RealmDemoTests/Pods-RealmDemoTests-resources.sh\"\n";
			showEnvVarsInLog = 0;
		};
		B68C65792C201C80B90DF7F6 /* [CP] Embed Pods Frameworks */ = {
			isa = PBXShellScriptBuildPhase;
			buildActionMask = 2147483647;
			files = (
			);
			inputPaths = (
			);
			name = "[CP] Embed Pods Frameworks";
			outputPaths = (
			);
			runOnlyForDeploymentPostprocessing = 0;
			shellPath = /bin/sh;
			shellScript = "\"${SRCROOT}/Pods/Target Support Files/Pods-RealmDemo/Pods-RealmDemo-frameworks.sh\"\n";
			showEnvVarsInLog = 0;
		};
		C0E2FC2E94D4A97A4A2938A0 /* [CP] Check Pods Manifest.lock */ = {
			isa = PBXShellScriptBuildPhase;
			buildActionMask = 2147483647;
			files = (
			);
			inputPaths = (
				"${PODS_PODFILE_DIR_PATH}/Podfile.lock",
				"${PODS_ROOT}/Manifest.lock",
			);
			name = "[CP] Check Pods Manifest.lock";
			outputPaths = (
				"$(DERIVED_FILE_DIR)/Pods-RealmDemo-checkManifestLockResult.txt",
			);
			runOnlyForDeploymentPostprocessing = 0;
			shellPath = /bin/sh;
			shellScript = "diff \"${PODS_PODFILE_DIR_PATH}/Podfile.lock\" \"${PODS_ROOT}/Manifest.lock\" > /dev/null\nif [ $? != 0 ] ; then\n    # print error to STDERR\n    echo \"error: The sandbox is not in sync with the Podfile.lock. Run 'pod install' or update your CocoaPods installation.\" >&2\n    exit 1\nfi\n# This output is used by Xcode 'outputs' to avoid re-running this script phase.\necho \"SUCCESS\" > \"${SCRIPT_OUTPUT_FILE_0}\"\n";
			showEnvVarsInLog = 0;
		};
		D59F83164BEA63B7C90FB7D7 /* [CP] Copy Pods Resources */ = {
			isa = PBXShellScriptBuildPhase;
			buildActionMask = 2147483647;
			files = (
			);
			inputPaths = (
			);
			name = "[CP] Copy Pods Resources";
			outputPaths = (
			);
			runOnlyForDeploymentPostprocessing = 0;
			shellPath = /bin/sh;
			shellScript = "\"${SRCROOT}/Pods/Target Support Files/Pods-RealmDemoUITests/Pods-RealmDemoUITests-resources.sh\"\n";
			showEnvVarsInLog = 0;
		};
		E3265EBCAD0A292AF929B86E /* [CP] Copy Pods Resources */ = {
			isa = PBXShellScriptBuildPhase;
			buildActionMask = 2147483647;
			files = (
			);
			inputPaths = (
			);
			name = "[CP] Copy Pods Resources";
			outputPaths = (
			);
			runOnlyForDeploymentPostprocessing = 0;
			shellPath = /bin/sh;
			shellScript = "\"${SRCROOT}/Pods/Target Support Files/Pods-RealmDemo/Pods-RealmDemo-resources.sh\"\n";
			showEnvVarsInLog = 0;
		};
		F1BEBBCF077EDF100A10DE53 /* [CP] Check Pods Manifest.lock */ = {
			isa = PBXShellScriptBuildPhase;
			buildActionMask = 2147483647;
			files = (
			);
			inputPaths = (
				"${PODS_PODFILE_DIR_PATH}/Podfile.lock",
				"${PODS_ROOT}/Manifest.lock",
			);
			name = "[CP] Check Pods Manifest.lock";
			outputPaths = (
				"$(DERIVED_FILE_DIR)/Pods-RealmDemoUITests-checkManifestLockResult.txt",
			);
			runOnlyForDeploymentPostprocessing = 0;
			shellPath = /bin/sh;
			shellScript = "diff \"${PODS_PODFILE_DIR_PATH}/Podfile.lock\" \"${PODS_ROOT}/Manifest.lock\" > /dev/null\nif [ $? != 0 ] ; then\n    # print error to STDERR\n    echo \"error: The sandbox is not in sync with the Podfile.lock. Run 'pod install' or update your CocoaPods installation.\" >&2\n    exit 1\nfi\n# This output is used by Xcode 'outputs' to avoid re-running this script phase.\necho \"SUCCESS\" > \"${SCRIPT_OUTPUT_FILE_0}\"\n";
			showEnvVarsInLog = 0;
		};
/* End PBXShellScriptBuildPhase section */

/* Begin PBXSourcesBuildPhase section */
		18632D1C200DF5A0002854C8 /* Sources */ = {
			isa = PBXSourcesBuildPhase;
			buildActionMask = 2147483647;
			files = (
				18632D28200DF5A0002854C8 /* ViewController.m in Sources */,
				18632D33200DF5A0002854C8 /* main.m in Sources */,
				18632D5A200E23C0002854C8 /* Person.m in Sources */,
				18632D57200DFD6B002854C8 /* Dog.m in Sources */,
				18632D25200DF5A0002854C8 /* AppDelegate.m in Sources */,
			);
			runOnlyForDeploymentPostprocessing = 0;
		};
		18632D34200DF5A0002854C8 /* Sources */ = {
			isa = PBXSourcesBuildPhase;
			buildActionMask = 2147483647;
			files = (
				18632D3D200DF5A0002854C8 /* RealmDemoTests.m in Sources */,
			);
			runOnlyForDeploymentPostprocessing = 0;
		};
		18632D3F200DF5A0002854C8 /* Sources */ = {
			isa = PBXSourcesBuildPhase;
			buildActionMask = 2147483647;
			files = (
				18632D48200DF5A0002854C8 /* RealmDemoUITests.m in Sources */,
			);
			runOnlyForDeploymentPostprocessing = 0;
		};
/* End PBXSourcesBuildPhase section */

/* Begin PBXTargetDependency section */
		18632D3A200DF5A0002854C8 /* PBXTargetDependency */ = {
			isa = PBXTargetDependency;
			target = 18632D1F200DF5A0002854C8 /* RealmDemo */;
			targetProxy = 18632D39200DF5A0002854C8 /* PBXContainerItemProxy */;
		};
		18632D45200DF5A0002854C8 /* PBXTargetDependency */ = {
			isa = PBXTargetDependency;
			target = 18632D1F200DF5A0002854C8 /* RealmDemo */;
			targetProxy = 18632D44200DF5A0002854C8 /* PBXContainerItemProxy */;
		};
/* End PBXTargetDependency section */

/* Begin PBXVariantGroup section */
		18632D29200DF5A0002854C8 /* Main.storyboard */ = {
			isa = PBXVariantGroup;
			children = (
				18632D2A200DF5A0002854C8 /* Base */,
			);
			name = Main.storyboard;
			sourceTree = "<group>";
		};
		18632D2E200DF5A0002854C8 /* LaunchScreen.storyboard */ = {
			isa = PBXVariantGroup;
			children = (
				18632D2F200DF5A0002854C8 /* Base */,
			);
			name = LaunchScreen.storyboard;
			sourceTree = "<group>";
		};
/* End PBXVariantGroup section */

/* Begin XCBuildConfiguration section */
		18632D4A200DF5A0002854C8 /* Debug */ = {
			isa = XCBuildConfiguration;
			buildSettings = {
				ALWAYS_SEARCH_USER_PATHS = NO;
				CLANG_ANALYZER_NONNULL = YES;
				CLANG_ANALYZER_NUMBER_OBJECT_CONVERSION = YES_AGGRESSIVE;
				CLANG_CXX_LANGUAGE_STANDARD = "gnu++14";
				CLANG_CXX_LIBRARY = "libc++";
				CLANG_ENABLE_MODULES = YES;
				CLANG_ENABLE_OBJC_ARC = YES;
				CLANG_WARN_BLOCK_CAPTURE_AUTORELEASING = YES;
				CLANG_WARN_BOOL_CONVERSION = YES;
				CLANG_WARN_COMMA = YES;
				CLANG_WARN_CONSTANT_CONVERSION = YES;
				CLANG_WARN_DIRECT_OBJC_ISA_USAGE = YES_ERROR;
				CLANG_WARN_DOCUMENTATION_COMMENTS = YES;
				CLANG_WARN_EMPTY_BODY = YES;
				CLANG_WARN_ENUM_CONVERSION = YES;
				CLANG_WARN_INFINITE_RECURSION = YES;
				CLANG_WARN_INT_CONVERSION = YES;
				CLANG_WARN_NON_LITERAL_NULL_CONVERSION = YES;
				CLANG_WARN_OBJC_LITERAL_CONVERSION = YES;
				CLANG_WARN_OBJC_ROOT_CLASS = YES_ERROR;
				CLANG_WARN_RANGE_LOOP_ANALYSIS = YES;
				CLANG_WARN_STRICT_PROTOTYPES = YES;
				CLANG_WARN_SUSPICIOUS_MOVE = YES;
				CLANG_WARN_UNGUARDED_AVAILABILITY = YES_AGGRESSIVE;
				CLANG_WARN_UNREACHABLE_CODE = YES;
				CLANG_WARN__DUPLICATE_METHOD_MATCH = YES;
				CODE_SIGN_IDENTITY = "iPhone Developer";
				COPY_PHASE_STRIP = NO;
				DEBUG_INFORMATION_FORMAT = dwarf;
				ENABLE_STRICT_OBJC_MSGSEND = YES;
				ENABLE_TESTABILITY = YES;
				GCC_C_LANGUAGE_STANDARD = gnu11;
				GCC_DYNAMIC_NO_PIC = NO;
				GCC_NO_COMMON_BLOCKS = YES;
				GCC_OPTIMIZATION_LEVEL = 0;
				GCC_PREPROCESSOR_DEFINITIONS = (
					"DEBUG=1",
					"$(inherited)",
				);
				GCC_WARN_64_TO_32_BIT_CONVERSION = YES;
				GCC_WARN_ABOUT_RETURN_TYPE = YES_ERROR;
				GCC_WARN_UNDECLARED_SELECTOR = YES;
				GCC_WARN_UNINITIALIZED_AUTOS = YES_AGGRESSIVE;
				GCC_WARN_UNUSED_FUNCTION = YES;
				GCC_WARN_UNUSED_VARIABLE = YES;
				IPHONEOS_DEPLOYMENT_TARGET = 11.2;
				MTL_ENABLE_DEBUG_INFO = YES;
				ONLY_ACTIVE_ARCH = YES;
				SDKROOT = iphoneos;
			};
			name = Debug;
		};
		18632D4B200DF5A0002854C8 /* Release */ = {
			isa = XCBuildConfiguration;
			buildSettings = {
				ALWAYS_SEARCH_USER_PATHS = NO;
				CLANG_ANALYZER_NONNULL = YES;
				CLANG_ANALYZER_NUMBER_OBJECT_CONVERSION = YES_AGGRESSIVE;
				CLANG_CXX_LANGUAGE_STANDARD = "gnu++14";
				CLANG_CXX_LIBRARY = "libc++";
				CLANG_ENABLE_MODULES = YES;
				CLANG_ENABLE_OBJC_ARC = YES;
				CLANG_WARN_BLOCK_CAPTURE_AUTORELEASING = YES;
				CLANG_WARN_BOOL_CONVERSION = YES;
				CLANG_WARN_COMMA = YES;
				CLANG_WARN_CONSTANT_CONVERSION = YES;
				CLANG_WARN_DIRECT_OBJC_ISA_USAGE = YES_ERROR;
				CLANG_WARN_DOCUMENTATION_COMMENTS = YES;
				CLANG_WARN_EMPTY_BODY = YES;
				CLANG_WARN_ENUM_CONVERSION = YES;
				CLANG_WARN_INFINITE_RECURSION = YES;
				CLANG_WARN_INT_CONVERSION = YES;
				CLANG_WARN_NON_LITERAL_NULL_CONVERSION = YES;
				CLANG_WARN_OBJC_LITERAL_CONVERSION = YES;
				CLANG_WARN_OBJC_ROOT_CLASS = YES_ERROR;
				CLANG_WARN_RANGE_LOOP_ANALYSIS = YES;
				CLANG_WARN_STRICT_PROTOTYPES = YES;
				CLANG_WARN_SUSPICIOUS_MOVE = YES;
				CLANG_WARN_UNGUARDED_AVAILABILITY = YES_AGGRESSIVE;
				CLANG_WARN_UNREACHABLE_CODE = YES;
				CLANG_WARN__DUPLICATE_METHOD_MATCH = YES;
				CODE_SIGN_IDENTITY = "iPhone Developer";
				COPY_PHASE_STRIP = NO;
				DEBUG_INFORMATION_FORMAT = "dwarf-with-dsym";
				ENABLE_NS_ASSERTIONS = NO;
				ENABLE_STRICT_OBJC_MSGSEND = YES;
				GCC_C_LANGUAGE_STANDARD = gnu11;
				GCC_NO_COMMON_BLOCKS = YES;
				GCC_WARN_64_TO_32_BIT_CONVERSION = YES;
				GCC_WARN_ABOUT_RETURN_TYPE = YES_ERROR;
				GCC_WARN_UNDECLARED_SELECTOR = YES;
				GCC_WARN_UNINITIALIZED_AUTOS = YES_AGGRESSIVE;
				GCC_WARN_UNUSED_FUNCTION = YES;
				GCC_WARN_UNUSED_VARIABLE = YES;
				IPHONEOS_DEPLOYMENT_TARGET = 11.2;
				MTL_ENABLE_DEBUG_INFO = NO;
				SDKROOT = iphoneos;
				VALIDATE_PRODUCT = YES;
			};
			name = Release;
		};
		18632D4D200DF5A0002854C8 /* Debug */ = {
			isa = XCBuildConfiguration;
			baseConfigurationReference = 328EC0EAB09B3D6EABDB0E9D /* Pods-RealmDemo.debug.xcconfig */;
			buildSettings = {
				ASSETCATALOG_COMPILER_APPICON_NAME = AppIcon;
				CODE_SIGN_STYLE = Manual;
				DEVELOPMENT_TEAM = "";
				INFOPLIST_FILE = RealmDemo/Info.plist;
				IPHONEOS_DEPLOYMENT_TARGET = 10.0;
				LD_RUNPATH_SEARCH_PATHS = "$(inherited) @executable_path/Frameworks";
				PRODUCT_BUNDLE_IDENTIFIER = cy.RealmDemo;
				PRODUCT_NAME = "$(TARGET_NAME)";
				PROVISIONING_PROFILE_SPECIFIER = "";
				TARGETED_DEVICE_FAMILY = "1,2";
			};
			name = Debug;
		};
		18632D4E200DF5A0002854C8 /* Release */ = {
			isa = XCBuildConfiguration;
			baseConfigurationReference = 9FC735E014DA38A6C1707B60 /* Pods-RealmDemo.release.xcconfig */;
			buildSettings = {
				ASSETCATALOG_COMPILER_APPICON_NAME = AppIcon;
				CODE_SIGN_STYLE = Manual;
				DEVELOPMENT_TEAM = "";
				INFOPLIST_FILE = RealmDemo/Info.plist;
				IPHONEOS_DEPLOYMENT_TARGET = 10.0;
				LD_RUNPATH_SEARCH_PATHS = "$(inherited) @executable_path/Frameworks";
				PRODUCT_BUNDLE_IDENTIFIER = cy.RealmDemo;
				PRODUCT_NAME = "$(TARGET_NAME)";
				PROVISIONING_PROFILE_SPECIFIER = "";
				TARGETED_DEVICE_FAMILY = "1,2";
			};
			name = Release;
		};
		18632D50200DF5A0002854C8 /* Debug */ = {
			isa = XCBuildConfiguration;
			baseConfigurationReference = 589CED42A16B0BC74E3EE2D1 /* Pods-RealmDemoTests.debug.xcconfig */;
			buildSettings = {
				BUNDLE_LOADER = "$(TEST_HOST)";
				CODE_SIGN_STYLE = Automatic;
				INFOPLIST_FILE = RealmDemoTests/Info.plist;
				LD_RUNPATH_SEARCH_PATHS = "$(inherited) @executable_path/Frameworks @loader_path/Frameworks";
				PRODUCT_BUNDLE_IDENTIFIER = cy.RealmDemoTests;
				PRODUCT_NAME = "$(TARGET_NAME)";
				TARGETED_DEVICE_FAMILY = "1,2";
				TEST_HOST = "$(BUILT_PRODUCTS_DIR)/RealmDemo.app/RealmDemo";
			};
			name = Debug;
		};
		18632D51200DF5A0002854C8 /* Release */ = {
			isa = XCBuildConfiguration;
			baseConfigurationReference = 0D144C9A540E6DCAAA96F0A5 /* Pods-RealmDemoTests.release.xcconfig */;
			buildSettings = {
				BUNDLE_LOADER = "$(TEST_HOST)";
				CODE_SIGN_STYLE = Automatic;
				INFOPLIST_FILE = RealmDemoTests/Info.plist;
				LD_RUNPATH_SEARCH_PATHS = "$(inherited) @executable_path/Frameworks @loader_path/Frameworks";
				PRODUCT_BUNDLE_IDENTIFIER = cy.RealmDemoTests;
				PRODUCT_NAME = "$(TARGET_NAME)";
				TARGETED_DEVICE_FAMILY = "1,2";
				TEST_HOST = "$(BUILT_PRODUCTS_DIR)/RealmDemo.app/RealmDemo";
			};
			name = Release;
		};
		18632D53200DF5A0002854C8 /* Debug */ = {
			isa = XCBuildConfiguration;
			baseConfigurationReference = 5C71FEFD238798FCAAC8A13E /* Pods-RealmDemoUITests.debug.xcconfig */;
			buildSettings = {
				CODE_SIGN_STYLE = Automatic;
				INFOPLIST_FILE = RealmDemoUITests/Info.plist;
				LD_RUNPATH_SEARCH_PATHS = "$(inherited) @executable_path/Frameworks @loader_path/Frameworks";
				PRODUCT_BUNDLE_IDENTIFIER = cy.RealmDemoUITests;
				PRODUCT_NAME = "$(TARGET_NAME)";
				TARGETED_DEVICE_FAMILY = "1,2";
				TEST_TARGET_NAME = RealmDemo;
			};
			name = Debug;
		};
		18632D54200DF5A0002854C8 /* Release */ = {
			isa = XCBuildConfiguration;
			baseConfigurationReference = 4363AD5A779D8D4B0AF8B39D /* Pods-RealmDemoUITests.release.xcconfig */;
			buildSettings = {
				CODE_SIGN_STYLE = Automatic;
				INFOPLIST_FILE = RealmDemoUITests/Info.plist;
				LD_RUNPATH_SEARCH_PATHS = "$(inherited) @executable_path/Frameworks @loader_path/Frameworks";
				PRODUCT_BUNDLE_IDENTIFIER = cy.RealmDemoUITests;
				PRODUCT_NAME = "$(TARGET_NAME)";
				TARGETED_DEVICE_FAMILY = "1,2";
				TEST_TARGET_NAME = RealmDemo;
			};
			name = Release;
		};
/* End XCBuildConfiguration section */

/* Begin XCConfigurationList section */
		18632D1B200DF5A0002854C8 /* Build configuration list for PBXProject "RealmDemo" */ = {
			isa = XCConfigurationList;
			buildConfigurations = (
				18632D4A200DF5A0002854C8 /* Debug */,
				18632D4B200DF5A0002854C8 /* Release */,
			);
			defaultConfigurationIsVisible = 0;
			defaultConfigurationName = Release;
		};
		18632D4C200DF5A0002854C8 /* Build configuration list for PBXNativeTarget "RealmDemo" */ = {
			isa = XCConfigurationList;
			buildConfigurations = (
				18632D4D200DF5A0002854C8 /* Debug */,
				18632D4E200DF5A0002854C8 /* Release */,
			);
			defaultConfigurationIsVisible = 0;
			defaultConfigurationName = Release;
		};
		18632D4F200DF5A0002854C8 /* Build configuration list for PBXNativeTarget "RealmDemoTests" */ = {
			isa = XCConfigurationList;
			buildConfigurations = (
				18632D50200DF5A0002854C8 /* Debug */,
				18632D51200DF5A0002854C8 /* Release */,
			);
			defaultConfigurationIsVisible = 0;
			defaultConfigurationName = Release;
		};
		18632D52200DF5A0002854C8 /* Build configuration list for PBXNativeTarget "RealmDemoUITests" */ = {
			isa = XCConfigurationList;
			buildConfigurations = (
				18632D53200DF5A0002854C8 /* Debug */,
				18632D54200DF5A0002854C8 /* Release */,
			);
			defaultConfigurationIsVisible = 0;
			defaultConfigurationName = Release;
		};
/* End XCConfigurationList section */
	};
	rootObject = 18632D18200DF5A0002854C8 /* Project object */;
}
