// !$*UTF8*$!
{
	archiveVersion = 1;
	classes = {
	};
	objectVersion = 48;
	objects = {

/* Begin PBXBuildFile section */
		005286C08709EAFFD1BD1EFD /* libPods-ASDisplayDemoUITests.a in Frameworks */ = {isa = PBXBuildFile; fileRef = AABC2638E0D4EBE53B3B559E /* libPods-ASDisplayDemoUITests.a */; };
		183004A0200F580D003D5ED0 /* CollectionViewViewController.m in Sources */ = {isa = PBXBuildFile; fileRef = 1830049F200F580D003D5ED0 /* CollectionViewViewController.m */; };
		183004A3200F5853003D5ED0 /* IndexViewController.m in Sources */ = {isa = PBXBuildFile; fileRef = 183004A2200F5853003D5ED0 /* IndexViewController.m */; };
		183004A6200F5BEC003D5ED0 /* CollectiontionCellNode.m in Sources */ = {isa = PBXBuildFile; fileRef = 183004A5200F5BEC003D5ED0 /* CollectiontionCellNode.m */; };
		183004A8200F6176003D5ED0 /* icon.png in Resources */ = {isa = PBXBuildFile; fileRef = 183004A7200F6176003D5ED0 /* icon.png */; };
		18A0358F200C3C06008A8A15 /* AppDelegate.m in Sources */ = {isa = PBXBuildFile; fileRef = 18A0358E200C3C06008A8A15 /* AppDelegate.m */; };
		18A03592200C3C06008A8A15 /* ViewController.m in Sources */ = {isa = PBXBuildFile; fileRef = 18A03591200C3C06008A8A15 /* ViewController.m */; };
		18A03595200C3C06008A8A15 /* Main.storyboard in Resources */ = {isa = PBXBuildFile; fileRef = 18A03593200C3C06008A8A15 /* Main.storyboard */; };
		18A03597200C3C06008A8A15 /* Assets.xcassets in Resources */ = {isa = PBXBuildFile; fileRef = 18A03596200C3C06008A8A15 /* Assets.xcassets */; };
		18A0359A200C3C06008A8A15 /* LaunchScreen.storyboard in Resources */ = {isa = PBXBuildFile; fileRef = 18A03598200C3C06008A8A15 /* LaunchScreen.storyboard */; };
		18A0359D200C3C06008A8A15 /* main.m in Sources */ = {isa = PBXBuildFile; fileRef = 18A0359C200C3C06008A8A15 /* main.m */; };
		18A035A7200C3C06008A8A15 /* ASDisplayDemoTests.m in Sources */ = {isa = PBXBuildFile; fileRef = 18A035A6200C3C06008A8A15 /* ASDisplayDemoTests.m */; };
		18A035B2200C3C06008A8A15 /* ASDisplayDemoUITests.m in Sources */ = {isa = PBXBuildFile; fileRef = 18A035B1200C3C06008A8A15 /* ASDisplayDemoUITests.m */; };
		18A035C1200C9D58008A8A15 /* TableCellNode.m in Sources */ = {isa = PBXBuildFile; fileRef = 18A035C0200C9D58008A8A15 /* TableCellNode.m */; };
		4A12F6D0E88443CB175D9144 /* libPods-ASDisplayDemo.a in Frameworks */ = {isa = PBXBuildFile; fileRef = F93DD147984ED14B5B04A1F1 /* libPods-ASDisplayDemo.a */; };
		C928B416C8213ADDCF492D0A /* libPods-ASDisplayDemoTests.a in Frameworks */ = {isa = PBXBuildFile; fileRef = 77415643A0E0BFE403A17892 /* libPods-ASDisplayDemoTests.a */; };
/* End PBXBuildFile section */

/* Begin PBXContainerItemProxy section */
		18A035A3200C3C06008A8A15 /* PBXContainerItemProxy */ = {
			isa = PBXContainerItemProxy;
			containerPortal = 18A03582200C3C06008A8A15 /* Project object */;
			proxyType = 1;
			remoteGlobalIDString = 18A03589200C3C06008A8A15;
			remoteInfo = ASDisplayDemo;
		};
		18A035AE200C3C06008A8A15 /* PBXContainerItemProxy */ = {
			isa = PBXContainerItemProxy;
			containerPortal = 18A03582200C3C06008A8A15 /* Project object */;
			proxyType = 1;
			remoteGlobalIDString = 18A03589200C3C06008A8A15;
			remoteInfo = ASDisplayDemo;
		};
/* End PBXContainerItemProxy section */

/* Begin PBXFileReference section */
		006C11F9929D7DB2C55ABF47 /* Pods-ASDisplayDemoUITests.debug.xcconfig */ = {isa = PBXFileReference; includeInIndex = 1; lastKnownFileType = text.xcconfig; name = "Pods-ASDisplayDemoUITests.debug.xcconfig"; path = "Pods/Target Support Files/Pods-ASDisplayDemoUITests/Pods-ASDisplayDemoUITests.debug.xcconfig"; sourceTree = "<group>"; };
		05274F768D3DBD9D2E7E82AD /* Pods-ASDisplayDemoUITests.release.xcconfig */ = {isa = PBXFileReference; includeInIndex = 1; lastKnownFileType = text.xcconfig; name = "Pods-ASDisplayDemoUITests.release.xcconfig"; path = "Pods/Target Support Files/Pods-ASDisplayDemoUITests/Pods-ASDisplayDemoUITests.release.xcconfig"; sourceTree = "<group>"; };
		05810D882B6A354650BAF556 /* Pods-ASDisplayDemoTests.release.xcconfig */ = {isa = PBXFileReference; includeInIndex = 1; lastKnownFileType = text.xcconfig; name = "Pods-ASDisplayDemoTests.release.xcconfig"; path = "Pods/Target Support Files/Pods-ASDisplayDemoTests/Pods-ASDisplayDemoTests.release.xcconfig"; sourceTree = "<group>"; };
		1830049E200F580D003D5ED0 /* CollectionViewViewController.h */ = {isa = PBXFileReference; lastKnownFileType = sourcecode.c.h; path = CollectionViewViewController.h; sourceTree = "<group>"; };
		1830049F200F580D003D5ED0 /* CollectionViewViewController.m */ = {isa = PBXFileReference; lastKnownFileType = sourcecode.c.objc; path = CollectionViewViewController.m; sourceTree = "<group>"; };
		183004A1200F5853003D5ED0 /* IndexViewController.h */ = {isa = PBXFileReference; lastKnownFileType = sourcecode.c.h; path = IndexViewController.h; sourceTree = "<group>"; };
		183004A2200F5853003D5ED0 /* IndexViewController.m */ = {isa = PBXFileReference; lastKnownFileType = sourcecode.c.objc; path = IndexViewController.m; sourceTree = "<group>"; };
		183004A4200F5BEC003D5ED0 /* CollectiontionCellNode.h */ = {isa = PBXFileReference; lastKnownFileType = sourcecode.c.h; path = CollectiontionCellNode.h; sourceTree = "<group>"; };
		183004A5200F5BEC003D5ED0 /* CollectiontionCellNode.m */ = {isa = PBXFileReference; lastKnownFileType = sourcecode.c.objc; path = CollectiontionCellNode.m; sourceTree = "<group>"; };
		183004A7200F6176003D5ED0 /* icon.png */ = {isa = PBXFileReference; lastKnownFileType = image.png; path = icon.png; sourceTree = "<group>"; };
		18A0358A200C3C06008A8A15 /* ASDisplayDemo.app */ = {isa = PBXFileReference; explicitFileType = wrapper.application; includeInIndex = 0; path = ASDisplayDemo.app; sourceTree = BUILT_PRODUCTS_DIR; };
		18A0358D200C3C06008A8A15 /* AppDelegate.h */ = {isa = PBXFileReference; lastKnownFileType = sourcecode.c.h; path = AppDelegate.h; sourceTree = "<group>"; };
		18A0358E200C3C06008A8A15 /* AppDelegate.m */ = {isa = PBXFileReference; lastKnownFileType = sourcecode.c.objc; path = AppDelegate.m; sourceTree = "<group>"; };
		18A03590200C3C06008A8A15 /* ViewController.h */ = {isa = PBXFileReference; lastKnownFileType = sourcecode.c.h; path = ViewController.h; sourceTree = "<group>"; };
		18A03591200C3C06008A8A15 /* ViewController.m */ = {isa = PBXFileReference; lastKnownFileType = sourcecode.c.objc; path = ViewController.m; sourceTree = "<group>"; };
		18A03594200C3C06008A8A15 /* Base */ = {isa = PBXFileReference; lastKnownFileType = file.storyboard; name = Base; path = Base.lproj/Main.storyboard; sourceTree = "<group>"; };
		18A03596200C3C06008A8A15 /* Assets.xcassets */ = {isa = PBXFileReference; lastKnownFileType = folder.assetcatalog; path = Assets.xcassets; sourceTree = "<group>"; };
		18A03599200C3C06008A8A15 /* Base */ = {isa = PBXFileReference; lastKnownFileType = file.storyboard; name = Base; path = Base.lproj/LaunchScreen.storyboard; sourceTree = "<group>"; };
		18A0359B200C3C06008A8A15 /* Info.plist */ = {isa = PBXFileReference; lastKnownFileType = text.plist.xml; path = Info.plist; sourceTree = "<group>"; };
		18A0359C200C3C06008A8A15 /* main.m */ = {isa = PBXFileReference; lastKnownFileType = sourcecode.c.objc; path = main.m; sourceTree = "<group>"; };
		18A035A2200C3C06008A8A15 /* ASDisplayDemoTests.xctest */ = {isa = PBXFileReference; explicitFileType = wrapper.cfbundle; includeInIndex = 0; path = ASDisplayDemoTests.xctest; sourceTree = BUILT_PRODUCTS_DIR; };
		18A035A6200C3C06008A8A15 /* ASDisplayDemoTests.m */ = {isa = PBXFileReference; lastKnownFileType = sourcecode.c.objc; path = ASDisplayDemoTests.m; sourceTree = "<group>"; };
		18A035A8200C3C06008A8A15 /* Info.plist */ = {isa = PBXFileReference; lastKnownFileType = text.plist.xml; path = Info.plist; sourceTree = "<group>"; };
		18A035AD200C3C06008A8A15 /* ASDisplayDemoUITests.xctest */ = {isa = PBXFileReference; explicitFileType = wrapper.cfbundle; includeInIndex = 0; path = ASDisplayDemoUITests.xctest; sourceTree = BUILT_PRODUCTS_DIR; };
		18A035B1200C3C06008A8A15 /* ASDisplayDemoUITests.m */ = {isa = PBXFileReference; lastKnownFileType = sourcecode.c.objc; path = ASDisplayDemoUITests.m; sourceTree = "<group>"; };
		18A035B3200C3C06008A8A15 /* Info.plist */ = {isa = PBXFileReference; lastKnownFileType = text.plist.xml; path = Info.plist; sourceTree = "<group>"; };
		18A035BF200C9D58008A8A15 /* TableCellNode.h */ = {isa = PBXFileReference; lastKnownFileType = sourcecode.c.h; path = TableCellNode.h; sourceTree = "<group>"; };
		18A035C0200C9D58008A8A15 /* TableCellNode.m */ = {isa = PBXFileReference; lastKnownFileType = sourcecode.c.objc; path = TableCellNode.m; sourceTree = "<group>"; };
		1AA72CA7198F14B35808BF9C /* Pods-ASDisplayDemo.release.xcconfig */ = {isa = PBXFileReference; includeInIndex = 1; lastKnownFileType = text.xcconfig; name = "Pods-ASDisplayDemo.release.xcconfig"; path = "Pods/Target Support Files/Pods-ASDisplayDemo/Pods-ASDisplayDemo.release.xcconfig"; sourceTree = "<group>"; };
		27638163F26C09A2D6E62DB8 /* Pods-ASDisplayDemo.debug.xcconfig */ = {isa = PBXFileReference; includeInIndex = 1; lastKnownFileType = text.xcconfig; name = "Pods-ASDisplayDemo.debug.xcconfig"; path = "Pods/Target Support Files/Pods-ASDisplayDemo/Pods-ASDisplayDemo.debug.xcconfig"; sourceTree = "<group>"; };
		4EACCD02114748A89F77DB27 /* Pods-ASDisplayDemoTests.debug.xcconfig */ = {isa = PBXFileReference; includeInIndex = 1; lastKnownFileType = text.xcconfig; name = "Pods-ASDisplayDemoTests.debug.xcconfig"; path = "Pods/Target Support Files/Pods-ASDisplayDemoTests/Pods-ASDisplayDemoTests.debug.xcconfig"; sourceTree = "<group>"; };
		77415643A0E0BFE403A17892 /* libPods-ASDisplayDemoTests.a */ = {isa = PBXFileReference; explicitFileType = archive.ar; includeInIndex = 0; path = "libPods-ASDisplayDemoTests.a"; sourceTree = BUILT_PRODUCTS_DIR; };
		AABC2638E0D4EBE53B3B559E /* libPods-ASDisplayDemoUITests.a */ = {isa = PBXFileReference; explicitFileType = archive.ar; includeInIndex = 0; path = "libPods-ASDisplayDemoUITests.a"; sourceTree = BUILT_PRODUCTS_DIR; };
		F93DD147984ED14B5B04A1F1 /* libPods-ASDisplayDemo.a */ = {isa = PBXFileReference; explicitFileType = archive.ar; includeInIndex = 0; path = "libPods-ASDisplayDemo.a"; sourceTree = BUILT_PRODUCTS_DIR; };
/* End PBXFileReference section */

/* Begin PBXFrameworksBuildPhase section */
		18A03587200C3C06008A8A15 /* Frameworks */ = {
			isa = PBXFrameworksBuildPhase;
			buildActionMask = 2147483647;
			files = (
				4A12F6D0E88443CB175D9144 /* libPods-ASDisplayDemo.a in Frameworks */,
			);
			runOnlyForDeploymentPostprocessing = 0;
		};
		18A0359F200C3C06008A8A15 /* Frameworks */ = {
			isa = PBXFrameworksBuildPhase;
			buildActionMask = 2147483647;
			files = (
				C928B416C8213ADDCF492D0A /* libPods-ASDisplayDemoTests.a in Frameworks */,
			);
			runOnlyForDeploymentPostprocessing = 0;
		};
		18A035AA200C3C06008A8A15 /* Frameworks */ = {
			isa = PBXFrameworksBuildPhase;
			buildActionMask = 2147483647;
			files = (
				005286C08709EAFFD1BD1EFD /* libPods-ASDisplayDemoUITests.a in Frameworks */,
			);
			runOnlyForDeploymentPostprocessing = 0;
		};
/* End PBXFrameworksBuildPhase section */

/* Begin PBXGroup section */
		18A03581200C3C06008A8A15 = {
			isa = PBXGroup;
			children = (
				18A0358C200C3C06008A8A15 /* ASDisplayDemo */,
				18A035A5200C3C06008A8A15 /* ASDisplayDemoTests */,
				18A035B0200C3C06008A8A15 /* ASDisplayDemoUITests */,
				18A0358B200C3C06008A8A15 /* Products */,
				A8C8E9EE2321BE96DC8B1B2C /* Pods */,
				E69B32FC6FF327AC49AA9BB2 /* Frameworks */,
			);
			sourceTree = "<group>";
		};
		18A0358B200C3C06008A8A15 /* Products */ = {
			isa = PBXGroup;
			children = (
				18A0358A200C3C06008A8A15 /* ASDisplayDemo.app */,
				18A035A2200C3C06008A8A15 /* ASDisplayDemoTests.xctest */,
				18A035AD200C3C06008A8A15 /* ASDisplayDemoUITests.xctest */,
			);
			name = Products;
			sourceTree = "<group>";
		};
		18A0358C200C3C06008A8A15 /* ASDisplayDemo */ = {
			isa = PBXGroup;
			children = (
				18A0358D200C3C06008A8A15 /* AppDelegate.h */,
				18A0358E200C3C06008A8A15 /* AppDelegate.m */,
				18A03590200C3C06008A8A15 /* ViewController.h */,
				18A03591200C3C06008A8A15 /* ViewController.m */,
				1830049E200F580D003D5ED0 /* CollectionViewViewController.h */,
				1830049F200F580D003D5ED0 /* CollectionViewViewController.m */,
				183004A4200F5BEC003D5ED0 /* CollectiontionCellNode.h */,
				183004A5200F5BEC003D5ED0 /* CollectiontionCellNode.m */,
				18A035BF200C9D58008A8A15 /* TableCellNode.h */,
				18A035C0200C9D58008A8A15 /* TableCellNode.m */,
				183004A1200F5853003D5ED0 /* IndexViewController.h */,
				183004A2200F5853003D5ED0 /* IndexViewController.m */,
				183004A7200F6176003D5ED0 /* icon.png */,
				18A03593200C3C06008A8A15 /* Main.storyboard */,
				18A03596200C3C06008A8A15 /* Assets.xcassets */,
				18A03598200C3C06008A8A15 /* LaunchScreen.storyboard */,
				18A0359B200C3C06008A8A15 /* Info.plist */,
				18A0359C200C3C06008A8A15 /* main.m */,
			);
			path = ASDisplayDemo;
			sourceTree = "<group>";
		};
		18A035A5200C3C06008A8A15 /* ASDisplayDemoTests */ = {
			isa = PBXGroup;
			children = (
				18A035A6200C3C06008A8A15 /* ASDisplayDemoTests.m */,
				18A035A8200C3C06008A8A15 /* Info.plist */,
			);
			path = ASDisplayDemoTests;
			sourceTree = "<group>";
		};
		18A035B0200C3C06008A8A15 /* ASDisplayDemoUITests */ = {
			isa = PBXGroup;
			children = (
				18A035B1200C3C06008A8A15 /* ASDisplayDemoUITests.m */,
				18A035B3200C3C06008A8A15 /* Info.plist */,
			);
			path = ASDisplayDemoUITests;
			sourceTree = "<group>";
		};
		A8C8E9EE2321BE96DC8B1B2C /* Pods */ = {
			isa = PBXGroup;
			children = (
				27638163F26C09A2D6E62DB8 /* Pods-ASDisplayDemo.debug.xcconfig */,
				1AA72CA7198F14B35808BF9C /* Pods-ASDisplayDemo.release.xcconfig */,
				4EACCD02114748A89F77DB27 /* Pods-ASDisplayDemoTests.debug.xcconfig */,
				05810D882B6A354650BAF556 /* Pods-ASDisplayDemoTests.release.xcconfig */,
				006C11F9929D7DB2C55ABF47 /* Pods-ASDisplayDemoUITests.debug.xcconfig */,
				05274F768D3DBD9D2E7E82AD /* Pods-ASDisplayDemoUITests.release.xcconfig */,
			);
			name = Pods;
			sourceTree = "<group>";
		};
		E69B32FC6FF327AC49AA9BB2 /* Frameworks */ = {
			isa = PBXGroup;
			children = (
				F93DD147984ED14B5B04A1F1 /* libPods-ASDisplayDemo.a */,
				77415643A0E0BFE403A17892 /* libPods-ASDisplayDemoTests.a */,
				AABC2638E0D4EBE53B3B559E /* libPods-ASDisplayDemoUITests.a */,
			);
			name = Frameworks;
			sourceTree = "<group>";
		};
/* End PBXGroup section */

/* Begin PBXNativeTarget section */
		18A03589200C3C06008A8A15 /* ASDisplayDemo */ = {
			isa = PBXNativeTarget;
			buildConfigurationList = 18A035B6200C3C06008A8A15 /* Build configuration list for PBXNativeTarget "ASDisplayDemo" */;
			buildPhases = (
				7CFA1ABD1566926BFD0C068E /* [CP] Check Pods Manifest.lock */,
				18A03586200C3C06008A8A15 /* Sources */,
				18A03587200C3C06008A8A15 /* Frameworks */,
				18A03588200C3C06008A8A15 /* Resources */,
				C949828CC9EE00285F730D7E /* [CP] Embed Pods Frameworks */,
				9822E801C982D1B3266D22AF /* [CP] Copy Pods Resources */,
			);
			buildRules = (
			);
			dependencies = (
			);
			name = ASDisplayDemo;
			productName = ASDisplayDemo;
			productReference = 18A0358A200C3C06008A8A15 /* ASDisplayDemo.app */;
			productType = "com.apple.product-type.application";
		};
		18A035A1200C3C06008A8A15 /* ASDisplayDemoTests */ = {
			isa = PBXNativeTarget;
			buildConfigurationList = 18A035B9200C3C06008A8A15 /* Build configuration list for PBXNativeTarget "ASDisplayDemoTests" */;
			buildPhases = (
				EA41959176B373C6AA25EE80 /* [CP] Check Pods Manifest.lock */,
				18A0359E200C3C06008A8A15 /* Sources */,
				18A0359F200C3C06008A8A15 /* Frameworks */,
				18A035A0200C3C06008A8A15 /* Resources */,
				48687A3BBF1D69C0311CE742 /* [CP] Embed Pods Frameworks */,
				C5E3F70F410A6E8E8E0BE8FC /* [CP] Copy Pods Resources */,
			);
			buildRules = (
			);
			dependencies = (
				18A035A4200C3C06008A8A15 /* PBXTargetDependency */,
			);
			name = ASDisplayDemoTests;
			productName = ASDisplayDemoTests;
			productReference = 18A035A2200C3C06008A8A15 /* ASDisplayDemoTests.xctest */;
			productType = "com.apple.product-type.bundle.unit-test";
		};
		18A035AC200C3C06008A8A15 /* ASDisplayDemoUITests */ = {
			isa = PBXNativeTarget;
			buildConfigurationList = 18A035BC200C3C06008A8A15 /* Build configuration list for PBXNativeTarget "ASDisplayDemoUITests" */;
			buildPhases = (
				4B4373B9600DEFE247220428 /* [CP] Check Pods Manifest.lock */,
				18A035A9200C3C06008A8A15 /* Sources */,
				18A035AA200C3C06008A8A15 /* Frameworks */,
				18A035AB200C3C06008A8A15 /* Resources */,
				315871BBDE083C918B1A2A50 /* [CP] Embed Pods Frameworks */,
				A94354B42A53F6347316DBD1 /* [CP] Copy Pods Resources */,
			);
			buildRules = (
			);
			dependencies = (
				18A035AF200C3C06008A8A15 /* PBXTargetDependency */,
			);
			name = ASDisplayDemoUITests;
			productName = ASDisplayDemoUITests;
			productReference = 18A035AD200C3C06008A8A15 /* ASDisplayDemoUITests.xctest */;
			productType = "com.apple.product-type.bundle.ui-testing";
		};
/* End PBXNativeTarget section */

/* Begin PBXProject section */
		18A03582200C3C06008A8A15 /* Project object */ = {
			isa = PBXProject;
			attributes = {
				LastUpgradeCheck = 0920;
				ORGANIZATIONNAME = apple;
				TargetAttributes = {
					18A03589200C3C06008A8A15 = {
						CreatedOnToolsVersion = 9.2;
						ProvisioningStyle = Automatic;
					};
					18A035A1200C3C06008A8A15 = {
						CreatedOnToolsVersion = 9.2;
						ProvisioningStyle = Automatic;
						TestTargetID = 18A03589200C3C06008A8A15;
					};
					18A035AC200C3C06008A8A15 = {
						CreatedOnToolsVersion = 9.2;
						ProvisioningStyle = Automatic;
						TestTargetID = 18A03589200C3C06008A8A15;
					};
				};
			};
			buildConfigurationList = 18A03585200C3C06008A8A15 /* Build configuration list for PBXProject "ASDisplayDemo" */;
			compatibilityVersion = "Xcode 8.0";
			developmentRegion = en;
			hasScannedForEncodings = 0;
			knownRegions = (
				en,
				Base,
			);
			mainGroup = 18A03581200C3C06008A8A15;
			productRefGroup = 18A0358B200C3C06008A8A15 /* Products */;
			projectDirPath = "";
			projectRoot = "";
			targets = (
				18A03589200C3C06008A8A15 /* ASDisplayDemo */,
				18A035A1200C3C06008A8A15 /* ASDisplayDemoTests */,
				18A035AC200C3C06008A8A15 /* ASDisplayDemoUITests */,
			);
		};
/* End PBXProject section */

/* Begin PBXResourcesBuildPhase section */
		18A03588200C3C06008A8A15 /* Resources */ = {
			isa = PBXResourcesBuildPhase;
			buildActionMask = 2147483647;
			files = (
				183004A8200F6176003D5ED0 /* icon.png in Resources */,
				18A0359A200C3C06008A8A15 /* LaunchScreen.storyboard in Resources */,
				18A03597200C3C06008A8A15 /* Assets.xcassets in Resources */,
				18A03595200C3C06008A8A15 /* Main.storyboard in Resources */,
			);
			runOnlyForDeploymentPostprocessing = 0;
		};
		18A035A0200C3C06008A8A15 /* Resources */ = {
			isa = PBXResourcesBuildPhase;
			buildActionMask = 2147483647;
			files = (
			);
			runOnlyForDeploymentPostprocessing = 0;
		};
		18A035AB200C3C06008A8A15 /* Resources */ = {
			isa = PBXResourcesBuildPhase;
			buildActionMask = 2147483647;
			files = (
			);
			runOnlyForDeploymentPostprocessing = 0;
		};
/* End PBXResourcesBuildPhase section */

/* Begin PBXShellScriptBuildPhase section */
		315871BBDE083C918B1A2A50 /* [CP] Embed Pods Frameworks */ = {
			isa = PBXShellScriptBuildPhase;
			buildActionMask = 2147483647;
			files = (
			);
			inputPaths = (
			);
			name = "[CP] Embed Pods Frameworks";
			outputPaths = (
			);
			runOnlyForDeploymentPostprocessing = 0;
			shellPath = /bin/sh;
			shellScript = "\"${SRCROOT}/Pods/Target Support Files/Pods-ASDisplayDemoUITests/Pods-ASDisplayDemoUITests-frameworks.sh\"\n";
			showEnvVarsInLog = 0;
		};
		48687A3BBF1D69C0311CE742 /* [CP] Embed Pods Frameworks */ = {
			isa = PBXShellScriptBuildPhase;
			buildActionMask = 2147483647;
			files = (
			);
			inputPaths = (
			);
			name = "[CP] Embed Pods Frameworks";
			outputPaths = (
			);
			runOnlyForDeploymentPostprocessing = 0;
			shellPath = /bin/sh;
			shellScript = "\"${SRCROOT}/Pods/Target Support Files/Pods-ASDisplayDemoTests/Pods-ASDisplayDemoTests-frameworks.sh\"\n";
			showEnvVarsInLog = 0;
		};
		4B4373B9600DEFE247220428 /* [CP] Check Pods Manifest.lock */ = {
			isa = PBXShellScriptBuildPhase;
			buildActionMask = 2147483647;
			files = (
			);
			inputPaths = (
				"${PODS_PODFILE_DIR_PATH}/Podfile.lock",
				"${PODS_ROOT}/Manifest.lock",
			);
			name = "[CP] Check Pods Manifest.lock";
			outputPaths = (
				"$(DERIVED_FILE_DIR)/Pods-ASDisplayDemoUITests-checkManifestLockResult.txt",
			);
			runOnlyForDeploymentPostprocessing = 0;
			shellPath = /bin/sh;
			shellScript = "diff \"${PODS_PODFILE_DIR_PATH}/Podfile.lock\" \"${PODS_ROOT}/Manifest.lock\" > /dev/null\nif [ $? != 0 ] ; then\n    # print error to STDERR\n    echo \"error: The sandbox is not in sync with the Podfile.lock. Run 'pod install' or update your CocoaPods installation.\" >&2\n    exit 1\nfi\n# This output is used by Xcode 'outputs' to avoid re-running this script phase.\necho \"SUCCESS\" > \"${SCRIPT_OUTPUT_FILE_0}\"\n";
			showEnvVarsInLog = 0;
		};
		7CFA1ABD1566926BFD0C068E /* [CP] Check Pods Manifest.lock */ = {
			isa = PBXShellScriptBuildPhase;
			buildActionMask = 2147483647;
			files = (
			);
			inputPaths = (
				"${PODS_PODFILE_DIR_PATH}/Podfile.lock",
				"${PODS_ROOT}/Manifest.lock",
			);
			name = "[CP] Check Pods Manifest.lock";
			outputPaths = (
				"$(DERIVED_FILE_DIR)/Pods-ASDisplayDemo-checkManifestLockResult.txt",
			);
			runOnlyForDeploymentPostprocessing = 0;
			shellPath = /bin/sh;
			shellScript = "diff \"${PODS_PODFILE_DIR_PATH}/Podfile.lock\" \"${PODS_ROOT}/Manifest.lock\" > /dev/null\nif [ $? != 0 ] ; then\n    # print error to STDERR\n    echo \"error: The sandbox is not in sync with the Podfile.lock. Run 'pod install' or update your CocoaPods installation.\" >&2\n    exit 1\nfi\n# This output is used by Xcode 'outputs' to avoid re-running this script phase.\necho \"SUCCESS\" > \"${SCRIPT_OUTPUT_FILE_0}\"\n";
			showEnvVarsInLog = 0;
		};
		9822E801C982D1B3266D22AF /* [CP] Copy Pods Resources */ = {
			isa = PBXShellScriptBuildPhase;
			buildActionMask = 2147483647;
			files = (
			);
			inputPaths = (
			);
			name = "[CP] Copy Pods Resources";
			outputPaths = (
			);
			runOnlyForDeploymentPostprocessing = 0;
			shellPath = /bin/sh;
			shellScript = "\"${SRCROOT}/Pods/Target Support Files/Pods-ASDisplayDemo/Pods-ASDisplayDemo-resources.sh\"\n";
			showEnvVarsInLog = 0;
		};
		A94354B42A53F6347316DBD1 /* [CP] Copy Pods Resources */ = {
			isa = PBXShellScriptBuildPhase;
			buildActionMask = 2147483647;
			files = (
			);
			inputPaths = (
			);
			name = "[CP] Copy Pods Resources";
			outputPaths = (
			);
			runOnlyForDeploymentPostprocessing = 0;
			shellPath = /bin/sh;
			shellScript = "\"${SRCROOT}/Pods/Target Support Files/Pods-ASDisplayDemoUITests/Pods-ASDisplayDemoUITests-resources.sh\"\n";
			showEnvVarsInLog = 0;
		};
		C5E3F70F410A6E8E8E0BE8FC /* [CP] Copy Pods Resources */ = {
			isa = PBXShellScriptBuildPhase;
			buildActionMask = 2147483647;
			files = (
			);
			inputPaths = (
			);
			name = "[CP] Copy Pods Resources";
			outputPaths = (
			);
			runOnlyForDeploymentPostprocessing = 0;
			shellPath = /bin/sh;
			shellScript = "\"${SRCROOT}/Pods/Target Support Files/Pods-ASDisplayDemoTests/Pods-ASDisplayDemoTests-resources.sh\"\n";
			showEnvVarsInLog = 0;
		};
		C949828CC9EE00285F730D7E /* [CP] Embed Pods Frameworks */ = {
			isa = PBXShellScriptBuildPhase;
			buildActionMask = 2147483647;
			files = (
			);
			inputPaths = (
			);
			name = "[CP] Embed Pods Frameworks";
			outputPaths = (
			);
			runOnlyForDeploymentPostprocessing = 0;
			shellPath = /bin/sh;
			shellScript = "\"${SRCROOT}/Pods/Target Support Files/Pods-ASDisplayDemo/Pods-ASDisplayDemo-frameworks.sh\"\n";
			showEnvVarsInLog = 0;
		};
		EA41959176B373C6AA25EE80 /* [CP] Check Pods Manifest.lock */ = {
			isa = PBXShellScriptBuildPhase;
			buildActionMask = 2147483647;
			files = (
			);
			inputPaths = (
				"${PODS_PODFILE_DIR_PATH}/Podfile.lock",
				"${PODS_ROOT}/Manifest.lock",
			);
			name = "[CP] Check Pods Manifest.lock";
			outputPaths = (
				"$(DERIVED_FILE_DIR)/Pods-ASDisplayDemoTests-checkManifestLockResult.txt",
			);
			runOnlyForDeploymentPostprocessing = 0;
			shellPath = /bin/sh;
			shellScript = "diff \"${PODS_PODFILE_DIR_PATH}/Podfile.lock\" \"${PODS_ROOT}/Manifest.lock\" > /dev/null\nif [ $? != 0 ] ; then\n    # print error to STDERR\n    echo \"error: The sandbox is not in sync with the Podfile.lock. Run 'pod install' or update your CocoaPods installation.\" >&2\n    exit 1\nfi\n# This output is used by Xcode 'outputs' to avoid re-running this script phase.\necho \"SUCCESS\" > \"${SCRIPT_OUTPUT_FILE_0}\"\n";
			showEnvVarsInLog = 0;
		};
/* End PBXShellScriptBuildPhase section */

/* Begin PBXSourcesBuildPhase section */
		18A03586200C3C06008A8A15 /* Sources */ = {
			isa = PBXSourcesBuildPhase;
			buildActionMask = 2147483647;
			files = (
				18A035C1200C9D58008A8A15 /* TableCellNode.m in Sources */,
				18A03592200C3C06008A8A15 /* ViewController.m in Sources */,
				183004A0200F580D003D5ED0 /* CollectionViewViewController.m in Sources */,
				18A0359D200C3C06008A8A15 /* main.m in Sources */,
				18A0358F200C3C06008A8A15 /* AppDelegate.m in Sources */,
				183004A3200F5853003D5ED0 /* IndexViewController.m in Sources */,
				183004A6200F5BEC003D5ED0 /* CollectiontionCellNode.m in Sources */,
			);
			runOnlyForDeploymentPostprocessing = 0;
		};
		18A0359E200C3C06008A8A15 /* Sources */ = {
			isa = PBXSourcesBuildPhase;
			buildActionMask = 2147483647;
			files = (
				18A035A7200C3C06008A8A15 /* ASDisplayDemoTests.m in Sources */,
			);
			runOnlyForDeploymentPostprocessing = 0;
		};
		18A035A9200C3C06008A8A15 /* Sources */ = {
			isa = PBXSourcesBuildPhase;
			buildActionMask = 2147483647;
			files = (
				18A035B2200C3C06008A8A15 /* ASDisplayDemoUITests.m in Sources */,
			);
			runOnlyForDeploymentPostprocessing = 0;
		};
/* End PBXSourcesBuildPhase section */

/* Begin PBXTargetDependency section */
		18A035A4200C3C06008A8A15 /* PBXTargetDependency */ = {
			isa = PBXTargetDependency;
			target = 18A03589200C3C06008A8A15 /* ASDisplayDemo */;
			targetProxy = 18A035A3200C3C06008A8A15 /* PBXContainerItemProxy */;
		};
		18A035AF200C3C06008A8A15 /* PBXTargetDependency */ = {
			isa = PBXTargetDependency;
			target = 18A03589200C3C06008A8A15 /* ASDisplayDemo */;
			targetProxy = 18A035AE200C3C06008A8A15 /* PBXContainerItemProxy */;
		};
/* End PBXTargetDependency section */

/* Begin PBXVariantGroup section */
		18A03593200C3C06008A8A15 /* Main.storyboard */ = {
			isa = PBXVariantGroup;
			children = (
				18A03594200C3C06008A8A15 /* Base */,
			);
			name = Main.storyboard;
			sourceTree = "<group>";
		};
		18A03598200C3C06008A8A15 /* LaunchScreen.storyboard */ = {
			isa = PBXVariantGroup;
			children = (
				18A03599200C3C06008A8A15 /* Base */,
			);
			name = LaunchScreen.storyboard;
			sourceTree = "<group>";
		};
/* End PBXVariantGroup section */

/* Begin XCBuildConfiguration section */
		18A035B4200C3C06008A8A15 /* Debug */ = {
			isa = XCBuildConfiguration;
			buildSettings = {
				ALWAYS_SEARCH_USER_PATHS = NO;
				CLANG_ANALYZER_NONNULL = YES;
				CLANG_ANALYZER_NUMBER_OBJECT_CONVERSION = YES_AGGRESSIVE;
				CLANG_CXX_LANGUAGE_STANDARD = "gnu++14";
				CLANG_CXX_LIBRARY = "libc++";
				CLANG_ENABLE_MODULES = YES;
				CLANG_ENABLE_OBJC_ARC = YES;
				CLANG_WARN_BLOCK_CAPTURE_AUTORELEASING = YES;
				CLANG_WARN_BOOL_CONVERSION = YES;
				CLANG_WARN_COMMA = YES;
				CLANG_WARN_CONSTANT_CONVERSION = YES;
				CLANG_WARN_DIRECT_OBJC_ISA_USAGE = YES_ERROR;
				CLANG_WARN_DOCUMENTATION_COMMENTS = YES;
				CLANG_WARN_EMPTY_BODY = YES;
				CLANG_WARN_ENUM_CONVERSION = YES;
				CLANG_WARN_INFINITE_RECURSION = YES;
				CLANG_WARN_INT_CONVERSION = YES;
				CLANG_WARN_NON_LITERAL_NULL_CONVERSION = YES;
				CLANG_WARN_OBJC_LITERAL_CONVERSION = YES;
				CLANG_WARN_OBJC_ROOT_CLASS = YES_ERROR;
				CLANG_WARN_RANGE_LOOP_ANALYSIS = YES;
				CLANG_WARN_STRICT_PROTOTYPES = YES;
				CLANG_WARN_SUSPICIOUS_MOVE = YES;
				CLANG_WARN_UNGUARDED_AVAILABILITY = YES_AGGRESSIVE;
				CLANG_WARN_UNREACHABLE_CODE = YES;
				CLANG_WARN__DUPLICATE_METHOD_MATCH = YES;
				CODE_SIGN_IDENTITY = "iPhone Developer";
				COPY_PHASE_STRIP = NO;
				DEBUG_INFORMATION_FORMAT = dwarf;
				ENABLE_STRICT_OBJC_MSGSEND = YES;
				ENABLE_TESTABILITY = YES;
				GCC_C_LANGUAGE_STANDARD = gnu11;
				GCC_DYNAMIC_NO_PIC = NO;
				GCC_NO_COMMON_BLOCKS = YES;
				GCC_OPTIMIZATION_LEVEL = 0;
				GCC_PREPROCESSOR_DEFINITIONS = (
					"DEBUG=1",
					"$(inherited)",
				);
				GCC_WARN_64_TO_32_BIT_CONVERSION = YES;
				GCC_WARN_ABOUT_RETURN_TYPE = YES_ERROR;
				GCC_WARN_UNDECLARED_SELECTOR = YES;
				GCC_WARN_UNINITIALIZED_AUTOS = YES_AGGRESSIVE;
				GCC_WARN_UNUSED_FUNCTION = YES;
				GCC_WARN_UNUSED_VARIABLE = YES;
				IPHONEOS_DEPLOYMENT_TARGET = 11.2;
				MTL_ENABLE_DEBUG_INFO = YES;
				ONLY_ACTIVE_ARCH = YES;
				SDKROOT = iphoneos;
			};
			name = Debug;
		};
		18A035B5200C3C06008A8A15 /* Release */ = {
			isa = XCBuildConfiguration;
			buildSettings = {
				ALWAYS_SEARCH_USER_PATHS = NO;
				CLANG_ANALYZER_NONNULL = YES;
				CLANG_ANALYZER_NUMBER_OBJECT_CONVERSION = YES_AGGRESSIVE;
				CLANG_CXX_LANGUAGE_STANDARD = "gnu++14";
				CLANG_CXX_LIBRARY = "libc++";
				CLANG_ENABLE_MODULES = YES;
				CLANG_ENABLE_OBJC_ARC = YES;
				CLANG_WARN_BLOCK_CAPTURE_AUTORELEASING = YES;
				CLANG_WARN_BOOL_CONVERSION = YES;
				CLANG_WARN_COMMA = YES;
				CLANG_WARN_CONSTANT_CONVERSION = YES;
				CLANG_WARN_DIRECT_OBJC_ISA_USAGE = YES_ERROR;
				CLANG_WARN_DOCUMENTATION_COMMENTS = YES;
				CLANG_WARN_EMPTY_BODY = YES;
				CLANG_WARN_ENUM_CONVERSION = YES;
				CLANG_WARN_INFINITE_RECURSION = YES;
				CLANG_WARN_INT_CONVERSION = YES;
				CLANG_WARN_NON_LITERAL_NULL_CONVERSION = YES;
				CLANG_WARN_OBJC_LITERAL_CONVERSION = YES;
				CLANG_WARN_OBJC_ROOT_CLASS = YES_ERROR;
				CLANG_WARN_RANGE_LOOP_ANALYSIS = YES;
				CLANG_WARN_STRICT_PROTOTYPES = YES;
				CLANG_WARN_SUSPICIOUS_MOVE = YES;
				CLANG_WARN_UNGUARDED_AVAILABILITY = YES_AGGRESSIVE;
				CLANG_WARN_UNREACHABLE_CODE = YES;
				CLANG_WARN__DUPLICATE_METHOD_MATCH = YES;
				CODE_SIGN_IDENTITY = "iPhone Developer";
				COPY_PHASE_STRIP = NO;
				DEBUG_INFORMATION_FORMAT = "dwarf-with-dsym";
				ENABLE_NS_ASSERTIONS = NO;
				ENABLE_STRICT_OBJC_MSGSEND = YES;
				GCC_C_LANGUAGE_STANDARD = gnu11;
				GCC_NO_COMMON_BLOCKS = YES;
				GCC_WARN_64_TO_32_BIT_CONVERSION = YES;
				GCC_WARN_ABOUT_RETURN_TYPE = YES_ERROR;
				GCC_WARN_UNDECLARED_SELECTOR = YES;
				GCC_WARN_UNINITIALIZED_AUTOS = YES_AGGRESSIVE;
				GCC_WARN_UNUSED_FUNCTION = YES;
				GCC_WARN_UNUSED_VARIABLE = YES;
				IPHONEOS_DEPLOYMENT_TARGET = 11.2;
				MTL_ENABLE_DEBUG_INFO = NO;
				SDKROOT = iphoneos;
				VALIDATE_PRODUCT = YES;
			};
			name = Release;
		};
		18A035B7200C3C06008A8A15 /* Debug */ = {
			isa = XCBuildConfiguration;
			baseConfigurationReference = 27638163F26C09A2D6E62DB8 /* Pods-ASDisplayDemo.debug.xcconfig */;
			buildSettings = {
				ASSETCATALOG_COMPILER_APPICON_NAME = AppIcon;
				"CODE_SIGN_IDENTITY[sdk=iphoneos*]" = "iPhone Developer";
				CODE_SIGN_STYLE = Automatic;
				DEVELOPMENT_TEAM = V7JMQ7E4P3;
				INFOPLIST_FILE = ASDisplayDemo/Info.plist;
				IPHONEOS_DEPLOYMENT_TARGET = 10.0;
				LD_RUNPATH_SEARCH_PATHS = "$(inherited) @executable_path/Frameworks";
				PRODUCT_BUNDLE_IDENTIFIER = HongShang.ML;
				PRODUCT_NAME = "$(TARGET_NAME)";
				PROVISIONING_PROFILE_SPECIFIER = "";
				TARGETED_DEVICE_FAMILY = "1,2";
			};
			name = Debug;
		};
		18A035B8200C3C06008A8A15 /* Release */ = {
			isa = XCBuildConfiguration;
			baseConfigurationReference = 1AA72CA7198F14B35808BF9C /* Pods-ASDisplayDemo.release.xcconfig */;
			buildSettings = {
				ASSETCATALOG_COMPILER_APPICON_NAME = AppIcon;
				"CODE_SIGN_IDENTITY[sdk=iphoneos*]" = "iPhone Developer";
				CODE_SIGN_STYLE = Automatic;
				DEVELOPMENT_TEAM = V7JMQ7E4P3;
				INFOPLIST_FILE = ASDisplayDemo/Info.plist;
				IPHONEOS_DEPLOYMENT_TARGET = 10.0;
				LD_RUNPATH_SEARCH_PATHS = "$(inherited) @executable_path/Frameworks";
				PRODUCT_BUNDLE_IDENTIFIER = HongShang.ML;
				PRODUCT_NAME = "$(TARGET_NAME)";
				PROVISIONING_PROFILE_SPECIFIER = "";
				TARGETED_DEVICE_FAMILY = "1,2";
			};
			name = Release;
		};
		18A035BA200C3C06008A8A15 /* Debug */ = {
			isa = XCBuildConfiguration;
			baseConfigurationReference = 4EACCD02114748A89F77DB27 /* Pods-ASDisplayDemoTests.debug.xcconfig */;
			buildSettings = {
				BUNDLE_LOADER = "$(TEST_HOST)";
				CODE_SIGN_STYLE = Automatic;
				INFOPLIST_FILE = ASDisplayDemoTests/Info.plist;
				LD_RUNPATH_SEARCH_PATHS = "$(inherited) @executable_path/Frameworks @loader_path/Frameworks";
				PRODUCT_BUNDLE_IDENTIFIER = cy.ASDisplayDemoTests;
				PRODUCT_NAME = "$(TARGET_NAME)";
				TARGETED_DEVICE_FAMILY = "1,2";
				TEST_HOST = "$(BUILT_PRODUCTS_DIR)/ASDisplayDemo.app/ASDisplayDemo";
			};
			name = Debug;
		};
		18A035BB200C3C06008A8A15 /* Release */ = {
			isa = XCBuildConfiguration;
			baseConfigurationReference = 05810D882B6A354650BAF556 /* Pods-ASDisplayDemoTests.release.xcconfig */;
			buildSettings = {
				BUNDLE_LOADER = "$(TEST_HOST)";
				CODE_SIGN_STYLE = Automatic;
				INFOPLIST_FILE = ASDisplayDemoTests/Info.plist;
				LD_RUNPATH_SEARCH_PATHS = "$(inherited) @executable_path/Frameworks @loader_path/Frameworks";
				PRODUCT_BUNDLE_IDENTIFIER = cy.ASDisplayDemoTests;
				PRODUCT_NAME = "$(TARGET_NAME)";
				TARGETED_DEVICE_FAMILY = "1,2";
				TEST_HOST = "$(BUILT_PRODUCTS_DIR)/ASDisplayDemo.app/ASDisplayDemo";
			};
			name = Release;
		};
		18A035BD200C3C06008A8A15 /* Debug */ = {
			isa = XCBuildConfiguration;
			baseConfigurationReference = 006C11F9929D7DB2C55ABF47 /* Pods-ASDisplayDemoUITests.debug.xcconfig */;
			buildSettings = {
				CODE_SIGN_STYLE = Automatic;
				INFOPLIST_FILE = ASDisplayDemoUITests/Info.plist;
				LD_RUNPATH_SEARCH_PATHS = "$(inherited) @executable_path/Frameworks @loader_path/Frameworks";
				PRODUCT_BUNDLE_IDENTIFIER = cy.ASDisplayDemoUITests;
				PRODUCT_NAME = "$(TARGET_NAME)";
				TARGETED_DEVICE_FAMILY = "1,2";
				TEST_TARGET_NAME = ASDisplayDemo;
			};
			name = Debug;
		};
		18A035BE200C3C06008A8A15 /* Release */ = {
			isa = XCBuildConfiguration;
			baseConfigurationReference = 05274F768D3DBD9D2E7E82AD /* Pods-ASDisplayDemoUITests.release.xcconfig */;
			buildSettings = {
				CODE_SIGN_STYLE = Automatic;
				INFOPLIST_FILE = ASDisplayDemoUITests/Info.plist;
				LD_RUNPATH_SEARCH_PATHS = "$(inherited) @executable_path/Frameworks @loader_path/Frameworks";
				PRODUCT_BUNDLE_IDENTIFIER = cy.ASDisplayDemoUITests;
				PRODUCT_NAME = "$(TARGET_NAME)";
				TARGETED_DEVICE_FAMILY = "1,2";
				TEST_TARGET_NAME = ASDisplayDemo;
			};
			name = Release;
		};
/* End XCBuildConfiguration section */

/* Begin XCConfigurationList section */
		18A03585200C3C06008A8A15 /* Build configuration list for PBXProject "ASDisplayDemo" */ = {
			isa = XCConfigurationList;
			buildConfigurations = (
				18A035B4200C3C06008A8A15 /* Debug */,
				18A035B5200C3C06008A8A15 /* Release */,
			);
			defaultConfigurationIsVisible = 0;
			defaultConfigurationName = Release;
		};
		18A035B6200C3C06008A8A15 /* Build configuration list for PBXNativeTarget "ASDisplayDemo" */ = {
			isa = XCConfigurationList;
			buildConfigurations = (
				18A035B7200C3C06008A8A15 /* Debug */,
				18A035B8200C3C06008A8A15 /* Release */,
			);
			defaultConfigurationIsVisible = 0;
			defaultConfigurationName = Release;
		};
		18A035B9200C3C06008A8A15 /* Build configuration list for PBXNativeTarget "ASDisplayDemoTests" */ = {
			isa = XCConfigurationList;
			buildConfigurations = (
				18A035BA200C3C06008A8A15 /* Debug */,
				18A035BB200C3C06008A8A15 /* Release */,
			);
			defaultConfigurationIsVisible = 0;
			defaultConfigurationName = Release;
		};
		18A035BC200C3C06008A8A15 /* Build configuration list for PBXNativeTarget "ASDisplayDemoUITests" */ = {
			isa = XCConfigurationList;
			buildConfigurations = (
				18A035BD200C3C06008A8A15 /* Debug */,
				18A035BE200C3C06008A8A15 /* Release */,
			);
			defaultConfigurationIsVisible = 0;
			defaultConfigurationName = Release;
		};
/* End XCConfigurationList section */
	};
	rootObject = 18A03582200C3C06008A8A15 /* Project object */;
}
