// !$*UTF8*$!
{
	archiveVersion = 1;
	classes = {
	};
	objectVersion = 48;
	objects = {

/* Begin PBXBuildFile section */
		1841A6411FBD1D7600EAEBE8 /* AppDelegate.m in Sources */ = {isa = PBXBuildFile; fileRef = 1841A6401FBD1D7600EAEBE8 /* AppDelegate.m */; };
		1841A6441FBD1D7600EAEBE8 /* ViewController.m in Sources */ = {isa = PBXBuildFile; fileRef = 1841A6431FBD1D7600EAEBE8 /* ViewController.m */; };
		1841A6471FBD1D7600EAEBE8 /* Main.storyboard in Resources */ = {isa = PBXBuildFile; fileRef = 1841A6451FBD1D7600EAEBE8 /* Main.storyboard */; };
		1841A6491FBD1D7600EAEBE8 /* Assets.xcassets in Resources */ = {isa = PBXBuildFile; fileRef = 1841A6481FBD1D7600EAEBE8 /* Assets.xcassets */; };
		1841A64C1FBD1D7600EAEBE8 /* LaunchScreen.storyboard in Resources */ = {isa = PBXBuildFile; fileRef = 1841A64A1FBD1D7600EAEBE8 /* LaunchScreen.storyboard */; };
		1841A64F1FBD1D7600EAEBE8 /* main.m in Sources */ = {isa = PBXBuildFile; fileRef = 1841A64E1FBD1D7600EAEBE8 /* main.m */; };
		1841A6591FBD1D7600EAEBE8 /* CYNavigationControllerTests.m in Sources */ = {isa = PBXBuildFile; fileRef = 1841A6581FBD1D7600EAEBE8 /* CYNavigationControllerTests.m */; };
		1841A6641FBD1D7600EAEBE8 /* CYNavigationControllerUITests.m in Sources */ = {isa = PBXBuildFile; fileRef = 1841A6631FBD1D7600EAEBE8 /* CYNavigationControllerUITests.m */; };
		1841A6741FBD1DDA00EAEBE8 /* CYNavigationBar.m in Sources */ = {isa = PBXBuildFile; fileRef = 1841A6731FBD1DDA00EAEBE8 /* CYNavigationBar.m */; };
		1841A6771FBD1E0A00EAEBE8 /* CYNavigationViewController.m in Sources */ = {isa = PBXBuildFile; fileRef = 1841A6761FBD1E0A00EAEBE8 /* CYNavigationViewController.m */; };
		1841A67A1FBD1E3800EAEBE8 /* UIViewController+navigationBar.m in Sources */ = {isa = PBXBuildFile; fileRef = 1841A6791FBD1E3800EAEBE8 /* UIViewController+navigationBar.m */; };
/* End PBXBuildFile section */

/* Begin PBXContainerItemProxy section */
		1841A6551FBD1D7600EAEBE8 /* PBXContainerItemProxy */ = {
			isa = PBXContainerItemProxy;
			containerPortal = 1841A6341FBD1D7600EAEBE8 /* Project object */;
			proxyType = 1;
			remoteGlobalIDString = 1841A63B1FBD1D7600EAEBE8;
			remoteInfo = CYNavigationController;
		};
		1841A6601FBD1D7600EAEBE8 /* PBXContainerItemProxy */ = {
			isa = PBXContainerItemProxy;
			containerPortal = 1841A6341FBD1D7600EAEBE8 /* Project object */;
			proxyType = 1;
			remoteGlobalIDString = 1841A63B1FBD1D7600EAEBE8;
			remoteInfo = CYNavigationController;
		};
/* End PBXContainerItemProxy section */

/* Begin PBXFileReference section */
		1841A63C1FBD1D7600EAEBE8 /* CYNavigationController.app */ = {isa = PBXFileReference; explicitFileType = wrapper.application; includeInIndex = 0; path = CYNavigationController.app; sourceTree = BUILT_PRODUCTS_DIR; };
		1841A63F1FBD1D7600EAEBE8 /* AppDelegate.h */ = {isa = PBXFileReference; lastKnownFileType = sourcecode.c.h; path = AppDelegate.h; sourceTree = "<group>"; };
		1841A6401FBD1D7600EAEBE8 /* AppDelegate.m */ = {isa = PBXFileReference; lastKnownFileType = sourcecode.c.objc; path = AppDelegate.m; sourceTree = "<group>"; };
		1841A6421FBD1D7600EAEBE8 /* ViewController.h */ = {isa = PBXFileReference; lastKnownFileType = sourcecode.c.h; path = ViewController.h; sourceTree = "<group>"; };
		1841A6431FBD1D7600EAEBE8 /* ViewController.m */ = {isa = PBXFileReference; lastKnownFileType = sourcecode.c.objc; path = ViewController.m; sourceTree = "<group>"; };
		1841A6461FBD1D7600EAEBE8 /* Base */ = {isa = PBXFileReference; lastKnownFileType = file.storyboard; name = Base; path = Base.lproj/Main.storyboard; sourceTree = "<group>"; };
		1841A6481FBD1D7600EAEBE8 /* Assets.xcassets */ = {isa = PBXFileReference; lastKnownFileType = folder.assetcatalog; path = Assets.xcassets; sourceTree = "<group>"; };
		1841A64B1FBD1D7600EAEBE8 /* Base */ = {isa = PBXFileReference; lastKnownFileType = file.storyboard; name = Base; path = Base.lproj/LaunchScreen.storyboard; sourceTree = "<group>"; };
		1841A64D1FBD1D7600EAEBE8 /* Info.plist */ = {isa = PBXFileReference; lastKnownFileType = text.plist.xml; path = Info.plist; sourceTree = "<group>"; };
		1841A64E1FBD1D7600EAEBE8 /* main.m */ = {isa = PBXFileReference; lastKnownFileType = sourcecode.c.objc; path = main.m; sourceTree = "<group>"; };
		1841A6541FBD1D7600EAEBE8 /* CYNavigationControllerTests.xctest */ = {isa = PBXFileReference; explicitFileType = wrapper.cfbundle; includeInIndex = 0; path = CYNavigationControllerTests.xctest; sourceTree = BUILT_PRODUCTS_DIR; };
		1841A6581FBD1D7600EAEBE8 /* CYNavigationControllerTests.m */ = {isa = PBXFileReference; lastKnownFileType = sourcecode.c.objc; path = CYNavigationControllerTests.m; sourceTree = "<group>"; };
		1841A65A1FBD1D7600EAEBE8 /* Info.plist */ = {isa = PBXFileReference; lastKnownFileType = text.plist.xml; path = Info.plist; sourceTree = "<group>"; };
		1841A65F1FBD1D7600EAEBE8 /* CYNavigationControllerUITests.xctest */ = {isa = PBXFileReference; explicitFileType = wrapper.cfbundle; includeInIndex = 0; path = CYNavigationControllerUITests.xctest; sourceTree = BUILT_PRODUCTS_DIR; };
		1841A6631FBD1D7600EAEBE8 /* CYNavigationControllerUITests.m */ = {isa = PBXFileReference; lastKnownFileType = sourcecode.c.objc; path = CYNavigationControllerUITests.m; sourceTree = "<group>"; };
		1841A6651FBD1D7600EAEBE8 /* Info.plist */ = {isa = PBXFileReference; lastKnownFileType = text.plist.xml; path = Info.plist; sourceTree = "<group>"; };
		1841A6721FBD1DDA00EAEBE8 /* CYNavigationBar.h */ = {isa = PBXFileReference; lastKnownFileType = sourcecode.c.h; path = CYNavigationBar.h; sourceTree = "<group>"; };
		1841A6731FBD1DDA00EAEBE8 /* CYNavigationBar.m */ = {isa = PBXFileReference; lastKnownFileType = sourcecode.c.objc; path = CYNavigationBar.m; sourceTree = "<group>"; };
		1841A6751FBD1E0A00EAEBE8 /* CYNavigationViewController.h */ = {isa = PBXFileReference; lastKnownFileType = sourcecode.c.h; path = CYNavigationViewController.h; sourceTree = "<group>"; };
		1841A6761FBD1E0A00EAEBE8 /* CYNavigationViewController.m */ = {isa = PBXFileReference; lastKnownFileType = sourcecode.c.objc; path = CYNavigationViewController.m; sourceTree = "<group>"; };
		1841A6781FBD1E3800EAEBE8 /* UIViewController+navigationBar.h */ = {isa = PBXFileReference; lastKnownFileType = sourcecode.c.h; path = "UIViewController+navigationBar.h"; sourceTree = "<group>"; };
		1841A6791FBD1E3800EAEBE8 /* UIViewController+navigationBar.m */ = {isa = PBXFileReference; lastKnownFileType = sourcecode.c.objc; path = "UIViewController+navigationBar.m"; sourceTree = "<group>"; };
/* End PBXFileReference section */

/* Begin PBXFrameworksBuildPhase section */
		1841A6391FBD1D7600EAEBE8 /* Frameworks */ = {
			isa = PBXFrameworksBuildPhase;
			buildActionMask = 2147483647;
			files = (
			);
			runOnlyForDeploymentPostprocessing = 0;
		};
		1841A6511FBD1D7600EAEBE8 /* Frameworks */ = {
			isa = PBXFrameworksBuildPhase;
			buildActionMask = 2147483647;
			files = (
			);
			runOnlyForDeploymentPostprocessing = 0;
		};
		1841A65C1FBD1D7600EAEBE8 /* Frameworks */ = {
			isa = PBXFrameworksBuildPhase;
			buildActionMask = 2147483647;
			files = (
			);
			runOnlyForDeploymentPostprocessing = 0;
		};
/* End PBXFrameworksBuildPhase section */

/* Begin PBXGroup section */
		1841A6331FBD1D7600EAEBE8 = {
			isa = PBXGroup;
			children = (
				1841A63E1FBD1D7600EAEBE8 /* CYNavigationController */,
				1841A6571FBD1D7600EAEBE8 /* CYNavigationControllerTests */,
				1841A6621FBD1D7600EAEBE8 /* CYNavigationControllerUITests */,
				1841A63D1FBD1D7600EAEBE8 /* Products */,
			);
			sourceTree = "<group>";
		};
		1841A63D1FBD1D7600EAEBE8 /* Products */ = {
			isa = PBXGroup;
			children = (
				1841A63C1FBD1D7600EAEBE8 /* CYNavigationController.app */,
				1841A6541FBD1D7600EAEBE8 /* CYNavigationControllerTests.xctest */,
				1841A65F1FBD1D7600EAEBE8 /* CYNavigationControllerUITests.xctest */,
			);
			name = Products;
			sourceTree = "<group>";
		};
		1841A63E1FBD1D7600EAEBE8 /* CYNavigationController */ = {
			isa = PBXGroup;
			children = (
				1841A6711FBD1DBA00EAEBE8 /* CYNavigationController */,
				1841A63F1FBD1D7600EAEBE8 /* AppDelegate.h */,
				1841A6401FBD1D7600EAEBE8 /* AppDelegate.m */,
				1841A6421FBD1D7600EAEBE8 /* ViewController.h */,
				1841A6431FBD1D7600EAEBE8 /* ViewController.m */,
				1841A6451FBD1D7600EAEBE8 /* Main.storyboard */,
				1841A6481FBD1D7600EAEBE8 /* Assets.xcassets */,
				1841A64A1FBD1D7600EAEBE8 /* LaunchScreen.storyboard */,
				1841A64D1FBD1D7600EAEBE8 /* Info.plist */,
				1841A64E1FBD1D7600EAEBE8 /* main.m */,
			);
			path = CYNavigationController;
			sourceTree = "<group>";
		};
		1841A6571FBD1D7600EAEBE8 /* CYNavigationControllerTests */ = {
			isa = PBXGroup;
			children = (
				1841A6581FBD1D7600EAEBE8 /* CYNavigationControllerTests.m */,
				1841A65A1FBD1D7600EAEBE8 /* Info.plist */,
			);
			path = CYNavigationControllerTests;
			sourceTree = "<group>";
		};
		1841A6621FBD1D7600EAEBE8 /* CYNavigationControllerUITests */ = {
			isa = PBXGroup;
			children = (
				1841A6631FBD1D7600EAEBE8 /* CYNavigationControllerUITests.m */,
				1841A6651FBD1D7600EAEBE8 /* Info.plist */,
			);
			path = CYNavigationControllerUITests;
			sourceTree = "<group>";
		};
		1841A6711FBD1DBA00EAEBE8 /* CYNavigationController */ = {
			isa = PBXGroup;
			children = (
				1841A6721FBD1DDA00EAEBE8 /* CYNavigationBar.h */,
				1841A6731FBD1DDA00EAEBE8 /* CYNavigationBar.m */,
				1841A6751FBD1E0A00EAEBE8 /* CYNavigationViewController.h */,
				1841A6761FBD1E0A00EAEBE8 /* CYNavigationViewController.m */,
				1841A6781FBD1E3800EAEBE8 /* UIViewController+navigationBar.h */,
				1841A6791FBD1E3800EAEBE8 /* UIViewController+navigationBar.m */,
			);
			path = CYNavigationController;
			sourceTree = "<group>";
		};
/* End PBXGroup section */

/* Begin PBXNativeTarget section */
		1841A63B1FBD1D7600EAEBE8 /* CYNavigationController */ = {
			isa = PBXNativeTarget;
			buildConfigurationList = 1841A6681FBD1D7600EAEBE8 /* Build configuration list for PBXNativeTarget "CYNavigationController" */;
			buildPhases = (
				1841A6381FBD1D7600EAEBE8 /* Sources */,
				1841A6391FBD1D7600EAEBE8 /* Frameworks */,
				1841A63A1FBD1D7600EAEBE8 /* Resources */,
			);
			buildRules = (
			);
			dependencies = (
			);
			name = CYNavigationController;
			productName = CYNavigationController;
			productReference = 1841A63C1FBD1D7600EAEBE8 /* CYNavigationController.app */;
			productType = "com.apple.product-type.application";
		};
		1841A6531FBD1D7600EAEBE8 /* CYNavigationControllerTests */ = {
			isa = PBXNativeTarget;
			buildConfigurationList = 1841A66B1FBD1D7600EAEBE8 /* Build configuration list for PBXNativeTarget "CYNavigationControllerTests" */;
			buildPhases = (
				1841A6501FBD1D7600EAEBE8 /* Sources */,
				1841A6511FBD1D7600EAEBE8 /* Frameworks */,
				1841A6521FBD1D7600EAEBE8 /* Resources */,
			);
			buildRules = (
			);
			dependencies = (
				1841A6561FBD1D7600EAEBE8 /* PBXTargetDependency */,
			);
			name = CYNavigationControllerTests;
			productName = CYNavigationControllerTests;
			productReference = 1841A6541FBD1D7600EAEBE8 /* CYNavigationControllerTests.xctest */;
			productType = "com.apple.product-type.bundle.unit-test";
		};
		1841A65E1FBD1D7600EAEBE8 /* CYNavigationControllerUITests */ = {
			isa = PBXNativeTarget;
			buildConfigurationList = 1841A66E1FBD1D7600EAEBE8 /* Build configuration list for PBXNativeTarget "CYNavigationControllerUITests" */;
			buildPhases = (
				1841A65B1FBD1D7600EAEBE8 /* Sources */,
				1841A65C1FBD1D7600EAEBE8 /* Frameworks */,
				1841A65D1FBD1D7600EAEBE8 /* Resources */,
			);
			buildRules = (
			);
			dependencies = (
				1841A6611FBD1D7600EAEBE8 /* PBXTargetDependency */,
			);
			name = CYNavigationControllerUITests;
			productName = CYNavigationControllerUITests;
			productReference = 1841A65F1FBD1D7600EAEBE8 /* CYNavigationControllerUITests.xctest */;
			productType = "com.apple.product-type.bundle.ui-testing";
		};
/* End PBXNativeTarget section */

/* Begin PBXProject section */
		1841A6341FBD1D7600EAEBE8 /* Project object */ = {
			isa = PBXProject;
			attributes = {
				LastUpgradeCheck = 0910;
				ORGANIZATIONNAME = cy;
				TargetAttributes = {
					1841A63B1FBD1D7600EAEBE8 = {
						CreatedOnToolsVersion = 9.1;
						ProvisioningStyle = Manual;
					};
					1841A6531FBD1D7600EAEBE8 = {
						CreatedOnToolsVersion = 9.1;
						ProvisioningStyle = Automatic;
						TestTargetID = 1841A63B1FBD1D7600EAEBE8;
					};
					1841A65E1FBD1D7600EAEBE8 = {
						CreatedOnToolsVersion = 9.1;
						ProvisioningStyle = Automatic;
						TestTargetID = 1841A63B1FBD1D7600EAEBE8;
					};
				};
			};
			buildConfigurationList = 1841A6371FBD1D7600EAEBE8 /* Build configuration list for PBXProject "CYNavigationController" */;
			compatibilityVersion = "Xcode 8.0";
			developmentRegion = en;
			hasScannedForEncodings = 0;
			knownRegions = (
				en,
				Base,
			);
			mainGroup = 1841A6331FBD1D7600EAEBE8;
			productRefGroup = 1841A63D1FBD1D7600EAEBE8 /* Products */;
			projectDirPath = "";
			projectRoot = "";
			targets = (
				1841A63B1FBD1D7600EAEBE8 /* CYNavigationController */,
				1841A6531FBD1D7600EAEBE8 /* CYNavigationControllerTests */,
				1841A65E1FBD1D7600EAEBE8 /* CYNavigationControllerUITests */,
			);
		};
/* End PBXProject section */

/* Begin PBXResourcesBuildPhase section */
		1841A63A1FBD1D7600EAEBE8 /* Resources */ = {
			isa = PBXResourcesBuildPhase;
			buildActionMask = 2147483647;
			files = (
				1841A64C1FBD1D7600EAEBE8 /* LaunchScreen.storyboard in Resources */,
				1841A6491FBD1D7600EAEBE8 /* Assets.xcassets in Resources */,
				1841A6471FBD1D7600EAEBE8 /* Main.storyboard in Resources */,
			);
			runOnlyForDeploymentPostprocessing = 0;
		};
		1841A6521FBD1D7600EAEBE8 /* Resources */ = {
			isa = PBXResourcesBuildPhase;
			buildActionMask = 2147483647;
			files = (
			);
			runOnlyForDeploymentPostprocessing = 0;
		};
		1841A65D1FBD1D7600EAEBE8 /* Resources */ = {
			isa = PBXResourcesBuildPhase;
			buildActionMask = 2147483647;
			files = (
			);
			runOnlyForDeploymentPostprocessing = 0;
		};
/* End PBXResourcesBuildPhase section */

/* Begin PBXSourcesBuildPhase section */
		1841A6381FBD1D7600EAEBE8 /* Sources */ = {
			isa = PBXSourcesBuildPhase;
			buildActionMask = 2147483647;
			files = (
				1841A6441FBD1D7600EAEBE8 /* ViewController.m in Sources */,
				1841A6741FBD1DDA00EAEBE8 /* CYNavigationBar.m in Sources */,
				1841A67A1FBD1E3800EAEBE8 /* UIViewController+navigationBar.m in Sources */,
				1841A64F1FBD1D7600EAEBE8 /* main.m in Sources */,
				1841A6411FBD1D7600EAEBE8 /* AppDelegate.m in Sources */,
				1841A6771FBD1E0A00EAEBE8 /* CYNavigationViewController.m in Sources */,
			);
			runOnlyForDeploymentPostprocessing = 0;
		};
		1841A6501FBD1D7600EAEBE8 /* Sources */ = {
			isa = PBXSourcesBuildPhase;
			buildActionMask = 2147483647;
			files = (
				1841A6591FBD1D7600EAEBE8 /* CYNavigationControllerTests.m in Sources */,
			);
			runOnlyForDeploymentPostprocessing = 0;
		};
		1841A65B1FBD1D7600EAEBE8 /* Sources */ = {
			isa = PBXSourcesBuildPhase;
			buildActionMask = 2147483647;
			files = (
				1841A6641FBD1D7600EAEBE8 /* CYNavigationControllerUITests.m in Sources */,
			);
			runOnlyForDeploymentPostprocessing = 0;
		};
/* End PBXSourcesBuildPhase section */

/* Begin PBXTargetDependency section */
		1841A6561FBD1D7600EAEBE8 /* PBXTargetDependency */ = {
			isa = PBXTargetDependency;
			target = 1841A63B1FBD1D7600EAEBE8 /* CYNavigationController */;
			targetProxy = 1841A6551FBD1D7600EAEBE8 /* PBXContainerItemProxy */;
		};
		1841A6611FBD1D7600EAEBE8 /* PBXTargetDependency */ = {
			isa = PBXTargetDependency;
			target = 1841A63B1FBD1D7600EAEBE8 /* CYNavigationController */;
			targetProxy = 1841A6601FBD1D7600EAEBE8 /* PBXContainerItemProxy */;
		};
/* End PBXTargetDependency section */

/* Begin PBXVariantGroup section */
		1841A6451FBD1D7600EAEBE8 /* Main.storyboard */ = {
			isa = PBXVariantGroup;
			children = (
				1841A6461FBD1D7600EAEBE8 /* Base */,
			);
			name = Main.storyboard;
			sourceTree = "<group>";
		};
		1841A64A1FBD1D7600EAEBE8 /* LaunchScreen.storyboard */ = {
			isa = PBXVariantGroup;
			children = (
				1841A64B1FBD1D7600EAEBE8 /* Base */,
			);
			name = LaunchScreen.storyboard;
			sourceTree = "<group>";
		};
/* End PBXVariantGroup section */

/* Begin XCBuildConfiguration section */
		1841A6661FBD1D7600EAEBE8 /* Debug */ = {
			isa = XCBuildConfiguration;
			buildSettings = {
				ALWAYS_SEARCH_USER_PATHS = NO;
				CLANG_ANALYZER_NONNULL = YES;
				CLANG_ANALYZER_NUMBER_OBJECT_CONVERSION = YES_AGGRESSIVE;
				CLANG_CXX_LANGUAGE_STANDARD = "gnu++14";
				CLANG_CXX_LIBRARY = "libc++";
				CLANG_ENABLE_MODULES = YES;
				CLANG_ENABLE_OBJC_ARC = YES;
				CLANG_WARN_BLOCK_CAPTURE_AUTORELEASING = YES;
				CLANG_WARN_BOOL_CONVERSION = YES;
				CLANG_WARN_COMMA = YES;
				CLANG_WARN_CONSTANT_CONVERSION = YES;
				CLANG_WARN_DIRECT_OBJC_ISA_USAGE = YES_ERROR;
				CLANG_WARN_DOCUMENTATION_COMMENTS = YES;
				CLANG_WARN_EMPTY_BODY = YES;
				CLANG_WARN_ENUM_CONVERSION = YES;
				CLANG_WARN_INFINITE_RECURSION = YES;
				CLANG_WARN_INT_CONVERSION = YES;
				CLANG_WARN_NON_LITERAL_NULL_CONVERSION = YES;
				CLANG_WARN_OBJC_LITERAL_CONVERSION = YES;
				CLANG_WARN_OBJC_ROOT_CLASS = YES_ERROR;
				CLANG_WARN_RANGE_LOOP_ANALYSIS = YES;
				CLANG_WARN_STRICT_PROTOTYPES = YES;
				CLANG_WARN_SUSPICIOUS_MOVE = YES;
				CLANG_WARN_UNGUARDED_AVAILABILITY = YES_AGGRESSIVE;
				CLANG_WARN_UNREACHABLE_CODE = YES;
				CLANG_WARN__DUPLICATE_METHOD_MATCH = YES;
				CODE_SIGN_IDENTITY = "iPhone Developer";
				COPY_PHASE_STRIP = NO;
				DEBUG_INFORMATION_FORMAT = dwarf;
				ENABLE_STRICT_OBJC_MSGSEND = YES;
				ENABLE_TESTABILITY = YES;
				GCC_C_LANGUAGE_STANDARD = gnu11;
				GCC_DYNAMIC_NO_PIC = NO;
				GCC_NO_COMMON_BLOCKS = YES;
				GCC_OPTIMIZATION_LEVEL = 0;
				GCC_PREPROCESSOR_DEFINITIONS = (
					"DEBUG=1",
					"$(inherited)",
				);
				GCC_WARN_64_TO_32_BIT_CONVERSION = YES;
				GCC_WARN_ABOUT_RETURN_TYPE = YES_ERROR;
				GCC_WARN_UNDECLARED_SELECTOR = YES;
				GCC_WARN_UNINITIALIZED_AUTOS = YES_AGGRESSIVE;
				GCC_WARN_UNUSED_FUNCTION = YES;
				GCC_WARN_UNUSED_VARIABLE = YES;
				IPHONEOS_DEPLOYMENT_TARGET = 11.1;
				MTL_ENABLE_DEBUG_INFO = YES;
				ONLY_ACTIVE_ARCH = YES;
				SDKROOT = iphoneos;
			};
			name = Debug;
		};
		1841A6671FBD1D7600EAEBE8 /* Release */ = {
			isa = XCBuildConfiguration;
			buildSettings = {
				ALWAYS_SEARCH_USER_PATHS = NO;
				CLANG_ANALYZER_NONNULL = YES;
				CLANG_ANALYZER_NUMBER_OBJECT_CONVERSION = YES_AGGRESSIVE;
				CLANG_CXX_LANGUAGE_STANDARD = "gnu++14";
				CLANG_CXX_LIBRARY = "libc++";
				CLANG_ENABLE_MODULES = YES;
				CLANG_ENABLE_OBJC_ARC = YES;
				CLANG_WARN_BLOCK_CAPTURE_AUTORELEASING = YES;
				CLANG_WARN_BOOL_CONVERSION = YES;
				CLANG_WARN_COMMA = YES;
				CLANG_WARN_CONSTANT_CONVERSION = YES;
				CLANG_WARN_DIRECT_OBJC_ISA_USAGE = YES_ERROR;
				CLANG_WARN_DOCUMENTATION_COMMENTS = YES;
				CLANG_WARN_EMPTY_BODY = YES;
				CLANG_WARN_ENUM_CONVERSION = YES;
				CLANG_WARN_INFINITE_RECURSION = YES;
				CLANG_WARN_INT_CONVERSION = YES;
				CLANG_WARN_NON_LITERAL_NULL_CONVERSION = YES;
				CLANG_WARN_OBJC_LITERAL_CONVERSION = YES;
				CLANG_WARN_OBJC_ROOT_CLASS = YES_ERROR;
				CLANG_WARN_RANGE_LOOP_ANALYSIS = YES;
				CLANG_WARN_STRICT_PROTOTYPES = YES;
				CLANG_WARN_SUSPICIOUS_MOVE = YES;
				CLANG_WARN_UNGUARDED_AVAILABILITY = YES_AGGRESSIVE;
				CLANG_WARN_UNREACHABLE_CODE = YES;
				CLANG_WARN__DUPLICATE_METHOD_MATCH = YES;
				CODE_SIGN_IDENTITY = "iPhone Developer";
				COPY_PHASE_STRIP = NO;
				DEBUG_INFORMATION_FORMAT = "dwarf-with-dsym";
				ENABLE_NS_ASSERTIONS = NO;
				ENABLE_STRICT_OBJC_MSGSEND = YES;
				GCC_C_LANGUAGE_STANDARD = gnu11;
				GCC_NO_COMMON_BLOCKS = YES;
				GCC_WARN_64_TO_32_BIT_CONVERSION = YES;
				GCC_WARN_ABOUT_RETURN_TYPE = YES_ERROR;
				GCC_WARN_UNDECLARED_SELECTOR = YES;
				GCC_WARN_UNINITIALIZED_AUTOS = YES_AGGRESSIVE;
				GCC_WARN_UNUSED_FUNCTION = YES;
				GCC_WARN_UNUSED_VARIABLE = YES;
				IPHONEOS_DEPLOYMENT_TARGET = 11.1;
				MTL_ENABLE_DEBUG_INFO = NO;
				SDKROOT = iphoneos;
				VALIDATE_PRODUCT = YES;
			};
			name = Release;
		};
		1841A6691FBD1D7600EAEBE8 /* Debug */ = {
			isa = XCBuildConfiguration;
			buildSettings = {
				ASSETCATALOG_COMPILER_APPICON_NAME = AppIcon;
				CODE_SIGN_STYLE = Manual;
				DEVELOPMENT_TEAM = "";
				INFOPLIST_FILE = CYNavigationController/Info.plist;
				LD_RUNPATH_SEARCH_PATHS = "$(inherited) @executable_path/Frameworks";
				PRODUCT_BUNDLE_IDENTIFIER = cy.CYNavigationController;
				PRODUCT_NAME = "$(TARGET_NAME)";
				PROVISIONING_PROFILE_SPECIFIER = "";
				TARGETED_DEVICE_FAMILY = "1,2";
			};
			name = Debug;
		};
		1841A66A1FBD1D7600EAEBE8 /* Release */ = {
			isa = XCBuildConfiguration;
			buildSettings = {
				ASSETCATALOG_COMPILER_APPICON_NAME = AppIcon;
				CODE_SIGN_STYLE = Manual;
				DEVELOPMENT_TEAM = "";
				INFOPLIST_FILE = CYNavigationController/Info.plist;
				LD_RUNPATH_SEARCH_PATHS = "$(inherited) @executable_path/Frameworks";
				PRODUCT_BUNDLE_IDENTIFIER = cy.CYNavigationController;
				PRODUCT_NAME = "$(TARGET_NAME)";
				PROVISIONING_PROFILE_SPECIFIER = "";
				TARGETED_DEVICE_FAMILY = "1,2";
			};
			name = Release;
		};
		1841A66C1FBD1D7600EAEBE8 /* Debug */ = {
			isa = XCBuildConfiguration;
			buildSettings = {
				BUNDLE_LOADER = "$(TEST_HOST)";
				CODE_SIGN_STYLE = Automatic;
				INFOPLIST_FILE = CYNavigationControllerTests/Info.plist;
				LD_RUNPATH_SEARCH_PATHS = "$(inherited) @executable_path/Frameworks @loader_path/Frameworks";
				PRODUCT_BUNDLE_IDENTIFIER = cy.CYNavigationControllerTests;
				PRODUCT_NAME = "$(TARGET_NAME)";
				TARGETED_DEVICE_FAMILY = "1,2";
				TEST_HOST = "$(BUILT_PRODUCTS_DIR)/CYNavigationController.app/CYNavigationController";
			};
			name = Debug;
		};
		1841A66D1FBD1D7600EAEBE8 /* Release */ = {
			isa = XCBuildConfiguration;
			buildSettings = {
				BUNDLE_LOADER = "$(TEST_HOST)";
				CODE_SIGN_STYLE = Automatic;
				INFOPLIST_FILE = CYNavigationControllerTests/Info.plist;
				LD_RUNPATH_SEARCH_PATHS = "$(inherited) @executable_path/Frameworks @loader_path/Frameworks";
				PRODUCT_BUNDLE_IDENTIFIER = cy.CYNavigationControllerTests;
				PRODUCT_NAME = "$(TARGET_NAME)";
				TARGETED_DEVICE_FAMILY = "1,2";
				TEST_HOST = "$(BUILT_PRODUCTS_DIR)/CYNavigationController.app/CYNavigationController";
			};
			name = Release;
		};
		1841A66F1FBD1D7600EAEBE8 /* Debug */ = {
			isa = XCBuildConfiguration;
			buildSettings = {
				CODE_SIGN_STYLE = Automatic;
				INFOPLIST_FILE = CYNavigationControllerUITests/Info.plist;
				LD_RUNPATH_SEARCH_PATHS = "$(inherited) @executable_path/Frameworks @loader_path/Frameworks";
				PRODUCT_BUNDLE_IDENTIFIER = cy.CYNavigationControllerUITests;
				PRODUCT_NAME = "$(TARGET_NAME)";
				TARGETED_DEVICE_FAMILY = "1,2";
				TEST_TARGET_NAME = CYNavigationController;
			};
			name = Debug;
		};
		1841A6701FBD1D7600EAEBE8 /* Release */ = {
			isa = XCBuildConfiguration;
			buildSettings = {
				CODE_SIGN_STYLE = Automatic;
				INFOPLIST_FILE = CYNavigationControllerUITests/Info.plist;
				LD_RUNPATH_SEARCH_PATHS = "$(inherited) @executable_path/Frameworks @loader_path/Frameworks";
				PRODUCT_BUNDLE_IDENTIFIER = cy.CYNavigationControllerUITests;
				PRODUCT_NAME = "$(TARGET_NAME)";
				TARGETED_DEVICE_FAMILY = "1,2";
				TEST_TARGET_NAME = CYNavigationController;
			};
			name = Release;
		};
/* End XCBuildConfiguration section */

/* Begin XCConfigurationList section */
		1841A6371FBD1D7600EAEBE8 /* Build configuration list for PBXProject "CYNavigationController" */ = {
			isa = XCConfigurationList;
			buildConfigurations = (
				1841A6661FBD1D7600EAEBE8 /* Debug */,
				1841A6671FBD1D7600EAEBE8 /* Release */,
			);
			defaultConfigurationIsVisible = 0;
			defaultConfigurationName = Release;
		};
		1841A6681FBD1D7600EAEBE8 /* Build configuration list for PBXNativeTarget "CYNavigationController" */ = {
			isa = XCConfigurationList;
			buildConfigurations = (
				1841A6691FBD1D7600EAEBE8 /* Debug */,
				1841A66A1FBD1D7600EAEBE8 /* Release */,
			);
			defaultConfigurationIsVisible = 0;
			defaultConfigurationName = Release;
		};
		1841A66B1FBD1D7600EAEBE8 /* Build configuration list for PBXNativeTarget "CYNavigationControllerTests" */ = {
			isa = XCConfigurationList;
			buildConfigurations = (
				1841A66C1FBD1D7600EAEBE8 /* Debug */,
				1841A66D1FBD1D7600EAEBE8 /* Release */,
			);
			defaultConfigurationIsVisible = 0;
			defaultConfigurationName = Release;
		};
		1841A66E1FBD1D7600EAEBE8 /* Build configuration list for PBXNativeTarget "CYNavigationControllerUITests" */ = {
			isa = XCConfigurationList;
			buildConfigurations = (
				1841A66F1FBD1D7600EAEBE8 /* Debug */,
				1841A6701FBD1D7600EAEBE8 /* Release */,
			);
			defaultConfigurationIsVisible = 0;
			defaultConfigurationName = Release;
		};
/* End XCConfigurationList section */
	};
	rootObject = 1841A6341FBD1D7600EAEBE8 /* Project object */;
}
