// !$*UTF8*$!
{
	archiveVersion = 1;
	classes = {
	};
	objectVersion = 48;
	objects = {

/* Begin PBXBuildFile section */
		1841A6411FBD1D7600EAEBE8 /* AppDelegate.m in Sources */ = {isa = PBXBuildFile; fileRef = 1841A6401FBD1D7600EAEBE8 /* AppDelegate.m */; };
		1841A6441FBD1D7600EAEBE8 /* ViewController.m in Sources */ = {isa = PBXBuildFile; fileRef = 1841A6431FBD1D7600EAEBE8 /* ViewController.m */; };
		1841A6471FBD1D7600EAEBE8 /* Main.storyboard in Resources */ = {isa = PBXBuildFile; fileRef = 1841A6451FBD1D7600EAEBE8 /* Main.storyboard */; };
		1841A6491FBD1D7600EAEBE8 /* Assets.xcassets in Resources */ = {isa = PBXBuildFile; fileRef = 1841A6481FBD1D7600EAEBE8 /* Assets.xcassets */; };
		1841A64C1FBD1D7600EAEBE8 /* LaunchScreen.storyboard in Resources */ = {isa = PBXBuildFile; fileRef = 1841A64A1FBD1D7600EAEBE8 /* LaunchScreen.storyboard */; };
		1841A64F1FBD1D7600EAEBE8 /* main.m in Sources */ = {isa = PBXBuildFile; fileRef = 1841A64E1FBD1D7600EAEBE8 /* main.m */; };
		1841A6591FBD1D7600EAEBE8 /* CYNavigationControllerTests.m in Sources */ = {isa = PBXBuildFile; fileRef = 1841A6581FBD1D7600EAEBE8 /* CYNavigationControllerTests.m */; };
		1841A6641FBD1D7600EAEBE8 /* CYNavigationControllerUITests.m in Sources */ = {isa = PBXBuildFile; fileRef = 1841A6631FBD1D7600EAEBE8 /* CYNavigationControllerUITests.m */; };
		341479DB8F1C7039CA71B39B /* libPods-CYNavigationControllerTests.a in Frameworks */ = {isa = PBXBuildFile; fileRef = 322C43E5703AC320238C88AF /* libPods-CYNavigationControllerTests.a */; };
		4162CC8064EDB952463951B5 /* libPods-CYNavigationControllerUITests.a in Frameworks */ = {isa = PBXBuildFile; fileRef = 1912C2D04C78A0E11234D567 /* libPods-CYNavigationControllerUITests.a */; };
		6E0FE2F51FBDB57600687D7F /* back.png in Resources */ = {isa = PBXBuildFile; fileRef = 6E0FE2F41FBDB57600687D7F /* back.png */; };
		6E0FE2F81FBDCBD800687D7F /* ViewController1.m in Sources */ = {isa = PBXBuildFile; fileRef = 6E0FE2F71FBDCBD800687D7F /* ViewController1.m */; };
		7408B0653B8A75C3055103E2 /* libPods-CYNavigationController.a in Frameworks */ = {isa = PBXBuildFile; fileRef = F9305C2AD9CBB148CE52EB11 /* libPods-CYNavigationController.a */; };
/* End PBXBuildFile section */

/* Begin PBXContainerItemProxy section */
		1841A6551FBD1D7600EAEBE8 /* PBXContainerItemProxy */ = {
			isa = PBXContainerItemProxy;
			containerPortal = 1841A6341FBD1D7600EAEBE8 /* Project object */;
			proxyType = 1;
			remoteGlobalIDString = 1841A63B1FBD1D7600EAEBE8;
			remoteInfo = CYNavigationController;
		};
		1841A6601FBD1D7600EAEBE8 /* PBXContainerItemProxy */ = {
			isa = PBXContainerItemProxy;
			containerPortal = 1841A6341FBD1D7600EAEBE8 /* Project object */;
			proxyType = 1;
			remoteGlobalIDString = 1841A63B1FBD1D7600EAEBE8;
			remoteInfo = CYNavigationController;
		};
/* End PBXContainerItemProxy section */

/* Begin PBXFileReference section */
		1841A63C1FBD1D7600EAEBE8 /* CYNavigationController.app */ = {isa = PBXFileReference; explicitFileType = wrapper.application; includeInIndex = 0; path = CYNavigationController.app; sourceTree = BUILT_PRODUCTS_DIR; };
		1841A63F1FBD1D7600EAEBE8 /* AppDelegate.h */ = {isa = PBXFileReference; lastKnownFileType = sourcecode.c.h; path = AppDelegate.h; sourceTree = "<group>"; };
		1841A6401FBD1D7600EAEBE8 /* AppDelegate.m */ = {isa = PBXFileReference; lastKnownFileType = sourcecode.c.objc; path = AppDelegate.m; sourceTree = "<group>"; };
		1841A6421FBD1D7600EAEBE8 /* ViewController.h */ = {isa = PBXFileReference; lastKnownFileType = sourcecode.c.h; path = ViewController.h; sourceTree = "<group>"; };
		1841A6431FBD1D7600EAEBE8 /* ViewController.m */ = {isa = PBXFileReference; lastKnownFileType = sourcecode.c.objc; path = ViewController.m; sourceTree = "<group>"; };
		1841A6461FBD1D7600EAEBE8 /* Base */ = {isa = PBXFileReference; lastKnownFileType = file.storyboard; name = Base; path = Base.lproj/Main.storyboard; sourceTree = "<group>"; };
		1841A6481FBD1D7600EAEBE8 /* Assets.xcassets */ = {isa = PBXFileReference; lastKnownFileType = folder.assetcatalog; path = Assets.xcassets; sourceTree = "<group>"; };
		1841A64B1FBD1D7600EAEBE8 /* Base */ = {isa = PBXFileReference; lastKnownFileType = file.storyboard; name = Base; path = Base.lproj/LaunchScreen.storyboard; sourceTree = "<group>"; };
		1841A64D1FBD1D7600EAEBE8 /* Info.plist */ = {isa = PBXFileReference; lastKnownFileType = text.plist.xml; path = Info.plist; sourceTree = "<group>"; };
		1841A64E1FBD1D7600EAEBE8 /* main.m */ = {isa = PBXFileReference; lastKnownFileType = sourcecode.c.objc; path = main.m; sourceTree = "<group>"; };
		1841A6541FBD1D7600EAEBE8 /* CYNavigationControllerTests.xctest */ = {isa = PBXFileReference; explicitFileType = wrapper.cfbundle; includeInIndex = 0; path = CYNavigationControllerTests.xctest; sourceTree = BUILT_PRODUCTS_DIR; };
		1841A6581FBD1D7600EAEBE8 /* CYNavigationControllerTests.m */ = {isa = PBXFileReference; lastKnownFileType = sourcecode.c.objc; path = CYNavigationControllerTests.m; sourceTree = "<group>"; };
		1841A65A1FBD1D7600EAEBE8 /* Info.plist */ = {isa = PBXFileReference; lastKnownFileType = text.plist.xml; path = Info.plist; sourceTree = "<group>"; };
		1841A65F1FBD1D7600EAEBE8 /* CYNavigationControllerUITests.xctest */ = {isa = PBXFileReference; explicitFileType = wrapper.cfbundle; includeInIndex = 0; path = CYNavigationControllerUITests.xctest; sourceTree = BUILT_PRODUCTS_DIR; };
		1841A6631FBD1D7600EAEBE8 /* CYNavigationControllerUITests.m */ = {isa = PBXFileReference; lastKnownFileType = sourcecode.c.objc; path = CYNavigationControllerUITests.m; sourceTree = "<group>"; };
		1841A6651FBD1D7600EAEBE8 /* Info.plist */ = {isa = PBXFileReference; lastKnownFileType = text.plist.xml; path = Info.plist; sourceTree = "<group>"; };
		1912C2D04C78A0E11234D567 /* libPods-CYNavigationControllerUITests.a */ = {isa = PBXFileReference; explicitFileType = archive.ar; includeInIndex = 0; path = "libPods-CYNavigationControllerUITests.a"; sourceTree = BUILT_PRODUCTS_DIR; };
		21ED3B0D7EB5D30E38BC3297 /* Pods-CYNavigationController.release.xcconfig */ = {isa = PBXFileReference; includeInIndex = 1; lastKnownFileType = text.xcconfig; name = "Pods-CYNavigationController.release.xcconfig"; path = "Pods/Target Support Files/Pods-CYNavigationController/Pods-CYNavigationController.release.xcconfig"; sourceTree = "<group>"; };
		2D866357DED2FF0781FAC1B4 /* Pods-CYNavigationControllerTests.debug.xcconfig */ = {isa = PBXFileReference; includeInIndex = 1; lastKnownFileType = text.xcconfig; name = "Pods-CYNavigationControllerTests.debug.xcconfig"; path = "Pods/Target Support Files/Pods-CYNavigationControllerTests/Pods-CYNavigationControllerTests.debug.xcconfig"; sourceTree = "<group>"; };
		322C43E5703AC320238C88AF /* libPods-CYNavigationControllerTests.a */ = {isa = PBXFileReference; explicitFileType = archive.ar; includeInIndex = 0; path = "libPods-CYNavigationControllerTests.a"; sourceTree = BUILT_PRODUCTS_DIR; };
		4B6F24BD1634FB5A070DF4CE /* Pods-CYNavigationControllerUITests.debug.xcconfig */ = {isa = PBXFileReference; includeInIndex = 1; lastKnownFileType = text.xcconfig; name = "Pods-CYNavigationControllerUITests.debug.xcconfig"; path = "Pods/Target Support Files/Pods-CYNavigationControllerUITests/Pods-CYNavigationControllerUITests.debug.xcconfig"; sourceTree = "<group>"; };
		6E0FE2F41FBDB57600687D7F /* back.png */ = {isa = PBXFileReference; lastKnownFileType = image.png; path = back.png; sourceTree = "<group>"; };
		6E0FE2F61FBDCBD800687D7F /* ViewController1.h */ = {isa = PBXFileReference; lastKnownFileType = sourcecode.c.h; path = ViewController1.h; sourceTree = "<group>"; };
		6E0FE2F71FBDCBD800687D7F /* ViewController1.m */ = {isa = PBXFileReference; lastKnownFileType = sourcecode.c.objc; path = ViewController1.m; sourceTree = "<group>"; };
		A667ABCCDC8B78758FBE5F2B /* Pods-CYNavigationControllerTests.release.xcconfig */ = {isa = PBXFileReference; includeInIndex = 1; lastKnownFileType = text.xcconfig; name = "Pods-CYNavigationControllerTests.release.xcconfig"; path = "Pods/Target Support Files/Pods-CYNavigationControllerTests/Pods-CYNavigationControllerTests.release.xcconfig"; sourceTree = "<group>"; };
		E759A71847E31A3404444014 /* Pods-CYNavigationController.debug.xcconfig */ = {isa = PBXFileReference; includeInIndex = 1; lastKnownFileType = text.xcconfig; name = "Pods-CYNavigationController.debug.xcconfig"; path = "Pods/Target Support Files/Pods-CYNavigationController/Pods-CYNavigationController.debug.xcconfig"; sourceTree = "<group>"; };
		F9305C2AD9CBB148CE52EB11 /* libPods-CYNavigationController.a */ = {isa = PBXFileReference; explicitFileType = archive.ar; includeInIndex = 0; path = "libPods-CYNavigationController.a"; sourceTree = BUILT_PRODUCTS_DIR; };
		F994F87DD9DC64C7B0E421BD /* Pods-CYNavigationControllerUITests.release.xcconfig */ = {isa = PBXFileReference; includeInIndex = 1; lastKnownFileType = text.xcconfig; name = "Pods-CYNavigationControllerUITests.release.xcconfig"; path = "Pods/Target Support Files/Pods-CYNavigationControllerUITests/Pods-CYNavigationControllerUITests.release.xcconfig"; sourceTree = "<group>"; };
/* End PBXFileReference section */

/* Begin PBXFrameworksBuildPhase section */
		1841A6391FBD1D7600EAEBE8 /* Frameworks */ = {
			isa = PBXFrameworksBuildPhase;
			buildActionMask = 2147483647;
			files = (
				7408B0653B8A75C3055103E2 /* libPods-CYNavigationController.a in Frameworks */,
			);
			runOnlyForDeploymentPostprocessing = 0;
		};
		1841A6511FBD1D7600EAEBE8 /* Frameworks */ = {
			isa = PBXFrameworksBuildPhase;
			buildActionMask = 2147483647;
			files = (
				341479DB8F1C7039CA71B39B /* libPods-CYNavigationControllerTests.a in Frameworks */,
			);
			runOnlyForDeploymentPostprocessing = 0;
		};
		1841A65C1FBD1D7600EAEBE8 /* Frameworks */ = {
			isa = PBXFrameworksBuildPhase;
			buildActionMask = 2147483647;
			files = (
				4162CC8064EDB952463951B5 /* libPods-CYNavigationControllerUITests.a in Frameworks */,
			);
			runOnlyForDeploymentPostprocessing = 0;
		};
/* End PBXFrameworksBuildPhase section */

/* Begin PBXGroup section */
		1841A6331FBD1D7600EAEBE8 = {
			isa = PBXGroup;
			children = (
				1841A63E1FBD1D7600EAEBE8 /* CYNavigationController */,
				1841A6571FBD1D7600EAEBE8 /* CYNavigationControllerTests */,
				1841A6621FBD1D7600EAEBE8 /* CYNavigationControllerUITests */,
				1841A63D1FBD1D7600EAEBE8 /* Products */,
				9EFD93DC1FDB605A44365AF4 /* Pods */,
				1AB89E712020A17995306FAA /* Frameworks */,
			);
			sourceTree = "<group>";
		};
		1841A63D1FBD1D7600EAEBE8 /* Products */ = {
			isa = PBXGroup;
			children = (
				1841A63C1FBD1D7600EAEBE8 /* CYNavigationController.app */,
				1841A6541FBD1D7600EAEBE8 /* CYNavigationControllerTests.xctest */,
				1841A65F1FBD1D7600EAEBE8 /* CYNavigationControllerUITests.xctest */,
			);
			name = Products;
			sourceTree = "<group>";
		};
		1841A63E1FBD1D7600EAEBE8 /* CYNavigationController */ = {
			isa = PBXGroup;
			children = (
				1841A6711FBD1DBA00EAEBE8 /* CYNavigationController */,
				1841A63F1FBD1D7600EAEBE8 /* AppDelegate.h */,
				1841A6401FBD1D7600EAEBE8 /* AppDelegate.m */,
				1841A6421FBD1D7600EAEBE8 /* ViewController.h */,
				1841A6431FBD1D7600EAEBE8 /* ViewController.m */,
				6E0FE2F61FBDCBD800687D7F /* ViewController1.h */,
				6E0FE2F71FBDCBD800687D7F /* ViewController1.m */,
				1841A6451FBD1D7600EAEBE8 /* Main.storyboard */,
				1841A6481FBD1D7600EAEBE8 /* Assets.xcassets */,
				1841A64A1FBD1D7600EAEBE8 /* LaunchScreen.storyboard */,
				1841A64D1FBD1D7600EAEBE8 /* Info.plist */,
				1841A64E1FBD1D7600EAEBE8 /* main.m */,
			);
			path = CYNavigationController;
			sourceTree = "<group>";
		};
		1841A6571FBD1D7600EAEBE8 /* CYNavigationControllerTests */ = {
			isa = PBXGroup;
			children = (
				1841A6581FBD1D7600EAEBE8 /* CYNavigationControllerTests.m */,
				1841A65A1FBD1D7600EAEBE8 /* Info.plist */,
			);
			path = CYNavigationControllerTests;
			sourceTree = "<group>";
		};
		1841A6621FBD1D7600EAEBE8 /* CYNavigationControllerUITests */ = {
			isa = PBXGroup;
			children = (
				1841A6631FBD1D7600EAEBE8 /* CYNavigationControllerUITests.m */,
				1841A6651FBD1D7600EAEBE8 /* Info.plist */,
			);
			path = CYNavigationControllerUITests;
			sourceTree = "<group>";
		};
		1841A6711FBD1DBA00EAEBE8 /* CYNavigationController */ = {
			isa = PBXGroup;
			children = (
				6E0FE2F41FBDB57600687D7F /* back.png */,
			);
			path = CYNavigationController;
			sourceTree = "<group>";
		};
		1AB89E712020A17995306FAA /* Frameworks */ = {
			isa = PBXGroup;
			children = (
				F9305C2AD9CBB148CE52EB11 /* libPods-CYNavigationController.a */,
				322C43E5703AC320238C88AF /* libPods-CYNavigationControllerTests.a */,
				1912C2D04C78A0E11234D567 /* libPods-CYNavigationControllerUITests.a */,
			);
			name = Frameworks;
			sourceTree = "<group>";
		};
		9EFD93DC1FDB605A44365AF4 /* Pods */ = {
			isa = PBXGroup;
			children = (
				E759A71847E31A3404444014 /* Pods-CYNavigationController.debug.xcconfig */,
				21ED3B0D7EB5D30E38BC3297 /* Pods-CYNavigationController.release.xcconfig */,
				2D866357DED2FF0781FAC1B4 /* Pods-CYNavigationControllerTests.debug.xcconfig */,
				A667ABCCDC8B78758FBE5F2B /* Pods-CYNavigationControllerTests.release.xcconfig */,
				4B6F24BD1634FB5A070DF4CE /* Pods-CYNavigationControllerUITests.debug.xcconfig */,
				F994F87DD9DC64C7B0E421BD /* Pods-CYNavigationControllerUITests.release.xcconfig */,
			);
			name = Pods;
			sourceTree = "<group>";
		};
/* End PBXGroup section */

/* Begin PBXNativeTarget section */
		1841A63B1FBD1D7600EAEBE8 /* CYNavigationController */ = {
			isa = PBXNativeTarget;
			buildConfigurationList = 1841A6681FBD1D7600EAEBE8 /* Build configuration list for PBXNativeTarget "CYNavigationController" */;
			buildPhases = (
				98F0B9A4BB0C045A10E355AA /* [CP] Check Pods Manifest.lock */,
				1841A6381FBD1D7600EAEBE8 /* Sources */,
				1841A6391FBD1D7600EAEBE8 /* Frameworks */,
				1841A63A1FBD1D7600EAEBE8 /* Resources */,
				2C8BFAFE5F5CB6C083CE2F0C /* [CP] Embed Pods Frameworks */,
				7DF26B0C08CDC4C37D4D001E /* [CP] Copy Pods Resources */,
			);
			buildRules = (
			);
			dependencies = (
			);
			name = CYNavigationController;
			productName = CYNavigationController;
			productReference = 1841A63C1FBD1D7600EAEBE8 /* CYNavigationController.app */;
			productType = "com.apple.product-type.application";
		};
		1841A6531FBD1D7600EAEBE8 /* CYNavigationControllerTests */ = {
			isa = PBXNativeTarget;
			buildConfigurationList = 1841A66B1FBD1D7600EAEBE8 /* Build configuration list for PBXNativeTarget "CYNavigationControllerTests" */;
			buildPhases = (
				9608CF4ED4363892C99D4854 /* [CP] Check Pods Manifest.lock */,
				1841A6501FBD1D7600EAEBE8 /* Sources */,
				1841A6511FBD1D7600EAEBE8 /* Frameworks */,
				1841A6521FBD1D7600EAEBE8 /* Resources */,
				3B4F425C893FD39D3FDEDD9F /* [CP] Embed Pods Frameworks */,
				FA82FEE575FABB87B95383B6 /* [CP] Copy Pods Resources */,
			);
			buildRules = (
			);
			dependencies = (
				1841A6561FBD1D7600EAEBE8 /* PBXTargetDependency */,
			);
			name = CYNavigationControllerTests;
			productName = CYNavigationControllerTests;
			productReference = 1841A6541FBD1D7600EAEBE8 /* CYNavigationControllerTests.xctest */;
			productType = "com.apple.product-type.bundle.unit-test";
		};
		1841A65E1FBD1D7600EAEBE8 /* CYNavigationControllerUITests */ = {
			isa = PBXNativeTarget;
			buildConfigurationList = 1841A66E1FBD1D7600EAEBE8 /* Build configuration list for PBXNativeTarget "CYNavigationControllerUITests" */;
			buildPhases = (
				274C1CF4796C76BF3DA275CE /* [CP] Check Pods Manifest.lock */,
				1841A65B1FBD1D7600EAEBE8 /* Sources */,
				1841A65C1FBD1D7600EAEBE8 /* Frameworks */,
				1841A65D1FBD1D7600EAEBE8 /* Resources */,
				BF758E0E8E848B1E188334C2 /* [CP] Embed Pods Frameworks */,
				9F307FEA0DA013A2B9071100 /* [CP] Copy Pods Resources */,
			);
			buildRules = (
			);
			dependencies = (
				1841A6611FBD1D7600EAEBE8 /* PBXTargetDependency */,
			);
			name = CYNavigationControllerUITests;
			productName = CYNavigationControllerUITests;
			productReference = 1841A65F1FBD1D7600EAEBE8 /* CYNavigationControllerUITests.xctest */;
			productType = "com.apple.product-type.bundle.ui-testing";
		};
/* End PBXNativeTarget section */

/* Begin PBXProject section */
		1841A6341FBD1D7600EAEBE8 /* Project object */ = {
			isa = PBXProject;
			attributes = {
				LastUpgradeCheck = 0910;
				ORGANIZATIONNAME = cy;
				TargetAttributes = {
					1841A63B1FBD1D7600EAEBE8 = {
						CreatedOnToolsVersion = 9.1;
						ProvisioningStyle = Manual;
					};
					1841A6531FBD1D7600EAEBE8 = {
						CreatedOnToolsVersion = 9.1;
						ProvisioningStyle = Automatic;
						TestTargetID = 1841A63B1FBD1D7600EAEBE8;
					};
					1841A65E1FBD1D7600EAEBE8 = {
						CreatedOnToolsVersion = 9.1;
						ProvisioningStyle = Automatic;
						TestTargetID = 1841A63B1FBD1D7600EAEBE8;
					};
				};
			};
			buildConfigurationList = 1841A6371FBD1D7600EAEBE8 /* Build configuration list for PBXProject "CYNavigationController" */;
			compatibilityVersion = "Xcode 8.0";
			developmentRegion = en;
			hasScannedForEncodings = 0;
			knownRegions = (
				en,
				Base,
			);
			mainGroup = 1841A6331FBD1D7600EAEBE8;
			productRefGroup = 1841A63D1FBD1D7600EAEBE8 /* Products */;
			projectDirPath = "";
			projectRoot = "";
			targets = (
				1841A63B1FBD1D7600EAEBE8 /* CYNavigationController */,
				1841A6531FBD1D7600EAEBE8 /* CYNavigationControllerTests */,
				1841A65E1FBD1D7600EAEBE8 /* CYNavigationControllerUITests */,
			);
		};
/* End PBXProject section */

/* Begin PBXResourcesBuildPhase section */
		1841A63A1FBD1D7600EAEBE8 /* Resources */ = {
			isa = PBXResourcesBuildPhase;
			buildActionMask = 2147483647;
			files = (
				6E0FE2F51FBDB57600687D7F /* back.png in Resources */,
				1841A64C1FBD1D7600EAEBE8 /* LaunchScreen.storyboard in Resources */,
				1841A6491FBD1D7600EAEBE8 /* Assets.xcassets in Resources */,
				1841A6471FBD1D7600EAEBE8 /* Main.storyboard in Resources */,
			);
			runOnlyForDeploymentPostprocessing = 0;
		};
		1841A6521FBD1D7600EAEBE8 /* Resources */ = {
			isa = PBXResourcesBuildPhase;
			buildActionMask = 2147483647;
			files = (
			);
			runOnlyForDeploymentPostprocessing = 0;
		};
		1841A65D1FBD1D7600EAEBE8 /* Resources */ = {
			isa = PBXResourcesBuildPhase;
			buildActionMask = 2147483647;
			files = (
			);
			runOnlyForDeploymentPostprocessing = 0;
		};
/* End PBXResourcesBuildPhase section */

/* Begin PBXShellScriptBuildPhase section */
		274C1CF4796C76BF3DA275CE /* [CP] Check Pods Manifest.lock */ = {
			isa = PBXShellScriptBuildPhase;
			buildActionMask = 2147483647;
			files = (
			);
			inputPaths = (
				"${PODS_PODFILE_DIR_PATH}/Podfile.lock",
				"${PODS_ROOT}/Manifest.lock",
			);
			name = "[CP] Check Pods Manifest.lock";
			outputPaths = (
				"$(DERIVED_FILE_DIR)/Pods-CYNavigationControllerUITests-checkManifestLockResult.txt",
			);
			runOnlyForDeploymentPostprocessing = 0;
			shellPath = /bin/sh;
			shellScript = "diff \"${PODS_PODFILE_DIR_PATH}/Podfile.lock\" \"${PODS_ROOT}/Manifest.lock\" > /dev/null\nif [ $? != 0 ] ; then\n    # print error to STDERR\n    echo \"error: The sandbox is not in sync with the Podfile.lock. Run 'pod install' or update your CocoaPods installation.\" >&2\n    exit 1\nfi\n# This output is used by Xcode 'outputs' to avoid re-running this script phase.\necho \"SUCCESS\" > \"${SCRIPT_OUTPUT_FILE_0}\"\n";
			showEnvVarsInLog = 0;
		};
		2C8BFAFE5F5CB6C083CE2F0C /* [CP] Embed Pods Frameworks */ = {
			isa = PBXShellScriptBuildPhase;
			buildActionMask = 2147483647;
			files = (
			);
			inputPaths = (
			);
			name = "[CP] Embed Pods Frameworks";
			outputPaths = (
			);
			runOnlyForDeploymentPostprocessing = 0;
			shellPath = /bin/sh;
			shellScript = "\"${SRCROOT}/Pods/Target Support Files/Pods-CYNavigationController/Pods-CYNavigationController-frameworks.sh\"\n";
			showEnvVarsInLog = 0;
		};
		3B4F425C893FD39D3FDEDD9F /* [CP] Embed Pods Frameworks */ = {
			isa = PBXShellScriptBuildPhase;
			buildActionMask = 2147483647;
			files = (
			);
			inputPaths = (
			);
			name = "[CP] Embed Pods Frameworks";
			outputPaths = (
			);
			runOnlyForDeploymentPostprocessing = 0;
			shellPath = /bin/sh;
			shellScript = "\"${SRCROOT}/Pods/Target Support Files/Pods-CYNavigationControllerTests/Pods-CYNavigationControllerTests-frameworks.sh\"\n";
			showEnvVarsInLog = 0;
		};
		7DF26B0C08CDC4C37D4D001E /* [CP] Copy Pods Resources */ = {
			isa = PBXShellScriptBuildPhase;
			buildActionMask = 2147483647;
			files = (
			);
			inputPaths = (
			);
			name = "[CP] Copy Pods Resources";
			outputPaths = (
			);
			runOnlyForDeploymentPostprocessing = 0;
			shellPath = /bin/sh;
			shellScript = "\"${SRCROOT}/Pods/Target Support Files/Pods-CYNavigationController/Pods-CYNavigationController-resources.sh\"\n";
			showEnvVarsInLog = 0;
		};
		9608CF4ED4363892C99D4854 /* [CP] Check Pods Manifest.lock */ = {
			isa = PBXShellScriptBuildPhase;
			buildActionMask = 2147483647;
			files = (
			);
			inputPaths = (
				"${PODS_PODFILE_DIR_PATH}/Podfile.lock",
				"${PODS_ROOT}/Manifest.lock",
			);
			name = "[CP] Check Pods Manifest.lock";
			outputPaths = (
				"$(DERIVED_FILE_DIR)/Pods-CYNavigationControllerTests-checkManifestLockResult.txt",
			);
			runOnlyForDeploymentPostprocessing = 0;
			shellPath = /bin/sh;
			shellScript = "diff \"${PODS_PODFILE_DIR_PATH}/Podfile.lock\" \"${PODS_ROOT}/Manifest.lock\" > /dev/null\nif [ $? != 0 ] ; then\n    # print error to STDERR\n    echo \"error: The sandbox is not in sync with the Podfile.lock. Run 'pod install' or update your CocoaPods installation.\" >&2\n    exit 1\nfi\n# This output is used by Xcode 'outputs' to avoid re-running this script phase.\necho \"SUCCESS\" > \"${SCRIPT_OUTPUT_FILE_0}\"\n";
			showEnvVarsInLog = 0;
		};
		98F0B9A4BB0C045A10E355AA /* [CP] Check Pods Manifest.lock */ = {
			isa = PBXShellScriptBuildPhase;
			buildActionMask = 2147483647;
			files = (
			);
			inputPaths = (
				"${PODS_PODFILE_DIR_PATH}/Podfile.lock",
				"${PODS_ROOT}/Manifest.lock",
			);
			name = "[CP] Check Pods Manifest.lock";
			outputPaths = (
				"$(DERIVED_FILE_DIR)/Pods-CYNavigationController-checkManifestLockResult.txt",
			);
			runOnlyForDeploymentPostprocessing = 0;
			shellPath = /bin/sh;
			shellScript = "diff \"${PODS_PODFILE_DIR_PATH}/Podfile.lock\" \"${PODS_ROOT}/Manifest.lock\" > /dev/null\nif [ $? != 0 ] ; then\n    # print error to STDERR\n    echo \"error: The sandbox is not in sync with the Podfile.lock. Run 'pod install' or update your CocoaPods installation.\" >&2\n    exit 1\nfi\n# This output is used by Xcode 'outputs' to avoid re-running this script phase.\necho \"SUCCESS\" > \"${SCRIPT_OUTPUT_FILE_0}\"\n";
			showEnvVarsInLog = 0;
		};
		9F307FEA0DA013A2B9071100 /* [CP] Copy Pods Resources */ = {
			isa = PBXShellScriptBuildPhase;
			buildActionMask = 2147483647;
			files = (
			);
			inputPaths = (
			);
			name = "[CP] Copy Pods Resources";
			outputPaths = (
			);
			runOnlyForDeploymentPostprocessing = 0;
			shellPath = /bin/sh;
			shellScript = "\"${SRCROOT}/Pods/Target Support Files/Pods-CYNavigationControllerUITests/Pods-CYNavigationControllerUITests-resources.sh\"\n";
			showEnvVarsInLog = 0;
		};
		BF758E0E8E848B1E188334C2 /* [CP] Embed Pods Frameworks */ = {
			isa = PBXShellScriptBuildPhase;
			buildActionMask = 2147483647;
			files = (
			);
			inputPaths = (
			);
			name = "[CP] Embed Pods Frameworks";
			outputPaths = (
			);
			runOnlyForDeploymentPostprocessing = 0;
			shellPath = /bin/sh;
			shellScript = "\"${SRCROOT}/Pods/Target Support Files/Pods-CYNavigationControllerUITests/Pods-CYNavigationControllerUITests-frameworks.sh\"\n";
			showEnvVarsInLog = 0;
		};
		FA82FEE575FABB87B95383B6 /* [CP] Copy Pods Resources */ = {
			isa = PBXShellScriptBuildPhase;
			buildActionMask = 2147483647;
			files = (
			);
			inputPaths = (
			);
			name = "[CP] Copy Pods Resources";
			outputPaths = (
			);
			runOnlyForDeploymentPostprocessing = 0;
			shellPath = /bin/sh;
			shellScript = "\"${SRCROOT}/Pods/Target Support Files/Pods-CYNavigationControllerTests/Pods-CYNavigationControllerTests-resources.sh\"\n";
			showEnvVarsInLog = 0;
		};
/* End PBXShellScriptBuildPhase section */

/* Begin PBXSourcesBuildPhase section */
		1841A6381FBD1D7600EAEBE8 /* Sources */ = {
			isa = PBXSourcesBuildPhase;
			buildActionMask = 2147483647;
			files = (
				1841A6441FBD1D7600EAEBE8 /* ViewController.m in Sources */,
				6E0FE2F81FBDCBD800687D7F /* ViewController1.m in Sources */,
				1841A64F1FBD1D7600EAEBE8 /* main.m in Sources */,
				1841A6411FBD1D7600EAEBE8 /* AppDelegate.m in Sources */,
			);
			runOnlyForDeploymentPostprocessing = 0;
		};
		1841A6501FBD1D7600EAEBE8 /* Sources */ = {
			isa = PBXSourcesBuildPhase;
			buildActionMask = 2147483647;
			files = (
				1841A6591FBD1D7600EAEBE8 /* CYNavigationControllerTests.m in Sources */,
			);
			runOnlyForDeploymentPostprocessing = 0;
		};
		1841A65B1FBD1D7600EAEBE8 /* Sources */ = {
			isa = PBXSourcesBuildPhase;
			buildActionMask = 2147483647;
			files = (
				1841A6641FBD1D7600EAEBE8 /* CYNavigationControllerUITests.m in Sources */,
			);
			runOnlyForDeploymentPostprocessing = 0;
		};
/* End PBXSourcesBuildPhase section */

/* Begin PBXTargetDependency section */
		1841A6561FBD1D7600EAEBE8 /* PBXTargetDependency */ = {
			isa = PBXTargetDependency;
			target = 1841A63B1FBD1D7600EAEBE8 /* CYNavigationController */;
			targetProxy = 1841A6551FBD1D7600EAEBE8 /* PBXContainerItemProxy */;
		};
		1841A6611FBD1D7600EAEBE8 /* PBXTargetDependency */ = {
			isa = PBXTargetDependency;
			target = 1841A63B1FBD1D7600EAEBE8 /* CYNavigationController */;
			targetProxy = 1841A6601FBD1D7600EAEBE8 /* PBXContainerItemProxy */;
		};
/* End PBXTargetDependency section */

/* Begin PBXVariantGroup section */
		1841A6451FBD1D7600EAEBE8 /* Main.storyboard */ = {
			isa = PBXVariantGroup;
			children = (
				1841A6461FBD1D7600EAEBE8 /* Base */,
			);
			name = Main.storyboard;
			sourceTree = "<group>";
		};
		1841A64A1FBD1D7600EAEBE8 /* LaunchScreen.storyboard */ = {
			isa = PBXVariantGroup;
			children = (
				1841A64B1FBD1D7600EAEBE8 /* Base */,
			);
			name = LaunchScreen.storyboard;
			sourceTree = "<group>";
		};
/* End PBXVariantGroup section */

/* Begin XCBuildConfiguration section */
		1841A6661FBD1D7600EAEBE8 /* Debug */ = {
			isa = XCBuildConfiguration;
			buildSettings = {
				ALWAYS_SEARCH_USER_PATHS = NO;
				CLANG_ANALYZER_NONNULL = YES;
				CLANG_ANALYZER_NUMBER_OBJECT_CONVERSION = YES_AGGRESSIVE;
				CLANG_CXX_LANGUAGE_STANDARD = "gnu++14";
				CLANG_CXX_LIBRARY = "libc++";
				CLANG_ENABLE_MODULES = YES;
				CLANG_ENABLE_OBJC_ARC = YES;
				CLANG_WARN_BLOCK_CAPTURE_AUTORELEASING = YES;
				CLANG_WARN_BOOL_CONVERSION = YES;
				CLANG_WARN_COMMA = YES;
				CLANG_WARN_CONSTANT_CONVERSION = YES;
				CLANG_WARN_DIRECT_OBJC_ISA_USAGE = YES_ERROR;
				CLANG_WARN_DOCUMENTATION_COMMENTS = YES;
				CLANG_WARN_EMPTY_BODY = YES;
				CLANG_WARN_ENUM_CONVERSION = YES;
				CLANG_WARN_INFINITE_RECURSION = YES;
				CLANG_WARN_INT_CONVERSION = YES;
				CLANG_WARN_NON_LITERAL_NULL_CONVERSION = YES;
				CLANG_WARN_OBJC_LITERAL_CONVERSION = YES;
				CLANG_WARN_OBJC_ROOT_CLASS = YES_ERROR;
				CLANG_WARN_RANGE_LOOP_ANALYSIS = YES;
				CLANG_WARN_STRICT_PROTOTYPES = YES;
				CLANG_WARN_SUSPICIOUS_MOVE = YES;
				CLANG_WARN_UNGUARDED_AVAILABILITY = YES_AGGRESSIVE;
				CLANG_WARN_UNREACHABLE_CODE = YES;
				CLANG_WARN__DUPLICATE_METHOD_MATCH = YES;
				CODE_SIGN_IDENTITY = "iPhone Developer";
				COPY_PHASE_STRIP = NO;
				DEBUG_INFORMATION_FORMAT = dwarf;
				ENABLE_STRICT_OBJC_MSGSEND = YES;
				ENABLE_TESTABILITY = YES;
				GCC_C_LANGUAGE_STANDARD = gnu11;
				GCC_DYNAMIC_NO_PIC = NO;
				GCC_NO_COMMON_BLOCKS = YES;
				GCC_OPTIMIZATION_LEVEL = 0;
				GCC_PREPROCESSOR_DEFINITIONS = (
					"DEBUG=1",
					"$(inherited)",
				);
				GCC_WARN_64_TO_32_BIT_CONVERSION = YES;
				GCC_WARN_ABOUT_RETURN_TYPE = YES_ERROR;
				GCC_WARN_UNDECLARED_SELECTOR = YES;
				GCC_WARN_UNINITIALIZED_AUTOS = YES_AGGRESSIVE;
				GCC_WARN_UNUSED_FUNCTION = YES;
				GCC_WARN_UNUSED_VARIABLE = YES;
				IPHONEOS_DEPLOYMENT_TARGET = 11.1;
				MTL_ENABLE_DEBUG_INFO = YES;
				ONLY_ACTIVE_ARCH = YES;
				SDKROOT = iphoneos;
			};
			name = Debug;
		};
		1841A6671FBD1D7600EAEBE8 /* Release */ = {
			isa = XCBuildConfiguration;
			buildSettings = {
				ALWAYS_SEARCH_USER_PATHS = NO;
				CLANG_ANALYZER_NONNULL = YES;
				CLANG_ANALYZER_NUMBER_OBJECT_CONVERSION = YES_AGGRESSIVE;
				CLANG_CXX_LANGUAGE_STANDARD = "gnu++14";
				CLANG_CXX_LIBRARY = "libc++";
				CLANG_ENABLE_MODULES = YES;
				CLANG_ENABLE_OBJC_ARC = YES;
				CLANG_WARN_BLOCK_CAPTURE_AUTORELEASING = YES;
				CLANG_WARN_BOOL_CONVERSION = YES;
				CLANG_WARN_COMMA = YES;
				CLANG_WARN_CONSTANT_CONVERSION = YES;
				CLANG_WARN_DIRECT_OBJC_ISA_USAGE = YES_ERROR;
				CLANG_WARN_DOCUMENTATION_COMMENTS = YES;
				CLANG_WARN_EMPTY_BODY = YES;
				CLANG_WARN_ENUM_CONVERSION = YES;
				CLANG_WARN_INFINITE_RECURSION = YES;
				CLANG_WARN_INT_CONVERSION = YES;
				CLANG_WARN_NON_LITERAL_NULL_CONVERSION = YES;
				CLANG_WARN_OBJC_LITERAL_CONVERSION = YES;
				CLANG_WARN_OBJC_ROOT_CLASS = YES_ERROR;
				CLANG_WARN_RANGE_LOOP_ANALYSIS = YES;
				CLANG_WARN_STRICT_PROTOTYPES = YES;
				CLANG_WARN_SUSPICIOUS_MOVE = YES;
				CLANG_WARN_UNGUARDED_AVAILABILITY = YES_AGGRESSIVE;
				CLANG_WARN_UNREACHABLE_CODE = YES;
				CLANG_WARN__DUPLICATE_METHOD_MATCH = YES;
				CODE_SIGN_IDENTITY = "iPhone Developer";
				COPY_PHASE_STRIP = NO;
				DEBUG_INFORMATION_FORMAT = "dwarf-with-dsym";
				ENABLE_NS_ASSERTIONS = NO;
				ENABLE_STRICT_OBJC_MSGSEND = YES;
				GCC_C_LANGUAGE_STANDARD = gnu11;
				GCC_NO_COMMON_BLOCKS = YES;
				GCC_WARN_64_TO_32_BIT_CONVERSION = YES;
				GCC_WARN_ABOUT_RETURN_TYPE = YES_ERROR;
				GCC_WARN_UNDECLARED_SELECTOR = YES;
				GCC_WARN_UNINITIALIZED_AUTOS = YES_AGGRESSIVE;
				GCC_WARN_UNUSED_FUNCTION = YES;
				GCC_WARN_UNUSED_VARIABLE = YES;
				IPHONEOS_DEPLOYMENT_TARGET = 11.1;
				MTL_ENABLE_DEBUG_INFO = NO;
				SDKROOT = iphoneos;
				VALIDATE_PRODUCT = YES;
			};
			name = Release;
		};
		1841A6691FBD1D7600EAEBE8 /* Debug */ = {
			isa = XCBuildConfiguration;
			baseConfigurationReference = E759A71847E31A3404444014 /* Pods-CYNavigationController.debug.xcconfig */;
			buildSettings = {
				ASSETCATALOG_COMPILER_APPICON_NAME = AppIcon;
				ASSETCATALOG_COMPILER_LAUNCHIMAGE_NAME = LaunchImage;
				CODE_SIGN_STYLE = Manual;
				DEVELOPMENT_TEAM = "";
				INFOPLIST_FILE = CYNavigationController/Info.plist;
<<<<<<< HEAD
				IPHONEOS_DEPLOYMENT_TARGET = 10.0;
=======
				IPHONEOS_DEPLOYMENT_TARGET = 10.1;
>>>>>>> 99c0ed6090c38baca4af9c9a9ade2a64f0b9b307
				LD_RUNPATH_SEARCH_PATHS = "$(inherited) @executable_path/Frameworks";
				PRODUCT_BUNDLE_IDENTIFIER = cy.CYNavigationController;
				PRODUCT_NAME = "$(TARGET_NAME)";
				PROVISIONING_PROFILE_SPECIFIER = "";
				TARGETED_DEVICE_FAMILY = "1,2";
			};
			name = Debug;
		};
		1841A66A1FBD1D7600EAEBE8 /* Release */ = {
			isa = XCBuildConfiguration;
			baseConfigurationReference = 21ED3B0D7EB5D30E38BC3297 /* Pods-CYNavigationController.release.xcconfig */;
			buildSettings = {
				ASSETCATALOG_COMPILER_APPICON_NAME = AppIcon;
				ASSETCATALOG_COMPILER_LAUNCHIMAGE_NAME = LaunchImage;
				CODE_SIGN_STYLE = Manual;
				DEVELOPMENT_TEAM = "";
				INFOPLIST_FILE = CYNavigationController/Info.plist;
<<<<<<< HEAD
				IPHONEOS_DEPLOYMENT_TARGET = 10.0;
=======
				IPHONEOS_DEPLOYMENT_TARGET = 10.1;
>>>>>>> 99c0ed6090c38baca4af9c9a9ade2a64f0b9b307
				LD_RUNPATH_SEARCH_PATHS = "$(inherited) @executable_path/Frameworks";
				PRODUCT_BUNDLE_IDENTIFIER = cy.CYNavigationController;
				PRODUCT_NAME = "$(TARGET_NAME)";
				PROVISIONING_PROFILE_SPECIFIER = "";
				TARGETED_DEVICE_FAMILY = "1,2";
			};
			name = Release;
		};
		1841A66C1FBD1D7600EAEBE8 /* Debug */ = {
			isa = XCBuildConfiguration;
			baseConfigurationReference = 2D866357DED2FF0781FAC1B4 /* Pods-CYNavigationControllerTests.debug.xcconfig */;
			buildSettings = {
				BUNDLE_LOADER = "$(TEST_HOST)";
				CODE_SIGN_STYLE = Automatic;
				INFOPLIST_FILE = CYNavigationControllerTests/Info.plist;
				LD_RUNPATH_SEARCH_PATHS = "$(inherited) @executable_path/Frameworks @loader_path/Frameworks";
				PRODUCT_BUNDLE_IDENTIFIER = cy.CYNavigationControllerTests;
				PRODUCT_NAME = "$(TARGET_NAME)";
				TARGETED_DEVICE_FAMILY = "1,2";
				TEST_HOST = "$(BUILT_PRODUCTS_DIR)/CYNavigationController.app/CYNavigationController";
			};
			name = Debug;
		};
		1841A66D1FBD1D7600EAEBE8 /* Release */ = {
			isa = XCBuildConfiguration;
			baseConfigurationReference = A667ABCCDC8B78758FBE5F2B /* Pods-CYNavigationControllerTests.release.xcconfig */;
			buildSettings = {
				BUNDLE_LOADER = "$(TEST_HOST)";
				CODE_SIGN_STYLE = Automatic;
				INFOPLIST_FILE = CYNavigationControllerTests/Info.plist;
				LD_RUNPATH_SEARCH_PATHS = "$(inherited) @executable_path/Frameworks @loader_path/Frameworks";
				PRODUCT_BUNDLE_IDENTIFIER = cy.CYNavigationControllerTests;
				PRODUCT_NAME = "$(TARGET_NAME)";
				TARGETED_DEVICE_FAMILY = "1,2";
				TEST_HOST = "$(BUILT_PRODUCTS_DIR)/CYNavigationController.app/CYNavigationController";
			};
			name = Release;
		};
		1841A66F1FBD1D7600EAEBE8 /* Debug */ = {
			isa = XCBuildConfiguration;
			baseConfigurationReference = 4B6F24BD1634FB5A070DF4CE /* Pods-CYNavigationControllerUITests.debug.xcconfig */;
			buildSettings = {
				CODE_SIGN_STYLE = Automatic;
				INFOPLIST_FILE = CYNavigationControllerUITests/Info.plist;
				LD_RUNPATH_SEARCH_PATHS = "$(inherited) @executable_path/Frameworks @loader_path/Frameworks";
				PRODUCT_BUNDLE_IDENTIFIER = cy.CYNavigationControllerUITests;
				PRODUCT_NAME = "$(TARGET_NAME)";
				TARGETED_DEVICE_FAMILY = "1,2";
				TEST_TARGET_NAME = CYNavigationController;
			};
			name = Debug;
		};
		1841A6701FBD1D7600EAEBE8 /* Release */ = {
			isa = XCBuildConfiguration;
			baseConfigurationReference = F994F87DD9DC64C7B0E421BD /* Pods-CYNavigationControllerUITests.release.xcconfig */;
			buildSettings = {
				CODE_SIGN_STYLE = Automatic;
				INFOPLIST_FILE = CYNavigationControllerUITests/Info.plist;
				LD_RUNPATH_SEARCH_PATHS = "$(inherited) @executable_path/Frameworks @loader_path/Frameworks";
				PRODUCT_BUNDLE_IDENTIFIER = cy.CYNavigationControllerUITests;
				PRODUCT_NAME = "$(TARGET_NAME)";
				TARGETED_DEVICE_FAMILY = "1,2";
				TEST_TARGET_NAME = CYNavigationController;
			};
			name = Release;
		};
/* End XCBuildConfiguration section */

/* Begin XCConfigurationList section */
		1841A6371FBD1D7600EAEBE8 /* Build configuration list for PBXProject "CYNavigationController" */ = {
			isa = XCConfigurationList;
			buildConfigurations = (
				1841A6661FBD1D7600EAEBE8 /* Debug */,
				1841A6671FBD1D7600EAEBE8 /* Release */,
			);
			defaultConfigurationIsVisible = 0;
			defaultConfigurationName = Release;
		};
		1841A6681FBD1D7600EAEBE8 /* Build configuration list for PBXNativeTarget "CYNavigationController" */ = {
			isa = XCConfigurationList;
			buildConfigurations = (
				1841A6691FBD1D7600EAEBE8 /* Debug */,
				1841A66A1FBD1D7600EAEBE8 /* Release */,
			);
			defaultConfigurationIsVisible = 0;
			defaultConfigurationName = Release;
		};
		1841A66B1FBD1D7600EAEBE8 /* Build configuration list for PBXNativeTarget "CYNavigationControllerTests" */ = {
			isa = XCConfigurationList;
			buildConfigurations = (
				1841A66C1FBD1D7600EAEBE8 /* Debug */,
				1841A66D1FBD1D7600EAEBE8 /* Release */,
			);
			defaultConfigurationIsVisible = 0;
			defaultConfigurationName = Release;
		};
		1841A66E1FBD1D7600EAEBE8 /* Build configuration list for PBXNativeTarget "CYNavigationControllerUITests" */ = {
			isa = XCConfigurationList;
			buildConfigurations = (
				1841A66F1FBD1D7600EAEBE8 /* Debug */,
				1841A6701FBD1D7600EAEBE8 /* Release */,
			);
			defaultConfigurationIsVisible = 0;
			defaultConfigurationName = Release;
		};
/* End XCConfigurationList section */
	};
	rootObject = 1841A6341FBD1D7600EAEBE8 /* Project object */;
}
